// !$*UTF8*$!
{
	archiveVersion = 1;
	classes = {
	};
	objectVersion = 46;
	objects = {

/* Begin PBXAggregateTarget section */
		7BF9CC671AEBEBAF0058B25F /* Progress Bar */ = {
			isa = PBXAggregateTarget;
			buildConfigurationList = 7BF9CC681AEBEBAF0058B25F /* Build configuration list for PBXAggregateTarget "Progress Bar" */;
			buildPhases = (
				7BF9CC6D1AEBEBD40058B25F /* ShellScript */,
				7BF9CC6E1AEBEC6E0058B25F /* PYTHON progress bar */,
			);
			dependencies = (
				7BF9CC6C1AEBEBD00058B25F /* PBXTargetDependency */,
			);
			name = "Progress Bar";
			productName = "Python Progress Bar";
		};
/* End PBXAggregateTarget section */

/* Begin PBXBuildFile section */
		6187E60114664988005067DB /* relaunch.m in Sources */ = {isa = PBXBuildFile; fileRef = 6187E60014664988005067DB /* relaunch.m */; };
		6190D1D8146CAFB30083364D /* Growl.framework in Frameworks */ = {isa = PBXBuildFile; fileRef = A78A8CE8143784A8007AE363 /* Growl.framework */; };
		6190D1D9146CAFC20083364D /* Growl.framework in CopyFiles */ = {isa = PBXBuildFile; fileRef = A78A8CE8143784A8007AE363 /* Growl.framework */; settings = {ATTRIBUTES = (CodeSignOnCopy, ); }; };
		61C9A9D214665F680054DD91 /* Sparkle.framework in Frameworks */ = {isa = PBXBuildFile; fileRef = A78A8D2E1437AC29007AE363 /* Sparkle.framework */; };
		61C9A9D514665F780054DD91 /* Sparkle.framework in CopyFiles */ = {isa = PBXBuildFile; fileRef = A78A8D2E1437AC29007AE363 /* Sparkle.framework */; settings = {ATTRIBUTES = (CodeSignOnCopy, ); }; };
		61EC90AD145FACF8003ADF05 /* AppController.m in Sources */ = {isa = PBXBuildFile; fileRef = 61EC906C145FACF8003ADF05 /* AppController.m */; };
		61EC90E6145FACF8003ADF05 /* CDUpdate.m in Sources */ = {isa = PBXBuildFile; fileRef = 61EC90AA145FACF8003ADF05 /* CDUpdate.m */; };
		61FA9D2114518E97006E0674 /* dsa_pub.pem in Resources */ = {isa = PBXBuildFile; fileRef = 61FA9D2014518E97006E0674 /* dsa_pub.pem */; };
		7B2C42F61B48915300C283CE /* Growl.framework in CopyFiles */ = {isa = PBXBuildFile; fileRef = A78A8CE8143784A8007AE363 /* Growl.framework */; settings = {ATTRIBUTES = (RemoveHeadersOnCopy, ); }; };
		7BDF562C1AEBE163004812DE /* Dialogs.h in Headers */ = {isa = PBXBuildFile; fileRef = 7BDF562B1AEBE163004812DE /* Dialogs.h */; settings = {ATTRIBUTES = (Public, ); }; };
		7BDF563E1AEBE163004812DE /* Dialogs.framework in Frameworks */ = {isa = PBXBuildFile; fileRef = 7BDF56271AEBE163004812DE /* Dialogs.framework */; };
		7BDF563F1AEBE163004812DE /* Dialogs.framework in CopyFiles */ = {isa = PBXBuildFile; fileRef = 7BDF56271AEBE163004812DE /* Dialogs.framework */; settings = {ATTRIBUTES = (CodeSignOnCopy, RemoveHeadersOnCopy, ); }; };
		7BDF56461AEBE182004812DE /* CDCommon.m in Sources */ = {isa = PBXBuildFile; fileRef = 61EC906E145FACF8003ADF05 /* CDCommon.m */; };
		7BDF56471AEBE182004812DE /* CDControl.m in Sources */ = {isa = PBXBuildFile; fileRef = 61EC9071145FACF8003ADF05 /* CDControl.m */; };
		7BDF56481AEBE182004812DE /* CDFileDialogControl.m in Sources */ = {isa = PBXBuildFile; fileRef = 61EC9074145FACF8003ADF05 /* CDFileDialogControl.m */; };
		7BDF56491AEBE182004812DE /* CDFileSaveControl.m in Sources */ = {isa = PBXBuildFile; fileRef = 61EC9076145FACF8003ADF05 /* CDFileSaveControl.m */; };
		7BDF564A1AEBE182004812DE /* CDFileSelectControl.m in Sources */ = {isa = PBXBuildFile; fileRef = 61EC9078145FACF8003ADF05 /* CDFileSelectControl.m */; };
		7BDF564B1AEBE182004812DE /* CDIcon.m in Sources */ = {isa = PBXBuildFile; fileRef = 61EC907A145FACF8003ADF05 /* CDIcon.m */; };
		7BDF564C1AEBE182004812DE /* CDBubbleControl.m in Sources */ = {isa = PBXBuildFile; fileRef = 61EC907D145FACF8003ADF05 /* CDBubbleControl.m */; };
		7BDF564D1AEBE182004812DE /* CDGrowlControl.m in Sources */ = {isa = PBXBuildFile; fileRef = 61EC907F145FACF8003ADF05 /* CDGrowlControl.m */; };
		7BDF564E1AEBE182004812DE /* CDNotifyControl.m in Sources */ = {isa = PBXBuildFile; fileRef = 61EC9081145FACF8003ADF05 /* CDNotifyControl.m */; };
		7BDF564F1AEBE182004812DE /* KABubbleWindow.m in Sources */ = {isa = PBXBuildFile; fileRef = 61EC9083145FACF8003ADF05 /* KABubbleWindow.m */; };
		7BDF56501AEBE182004812DE /* KABubbleWindowController.m in Sources */ = {isa = PBXBuildFile; fileRef = 61EC9085145FACF8003ADF05 /* KABubbleWindowController.m */; settings = {COMPILER_FLAGS = "-fno-objc-arc"; }; };
		7BDF56511AEBE182004812DE /* KABubbleWindowView.m in Sources */ = {isa = PBXBuildFile; fileRef = 61EC9087145FACF8003ADF05 /* KABubbleWindowView.m */; settings = {COMPILER_FLAGS = "-fno-objc-arc"; }; };
		7BDF56521AEBE182004812DE /* CDPanel.m in Sources */ = {isa = PBXBuildFile; fileRef = 61EC9089145FACF8003ADF05 /* CDPanel.m */; };
		7BDF56531AEBE182004812DE /* CDProgressbarControl.m in Sources */ = {isa = PBXBuildFile; fileRef = 61EC908C145FACF8003ADF05 /* CDProgressbarControl.m */; };
		7BDF56541AEBE182004812DE /* CDProgressbarInputHandler.m in Sources */ = {isa = PBXBuildFile; fileRef = 61EC908E145FACF8003ADF05 /* CDProgressbarInputHandler.m */; };
		7BDF56551AEBE182004812DE /* CDCheckboxControl.m in Sources */ = {isa = PBXBuildFile; fileRef = 61EC9092145FACF8003ADF05 /* CDCheckboxControl.m */; };
		7BDF56561AEBE182004812DE /* CDInputboxControl.m in Sources */ = {isa = PBXBuildFile; fileRef = 61EC9094145FACF8003ADF05 /* CDInputboxControl.m */; };
		7BDF56571AEBE182004812DE /* CDMsgboxControl.m in Sources */ = {isa = PBXBuildFile; fileRef = 61EC9096145FACF8003ADF05 /* CDMsgboxControl.m */; };
		7BDF56581AEBE182004812DE /* CDOkMsgboxControl.m in Sources */ = {isa = PBXBuildFile; fileRef = 61EC9098145FACF8003ADF05 /* CDOkMsgboxControl.m */; };
		7BDF56591AEBE182004812DE /* CDPopUpButtonControl.m in Sources */ = {isa = PBXBuildFile; fileRef = 61EC909A145FACF8003ADF05 /* CDPopUpButtonControl.m */; };
		7BDF565A1AEBE182004812DE /* CDRadioControl.m in Sources */ = {isa = PBXBuildFile; fileRef = 61EC909C145FACF8003ADF05 /* CDRadioControl.m */; };
		7BDF565B1AEBE182004812DE /* CDSlider.m in Sources */ = {isa = PBXBuildFile; fileRef = 61EC90EB145FB0A0003ADF05 /* CDSlider.m */; };
		7BDF565C1AEBE182004812DE /* CDStandardInputboxControl.m in Sources */ = {isa = PBXBuildFile; fileRef = 61EC909E145FACF8003ADF05 /* CDStandardInputboxControl.m */; };
		7BDF565D1AEBE182004812DE /* CDStandardPopUpButtonControl.m in Sources */ = {isa = PBXBuildFile; fileRef = 61EC90A0145FACF8003ADF05 /* CDStandardPopUpButtonControl.m */; };
		7BDF565E1AEBE182004812DE /* CDTextboxControl.m in Sources */ = {isa = PBXBuildFile; fileRef = 61EC90A2145FACF8003ADF05 /* CDTextboxControl.m */; };
		7BDF565F1AEBE182004812DE /* CDThreeButtonControl.m in Sources */ = {isa = PBXBuildFile; fileRef = 61EC90A4145FACF8003ADF05 /* CDThreeButtonControl.m */; settings = {COMPILER_FLAGS = "-fno-objc-arc"; }; };
		7BDF56601AEBE182004812DE /* CDYesNoMsgboxControl.m in Sources */ = {isa = PBXBuildFile; fileRef = 61EC90A6145FACF8003ADF05 /* CDYesNoMsgboxControl.m */; };
		7BDF56611AEBE182004812DE /* CDOptions.m in Sources */ = {isa = PBXBuildFile; fileRef = 61EC90A8145FACF8003ADF05 /* CDOptions.m */; };
		7BDF56621AEBE199004812DE /* CDCommon.h in Headers */ = {isa = PBXBuildFile; fileRef = 61EC906D145FACF8003ADF05 /* CDCommon.h */; settings = {ATTRIBUTES = (Public, ); }; };
		7BDF56631AEBE199004812DE /* CDControl.h in Headers */ = {isa = PBXBuildFile; fileRef = 61EC9070145FACF8003ADF05 /* CDControl.h */; settings = {ATTRIBUTES = (Public, ); }; };
		7BDF56641AEBE199004812DE /* CDIcon.h in Headers */ = {isa = PBXBuildFile; fileRef = 61EC9079145FACF8003ADF05 /* CDIcon.h */; settings = {ATTRIBUTES = (Public, ); }; };
		7BDF56651AEBE199004812DE /* CDPanel.h in Headers */ = {isa = PBXBuildFile; fileRef = 61EC9088145FACF8003ADF05 /* CDPanel.h */; settings = {ATTRIBUTES = (Public, ); }; };
		7BDF56661AEBE199004812DE /* CDProgressbarControl.h in Headers */ = {isa = PBXBuildFile; fileRef = 61EC908B145FACF8003ADF05 /* CDProgressbarControl.h */; settings = {ATTRIBUTES = (Public, ); }; };
		7BDF56671AEBE199004812DE /* CDProgressbarInputHandler.h in Headers */ = {isa = PBXBuildFile; fileRef = 61EC908D145FACF8003ADF05 /* CDProgressbarInputHandler.h */; settings = {ATTRIBUTES = (Public, ); }; };
		7BDF56681AEBE199004812DE /* CDProgressbarInputHandlerDelegate.h in Headers */ = {isa = PBXBuildFile; fileRef = 61EC908F145FACF8003ADF05 /* CDProgressbarInputHandlerDelegate.h */; settings = {ATTRIBUTES = (Public, ); }; };
		7BDF56691AEBE199004812DE /* CDCheckboxControl.h in Headers */ = {isa = PBXBuildFile; fileRef = 61EC9091145FACF8003ADF05 /* CDCheckboxControl.h */; settings = {ATTRIBUTES = (Public, ); }; };
		7BDF566A1AEBE199004812DE /* CDInputboxControl.h in Headers */ = {isa = PBXBuildFile; fileRef = 61EC9093145FACF8003ADF05 /* CDInputboxControl.h */; settings = {ATTRIBUTES = (Public, ); }; };
		7BDF566B1AEBE199004812DE /* CDMsgboxControl.h in Headers */ = {isa = PBXBuildFile; fileRef = 61EC9095145FACF8003ADF05 /* CDMsgboxControl.h */; settings = {ATTRIBUTES = (Public, ); }; };
		7BDF566C1AEBE199004812DE /* CDOkMsgboxControl.h in Headers */ = {isa = PBXBuildFile; fileRef = 61EC9097145FACF8003ADF05 /* CDOkMsgboxControl.h */; settings = {ATTRIBUTES = (Public, ); }; };
		7BDF566D1AEBE199004812DE /* CDPopUpButtonControl.h in Headers */ = {isa = PBXBuildFile; fileRef = 61EC9099145FACF8003ADF05 /* CDPopUpButtonControl.h */; settings = {ATTRIBUTES = (Public, ); }; };
		7BDF566E1AEBE199004812DE /* CDRadioControl.h in Headers */ = {isa = PBXBuildFile; fileRef = 61EC909B145FACF8003ADF05 /* CDRadioControl.h */; settings = {ATTRIBUTES = (Public, ); }; };
		7BDF566F1AEBE199004812DE /* CDSlider.h in Headers */ = {isa = PBXBuildFile; fileRef = 61EC90EA145FB0A0003ADF05 /* CDSlider.h */; settings = {ATTRIBUTES = (Public, ); }; };
		7BDF56701AEBE199004812DE /* CDStandardInputboxControl.h in Headers */ = {isa = PBXBuildFile; fileRef = 61EC909D145FACF8003ADF05 /* CDStandardInputboxControl.h */; settings = {ATTRIBUTES = (Public, ); }; };
		7BDF56711AEBE199004812DE /* CDStandardPopUpButtonControl.h in Headers */ = {isa = PBXBuildFile; fileRef = 61EC909F145FACF8003ADF05 /* CDStandardPopUpButtonControl.h */; settings = {ATTRIBUTES = (Public, ); }; };
		7BDF56721AEBE199004812DE /* CDTextboxControl.h in Headers */ = {isa = PBXBuildFile; fileRef = 61EC90A1145FACF8003ADF05 /* CDTextboxControl.h */; settings = {ATTRIBUTES = (Public, ); }; };
		7BDF56731AEBE199004812DE /* CDThreeButtonControl.h in Headers */ = {isa = PBXBuildFile; fileRef = 61EC90A3145FACF8003ADF05 /* CDThreeButtonControl.h */; settings = {ATTRIBUTES = (Public, ); }; };
		7BDF56741AEBE199004812DE /* CDYesNoMsgboxControl.h in Headers */ = {isa = PBXBuildFile; fileRef = 61EC90A5145FACF8003ADF05 /* CDYesNoMsgboxControl.h */; settings = {ATTRIBUTES = (Public, ); }; };
		7BDF56751AEBE199004812DE /* CDOptions.h in Headers */ = {isa = PBXBuildFile; fileRef = 61EC90A7145FACF8003ADF05 /* CDOptions.h */; settings = {ATTRIBUTES = (Public, ); }; };
		7BDF56761AEBE37D004812DE /* Msgbox.xib in Resources */ = {isa = PBXBuildFile; fileRef = A78A8CB9143759ED007AE363 /* Msgbox.xib */; };
		7BDF56771AEBE37D004812DE /* popup.xib in Resources */ = {isa = PBXBuildFile; fileRef = A7D40436153C2BC3005FA3CD /* popup.xib */; };
		7BDF56781AEBE37D004812DE /* Progressbar.xib in Resources */ = {isa = PBXBuildFile; fileRef = A78A8CBB143759ED007AE363 /* Progressbar.xib */; };
		7BDF56791AEBE37D004812DE /* tbc.xib in Resources */ = {isa = PBXBuildFile; fileRef = A78A8CBD143759ED007AE363 /* tbc.xib */; };
		7BDF567A1AEBE37D004812DE /* Textbox.xib in Resources */ = {isa = PBXBuildFile; fileRef = A78A8CBF143759ED007AE363 /* Textbox.xib */; };
		7BF9CC581AEBE7B00058B25F /* CDFileDialogControl.h in Headers */ = {isa = PBXBuildFile; fileRef = 61EC9073145FACF8003ADF05 /* CDFileDialogControl.h */; settings = {ATTRIBUTES = (Public, ); }; };
		7BF9CC5E1AEBE7BC0058B25F /* CDBubbleControl.h in Headers */ = {isa = PBXBuildFile; fileRef = 61EC907C145FACF8003ADF05 /* CDBubbleControl.h */; settings = {ATTRIBUTES = (Public, ); }; };
		7BF9CC5F1AEBE7BC0058B25F /* CDGrowlControl.h in Headers */ = {isa = PBXBuildFile; fileRef = 61EC907E145FACF8003ADF05 /* CDGrowlControl.h */; settings = {ATTRIBUTES = (Public, ); }; };
		7BF9CC601AEBE7BC0058B25F /* CDNotifyControl.h in Headers */ = {isa = PBXBuildFile; fileRef = 61EC9080145FACF8003ADF05 /* CDNotifyControl.h */; settings = {ATTRIBUTES = (Public, ); }; };
		7BF9CC611AEBE7BC0058B25F /* KABubbleWindow.h in Headers */ = {isa = PBXBuildFile; fileRef = 61EC9082145FACF8003ADF05 /* KABubbleWindow.h */; settings = {ATTRIBUTES = (Public, ); }; };
		7BF9CC621AEBE7BC0058B25F /* KABubbleWindowController.h in Headers */ = {isa = PBXBuildFile; fileRef = 61EC9084145FACF8003ADF05 /* KABubbleWindowController.h */; settings = {ATTRIBUTES = (Public, ); }; };
		7BF9CC631AEBE7BC0058B25F /* KABubbleWindowView.h in Headers */ = {isa = PBXBuildFile; fileRef = 61EC9086145FACF8003ADF05 /* KABubbleWindowView.h */; settings = {ATTRIBUTES = (Public, ); }; };
		7BF9CC761AEBED350058B25F /* dialogsTest.m in Sources */ = {isa = PBXBuildFile; fileRef = 7BF9CC751AEBED350058B25F /* dialogsTest.m */; };
		7BF9CCCA1AEBFBAA0058B25F /* Images.xcassets in Resources */ = {isa = PBXBuildFile; fileRef = 7BF9CCC91AEBFBAA0058B25F /* Images.xcassets */; };
		7BF9CCCB1AEC03B40058B25F /* Dialogs.framework in Frameworks */ = {isa = PBXBuildFile; fileRef = 7BDF56271AEBE163004812DE /* Dialogs.framework */; };
		A78A8CD414376C42007AE363 /* InfoPlist.strings in Resources */ = {isa = PBXBuildFile; fileRef = A78A8CB5143759ED007AE363 /* InfoPlist.strings */; };
		A78A8CD514376C42007AE363 /* MainMenu.xib in Resources */ = {isa = PBXBuildFile; fileRef = A78A8CB7143759ED007AE363 /* MainMenu.xib */; };
		A78A8CE014377610007AE363 /* CHANGELOG in Resources */ = {isa = PBXBuildFile; fileRef = A78A8CDE14377610007AE363 /* CHANGELOG */; };
		A7BABB401445829B00D3F168 /* relaunch in Resources */ = {isa = PBXBuildFile; fileRef = A7BABB2E1445817B00D3F168 /* relaunch */; };
/* End PBXBuildFile section */

/* Begin PBXContainerItemProxy section */
		61C9A9D614665F7E0054DD91 /* PBXContainerItemProxy */ = {
			isa = PBXContainerItemProxy;
			containerPortal = 29B97313FDCFA39411CA2CEA /* Project object */;
			proxyType = 1;
			remoteGlobalIDString = A7BABB2D1445817B00D3F168;
			remoteInfo = relaunch;
		};
		7BDF563C1AEBE163004812DE /* PBXContainerItemProxy */ = {
			isa = PBXContainerItemProxy;
			containerPortal = 29B97313FDCFA39411CA2CEA /* Project object */;
			proxyType = 1;
			remoteGlobalIDString = 7BDF56261AEBE163004812DE;
			remoteInfo = Dialogs;
		};
		7BF9CC6B1AEBEBD00058B25F /* PBXContainerItemProxy */ = {
			isa = PBXContainerItemProxy;
			containerPortal = 29B97313FDCFA39411CA2CEA /* Project object */;
			proxyType = 1;
			remoteGlobalIDString = 8D1107260486CEB800E47090;
			remoteInfo = cocoaDialog;
		};
		7BF9CC7A1AEBED3B0058B25F /* PBXContainerItemProxy */ = {
			isa = PBXContainerItemProxy;
			containerPortal = 29B97313FDCFA39411CA2CEA /* Project object */;
			proxyType = 1;
			remoteGlobalIDString = 7BDF56261AEBE163004812DE;
			remoteInfo = Dialogs;
		};
/* End PBXContainerItemProxy section */

/* Begin PBXCopyFilesBuildPhase section */
		7B2C42F51B48914500C283CE /* CopyFiles */ = {
			isa = PBXCopyFilesBuildPhase;
			buildActionMask = 2147483647;
			dstPath = "";
			dstSubfolderSpec = 10;
			files = (
				7B2C42F61B48915300C283CE /* Growl.framework in CopyFiles */,
			);
			runOnlyForDeploymentPostprocessing = 0;
		};
		A78A8CEA143784BD007AE363 /* CopyFiles */ = {
			isa = PBXCopyFilesBuildPhase;
			buildActionMask = 2147483647;
			dstPath = "";
			dstSubfolderSpec = 10;
			files = (
				7BDF563F1AEBE163004812DE /* Dialogs.framework in CopyFiles */,
				6190D1D9146CAFC20083364D /* Growl.framework in CopyFiles */,
				61C9A9D514665F780054DD91 /* Sparkle.framework in CopyFiles */,
			);
			runOnlyForDeploymentPostprocessing = 0;
		};
/* End PBXCopyFilesBuildPhase section */

/* Begin PBXFileReference section */
		6187E60014664988005067DB /* relaunch.m */ = {isa = PBXFileReference; fileEncoding = 4; lastKnownFileType = sourcecode.c.objc; name = relaunch.m; path = ../Source/relaunch.m; sourceTree = "<group>"; };
		61EC906C145FACF8003ADF05 /* AppController.m */ = {isa = PBXFileReference; fileEncoding = 4; lastKnownFileType = sourcecode.c.objc; name = AppController.m; path = ../Source/AppController.m; sourceTree = "<group>"; };
		61EC906D145FACF8003ADF05 /* CDCommon.h */ = {isa = PBXFileReference; fileEncoding = 4; lastKnownFileType = sourcecode.c.h; name = CDCommon.h; path = Source/CDCommon.h; sourceTree = "<group>"; };
		61EC906E145FACF8003ADF05 /* CDCommon.m */ = {isa = PBXFileReference; fileEncoding = 4; lastKnownFileType = sourcecode.c.objc; name = CDCommon.m; path = Source/CDCommon.m; sourceTree = "<group>"; };
		61EC9070145FACF8003ADF05 /* CDControl.h */ = {isa = PBXFileReference; fileEncoding = 4; lastKnownFileType = sourcecode.c.h; path = CDControl.h; sourceTree = "<group>"; };
		61EC9071145FACF8003ADF05 /* CDControl.m */ = {isa = PBXFileReference; fileEncoding = 4; lastKnownFileType = sourcecode.c.objc; path = CDControl.m; sourceTree = "<group>"; };
		61EC9073145FACF8003ADF05 /* CDFileDialogControl.h */ = {isa = PBXFileReference; fileEncoding = 4; lastKnownFileType = sourcecode.c.h; path = CDFileDialogControl.h; sourceTree = "<group>"; };
		61EC9074145FACF8003ADF05 /* CDFileDialogControl.m */ = {isa = PBXFileReference; fileEncoding = 4; lastKnownFileType = sourcecode.c.objc; path = CDFileDialogControl.m; sourceTree = "<group>"; };
		61EC9076145FACF8003ADF05 /* CDFileSaveControl.m */ = {isa = PBXFileReference; fileEncoding = 4; lastKnownFileType = sourcecode.c.objc; path = CDFileSaveControl.m; sourceTree = "<group>"; };
		61EC9078145FACF8003ADF05 /* CDFileSelectControl.m */ = {isa = PBXFileReference; fileEncoding = 4; lastKnownFileType = sourcecode.c.objc; path = CDFileSelectControl.m; sourceTree = "<group>"; };
		61EC9079145FACF8003ADF05 /* CDIcon.h */ = {isa = PBXFileReference; fileEncoding = 4; lastKnownFileType = sourcecode.c.h; path = CDIcon.h; sourceTree = "<group>"; };
		61EC907A145FACF8003ADF05 /* CDIcon.m */ = {isa = PBXFileReference; fileEncoding = 4; lastKnownFileType = sourcecode.c.objc; path = CDIcon.m; sourceTree = "<group>"; };
		61EC907C145FACF8003ADF05 /* CDBubbleControl.h */ = {isa = PBXFileReference; fileEncoding = 4; lastKnownFileType = sourcecode.c.h; path = CDBubbleControl.h; sourceTree = "<group>"; };
		61EC907D145FACF8003ADF05 /* CDBubbleControl.m */ = {isa = PBXFileReference; fileEncoding = 4; lastKnownFileType = sourcecode.c.objc; path = CDBubbleControl.m; sourceTree = "<group>"; };
		61EC907E145FACF8003ADF05 /* CDGrowlControl.h */ = {isa = PBXFileReference; fileEncoding = 4; lastKnownFileType = sourcecode.c.h; path = CDGrowlControl.h; sourceTree = "<group>"; };
		61EC907F145FACF8003ADF05 /* CDGrowlControl.m */ = {isa = PBXFileReference; fileEncoding = 4; lastKnownFileType = sourcecode.c.objc; path = CDGrowlControl.m; sourceTree = "<group>"; };
		61EC9080145FACF8003ADF05 /* CDNotifyControl.h */ = {isa = PBXFileReference; fileEncoding = 4; lastKnownFileType = sourcecode.c.h; path = CDNotifyControl.h; sourceTree = "<group>"; };
		61EC9081145FACF8003ADF05 /* CDNotifyControl.m */ = {isa = PBXFileReference; fileEncoding = 4; lastKnownFileType = sourcecode.c.objc; path = CDNotifyControl.m; sourceTree = "<group>"; };
		61EC9082145FACF8003ADF05 /* KABubbleWindow.h */ = {isa = PBXFileReference; fileEncoding = 4; lastKnownFileType = sourcecode.c.h; path = KABubbleWindow.h; sourceTree = "<group>"; };
		61EC9083145FACF8003ADF05 /* KABubbleWindow.m */ = {isa = PBXFileReference; fileEncoding = 4; lastKnownFileType = sourcecode.c.objc; path = KABubbleWindow.m; sourceTree = "<group>"; };
		61EC9084145FACF8003ADF05 /* KABubbleWindowController.h */ = {isa = PBXFileReference; fileEncoding = 4; lastKnownFileType = sourcecode.c.h; path = KABubbleWindowController.h; sourceTree = "<group>"; };
		61EC9085145FACF8003ADF05 /* KABubbleWindowController.m */ = {isa = PBXFileReference; fileEncoding = 4; lastKnownFileType = sourcecode.c.objc; path = KABubbleWindowController.m; sourceTree = "<group>"; };
		61EC9086145FACF8003ADF05 /* KABubbleWindowView.h */ = {isa = PBXFileReference; fileEncoding = 4; lastKnownFileType = sourcecode.c.h; path = KABubbleWindowView.h; sourceTree = "<group>"; };
		61EC9087145FACF8003ADF05 /* KABubbleWindowView.m */ = {isa = PBXFileReference; fileEncoding = 4; lastKnownFileType = sourcecode.c.objc; path = KABubbleWindowView.m; sourceTree = "<group>"; };
		61EC9088145FACF8003ADF05 /* CDPanel.h */ = {isa = PBXFileReference; fileEncoding = 4; lastKnownFileType = sourcecode.c.h; path = CDPanel.h; sourceTree = "<group>"; };
		61EC9089145FACF8003ADF05 /* CDPanel.m */ = {isa = PBXFileReference; fileEncoding = 4; lastKnownFileType = sourcecode.c.objc; path = CDPanel.m; sourceTree = "<group>"; };
		61EC908B145FACF8003ADF05 /* CDProgressbarControl.h */ = {isa = PBXFileReference; fileEncoding = 4; lastKnownFileType = sourcecode.c.h; path = CDProgressbarControl.h; sourceTree = "<group>"; };
		61EC908C145FACF8003ADF05 /* CDProgressbarControl.m */ = {isa = PBXFileReference; fileEncoding = 4; lastKnownFileType = sourcecode.c.objc; path = CDProgressbarControl.m; sourceTree = "<group>"; };
		61EC908D145FACF8003ADF05 /* CDProgressbarInputHandler.h */ = {isa = PBXFileReference; fileEncoding = 4; lastKnownFileType = sourcecode.c.h; path = CDProgressbarInputHandler.h; sourceTree = "<group>"; };
		61EC908E145FACF8003ADF05 /* CDProgressbarInputHandler.m */ = {isa = PBXFileReference; fileEncoding = 4; lastKnownFileType = sourcecode.c.objc; path = CDProgressbarInputHandler.m; sourceTree = "<group>"; };
		61EC908F145FACF8003ADF05 /* CDProgressbarInputHandlerDelegate.h */ = {isa = PBXFileReference; fileEncoding = 4; lastKnownFileType = sourcecode.c.h; path = CDProgressbarInputHandlerDelegate.h; sourceTree = "<group>"; };
		61EC9091145FACF8003ADF05 /* CDCheckboxControl.h */ = {isa = PBXFileReference; fileEncoding = 4; lastKnownFileType = sourcecode.c.h; path = CDCheckboxControl.h; sourceTree = "<group>"; };
		61EC9092145FACF8003ADF05 /* CDCheckboxControl.m */ = {isa = PBXFileReference; fileEncoding = 4; lastKnownFileType = sourcecode.c.objc; path = CDCheckboxControl.m; sourceTree = "<group>"; };
		61EC9093145FACF8003ADF05 /* CDInputboxControl.h */ = {isa = PBXFileReference; fileEncoding = 4; lastKnownFileType = sourcecode.c.h; path = CDInputboxControl.h; sourceTree = "<group>"; };
		61EC9094145FACF8003ADF05 /* CDInputboxControl.m */ = {isa = PBXFileReference; fileEncoding = 4; lastKnownFileType = sourcecode.c.objc; path = CDInputboxControl.m; sourceTree = "<group>"; };
		61EC9095145FACF8003ADF05 /* CDMsgboxControl.h */ = {isa = PBXFileReference; fileEncoding = 4; lastKnownFileType = sourcecode.c.h; path = CDMsgboxControl.h; sourceTree = "<group>"; };
		61EC9096145FACF8003ADF05 /* CDMsgboxControl.m */ = {isa = PBXFileReference; fileEncoding = 4; lastKnownFileType = sourcecode.c.objc; path = CDMsgboxControl.m; sourceTree = "<group>"; };
		61EC9097145FACF8003ADF05 /* CDOkMsgboxControl.h */ = {isa = PBXFileReference; fileEncoding = 4; lastKnownFileType = sourcecode.c.h; path = CDOkMsgboxControl.h; sourceTree = "<group>"; };
		61EC9098145FACF8003ADF05 /* CDOkMsgboxControl.m */ = {isa = PBXFileReference; fileEncoding = 4; lastKnownFileType = sourcecode.c.objc; path = CDOkMsgboxControl.m; sourceTree = "<group>"; };
		61EC9099145FACF8003ADF05 /* CDPopUpButtonControl.h */ = {isa = PBXFileReference; fileEncoding = 4; lastKnownFileType = sourcecode.c.h; path = CDPopUpButtonControl.h; sourceTree = "<group>"; };
		61EC909A145FACF8003ADF05 /* CDPopUpButtonControl.m */ = {isa = PBXFileReference; fileEncoding = 4; lastKnownFileType = sourcecode.c.objc; path = CDPopUpButtonControl.m; sourceTree = "<group>"; };
		61EC909B145FACF8003ADF05 /* CDRadioControl.h */ = {isa = PBXFileReference; fileEncoding = 4; lastKnownFileType = sourcecode.c.h; path = CDRadioControl.h; sourceTree = "<group>"; };
		61EC909C145FACF8003ADF05 /* CDRadioControl.m */ = {isa = PBXFileReference; fileEncoding = 4; lastKnownFileType = sourcecode.c.objc; path = CDRadioControl.m; sourceTree = "<group>"; };
		61EC909D145FACF8003ADF05 /* CDStandardInputboxControl.h */ = {isa = PBXFileReference; fileEncoding = 4; lastKnownFileType = sourcecode.c.h; path = CDStandardInputboxControl.h; sourceTree = "<group>"; };
		61EC909E145FACF8003ADF05 /* CDStandardInputboxControl.m */ = {isa = PBXFileReference; fileEncoding = 4; lastKnownFileType = sourcecode.c.objc; path = CDStandardInputboxControl.m; sourceTree = "<group>"; };
		61EC909F145FACF8003ADF05 /* CDStandardPopUpButtonControl.h */ = {isa = PBXFileReference; fileEncoding = 4; lastKnownFileType = sourcecode.c.h; path = CDStandardPopUpButtonControl.h; sourceTree = "<group>"; };
		61EC90A0145FACF8003ADF05 /* CDStandardPopUpButtonControl.m */ = {isa = PBXFileReference; fileEncoding = 4; lastKnownFileType = sourcecode.c.objc; path = CDStandardPopUpButtonControl.m; sourceTree = "<group>"; };
		61EC90A1145FACF8003ADF05 /* CDTextboxControl.h */ = {isa = PBXFileReference; fileEncoding = 4; lastKnownFileType = sourcecode.c.h; path = CDTextboxControl.h; sourceTree = "<group>"; };
		61EC90A2145FACF8003ADF05 /* CDTextboxControl.m */ = {isa = PBXFileReference; fileEncoding = 4; lastKnownFileType = sourcecode.c.objc; path = CDTextboxControl.m; sourceTree = "<group>"; };
		61EC90A3145FACF8003ADF05 /* CDThreeButtonControl.h */ = {isa = PBXFileReference; fileEncoding = 4; lastKnownFileType = sourcecode.c.h; path = CDThreeButtonControl.h; sourceTree = "<group>"; };
		61EC90A4145FACF8003ADF05 /* CDThreeButtonControl.m */ = {isa = PBXFileReference; fileEncoding = 4; lastKnownFileType = sourcecode.c.objc; path = CDThreeButtonControl.m; sourceTree = "<group>"; };
		61EC90A5145FACF8003ADF05 /* CDYesNoMsgboxControl.h */ = {isa = PBXFileReference; fileEncoding = 4; lastKnownFileType = sourcecode.c.h; path = CDYesNoMsgboxControl.h; sourceTree = "<group>"; };
		61EC90A6145FACF8003ADF05 /* CDYesNoMsgboxControl.m */ = {isa = PBXFileReference; fileEncoding = 4; lastKnownFileType = sourcecode.c.objc; path = CDYesNoMsgboxControl.m; sourceTree = "<group>"; };
		61EC90A7145FACF8003ADF05 /* CDOptions.h */ = {isa = PBXFileReference; fileEncoding = 4; lastKnownFileType = sourcecode.c.h; name = CDOptions.h; path = Source/CDOptions.h; sourceTree = "<group>"; };
		61EC90A8145FACF8003ADF05 /* CDOptions.m */ = {isa = PBXFileReference; fileEncoding = 4; lastKnownFileType = sourcecode.c.objc; name = CDOptions.m; path = Source/CDOptions.m; sourceTree = "<group>"; };
		61EC90A9145FACF8003ADF05 /* CDUpdate.h */ = {isa = PBXFileReference; fileEncoding = 4; lastKnownFileType = sourcecode.c.h; name = CDUpdate.h; path = ../Source/CDUpdate.h; sourceTree = "<group>"; };
		61EC90AA145FACF8003ADF05 /* CDUpdate.m */ = {isa = PBXFileReference; fileEncoding = 4; lastKnownFileType = sourcecode.c.objc; name = CDUpdate.m; path = ../Source/CDUpdate.m; sourceTree = "<group>"; };
		61EC90EA145FB0A0003ADF05 /* CDSlider.h */ = {isa = PBXFileReference; fileEncoding = 4; lastKnownFileType = sourcecode.c.h; path = CDSlider.h; sourceTree = "<group>"; };
		61EC90EB145FB0A0003ADF05 /* CDSlider.m */ = {isa = PBXFileReference; fileEncoding = 4; lastKnownFileType = sourcecode.c.objc; path = CDSlider.m; sourceTree = "<group>"; };
		61FA9D2014518E97006E0674 /* dsa_pub.pem */ = {isa = PBXFileReference; fileEncoding = 4; lastKnownFileType = text; name = dsa_pub.pem; path = Resources/dsa_pub.pem; sourceTree = "<group>"; };
		7BDF56271AEBE163004812DE /* Dialogs.framework */ = {isa = PBXFileReference; explicitFileType = wrapper.framework; includeInIndex = 0; path = Dialogs.framework; sourceTree = BUILT_PRODUCTS_DIR; };
		7BDF562B1AEBE163004812DE /* Dialogs.h */ = {isa = PBXFileReference; lastKnownFileType = sourcecode.c.h; name = Dialogs.h; path = Source/Dialogs.h; sourceTree = "<group>"; };
		7BF9CC731AEBED350058B25F /* dialogsTest */ = {isa = PBXFileReference; explicitFileType = "compiled.mach-o.executable"; includeInIndex = 0; path = dialogsTest; sourceTree = BUILT_PRODUCTS_DIR; };
		7BF9CC751AEBED350058B25F /* dialogsTest.m */ = {isa = PBXFileReference; lastKnownFileType = sourcecode.c.objc; name = dialogsTest.m; path = ../Source/dialogsTest.m; sourceTree = "<group>"; };
		7BF9CCC91AEBFBAA0058B25F /* Images.xcassets */ = {isa = PBXFileReference; lastKnownFileType = folder.assetcatalog; name = Images.xcassets; path = Resources/Images.xcassets; sourceTree = "<group>"; };
		8D1107320486CEB800E47090 /* cocoaDialog.app */ = {isa = PBXFileReference; explicitFileType = wrapper.application; includeInIndex = 0; path = cocoaDialog.app; sourceTree = BUILT_PRODUCTS_DIR; };
		A78A8C9514375704007AE363 /* Config.xcconfig */ = {isa = PBXFileReference; fileEncoding = 4; lastKnownFileType = text.xcconfig; path = Config.xcconfig; sourceTree = "<group>"; };
		A78A8C9614375704007AE363 /* ConfigDebug.xcconfig */ = {isa = PBXFileReference; fileEncoding = 4; lastKnownFileType = text.xcconfig; path = ConfigDebug.xcconfig; sourceTree = "<group>"; };
		A78A8C9714375704007AE363 /* ConfigRelease.xcconfig */ = {isa = PBXFileReference; fileEncoding = 4; lastKnownFileType = text.xcconfig; path = ConfigRelease.xcconfig; sourceTree = "<group>"; };
		A78A8CB6143759ED007AE363 /* en-US */ = {isa = PBXFileReference; lastKnownFileType = text.plist.strings; name = "en-US"; path = "Resources/en-US.lproj/InfoPlist.strings"; sourceTree = "<group>"; };
		A78A8CB8143759ED007AE363 /* en-US */ = {isa = PBXFileReference; lastKnownFileType = file.xib; name = "en-US"; path = "Resources/en-US.lproj/MainMenu.xib"; sourceTree = "<group>"; };
		A78A8CBA143759ED007AE363 /* en-US */ = {isa = PBXFileReference; lastKnownFileType = file.xib; name = "en-US"; path = "Resources/en-US.lproj/Msgbox.xib"; sourceTree = "<group>"; };
		A78A8CBC143759ED007AE363 /* en-US */ = {isa = PBXFileReference; lastKnownFileType = file.xib; name = "en-US"; path = "Resources/en-US.lproj/Progressbar.xib"; sourceTree = "<group>"; };
		A78A8CBE143759ED007AE363 /* en-US */ = {isa = PBXFileReference; lastKnownFileType = file.xib; name = "en-US"; path = "Resources/en-US.lproj/tbc.xib"; sourceTree = "<group>"; };
		A78A8CC0143759ED007AE363 /* en-US */ = {isa = PBXFileReference; lastKnownFileType = file.xib; name = "en-US"; path = "Resources/en-US.lproj/Textbox.xib"; sourceTree = "<group>"; };
		A78A8CDE14377610007AE363 /* CHANGELOG */ = {isa = PBXFileReference; fileEncoding = 4; lastKnownFileType = text; path = CHANGELOG; sourceTree = "<group>"; };
		A78A8CE8143784A8007AE363 /* Growl.framework */ = {isa = PBXFileReference; lastKnownFileType = wrapper.framework; name = Growl.framework; path = Frameworks/Growl.framework; sourceTree = "<group>"; };
		A78A8D2E1437AC29007AE363 /* Sparkle.framework */ = {isa = PBXFileReference; lastKnownFileType = wrapper.framework; name = Sparkle.framework; path = Frameworks/Sparkle.framework; sourceTree = "<group>"; };
		A7BABB2E1445817B00D3F168 /* relaunch */ = {isa = PBXFileReference; explicitFileType = "compiled.mach-o.executable"; includeInIndex = 0; path = relaunch; sourceTree = BUILT_PRODUCTS_DIR; };
		A7D40437153C2BC3005FA3CD /* en-US */ = {isa = PBXFileReference; lastKnownFileType = file.xib; name = "en-US"; path = "Resources/en-US.lproj/popup.xib"; sourceTree = "<group>"; };
/* End PBXFileReference section */

/* Begin PBXFrameworksBuildPhase section */
		7BF9CC701AEBED350058B25F /* Frameworks */ = {
			isa = PBXFrameworksBuildPhase;
			buildActionMask = 2147483647;
			files = (
				7BF9CCCB1AEC03B40058B25F /* Dialogs.framework in Frameworks */,
			);
			runOnlyForDeploymentPostprocessing = 0;
		};
		8D11072E0486CEB800E47090 /* Frameworks */ = {
			isa = PBXFrameworksBuildPhase;
			buildActionMask = 2147483647;
			files = (
				7BDF563E1AEBE163004812DE /* Dialogs.framework in Frameworks */,
				6190D1D8146CAFB30083364D /* Growl.framework in Frameworks */,
				61C9A9D214665F680054DD91 /* Sparkle.framework in Frameworks */,
			);
			runOnlyForDeploymentPostprocessing = 0;
		};
		A7BABB2B1445817B00D3F168 /* Frameworks */ = {
			isa = PBXFrameworksBuildPhase;
			buildActionMask = 2147483647;
			files = (
			);
			runOnlyForDeploymentPostprocessing = 0;
		};
/* End PBXFrameworksBuildPhase section */

/* Begin PBXGroup section */
		19C28FACFE9D520D11CA2CBB /* Products */ = {
			isa = PBXGroup;
			children = (
				8D1107320486CEB800E47090 /* cocoaDialog.app */,
				A7BABB2E1445817B00D3F168 /* relaunch */,
				7BDF56271AEBE163004812DE /* Dialogs.framework */,
				7BF9CC731AEBED350058B25F /* dialogsTest */,
			);
			name = Products;
			sourceTree = "<group>";
		};
		29B97314FDCFA39411CA2CEA /* cocoaDialog */ = {
			isa = PBXGroup;
			children = (
				7BDF562B1AEBE163004812DE /* Dialogs.h */,
				61EC906D145FACF8003ADF05 /* CDCommon.h */,
				61EC906E145FACF8003ADF05 /* CDCommon.m */,
				61EC90A7145FACF8003ADF05 /* CDOptions.h */,
				61EC90A8145FACF8003ADF05 /* CDOptions.m */,
				61EC906F145FACF8003ADF05 /* Controls */,
				7BDF56281AEBE163004812DE /* App + Relaunch + Demo */,
				29B97317FDCFA39411CA2CEA /* Resources */,
				19C28FACFE9D520D11CA2CBB /* Products */,
			);
			name = cocoaDialog;
			sourceTree = "<group>";
		};
		29B97317FDCFA39411CA2CEA /* Resources */ = {
			isa = PBXGroup;
			children = (
				7BF9CCC91AEBFBAA0058B25F /* Images.xcassets */,
				29B97323FDCFA39411CA2CEA /* Frameworks */,
				A78A8C9414375703007AE363 /* Configurations */,
				A78A8CDE14377610007AE363 /* CHANGELOG */,
				61FA9D2014518E97006E0674 /* dsa_pub.pem */,
				A78A8CB5143759ED007AE363 /* InfoPlist.strings */,
				A78A8CB7143759ED007AE363 /* MainMenu.xib */,
				A78A8CE8143784A8007AE363 /* Growl.framework */,
				A78A8D2E1437AC29007AE363 /* Sparkle.framework */,
				7BF9CC971AEBF91D0058B25F /* Framework */,
			);
			name = Resources;
			sourceTree = "<group>";
		};
		29B97323FDCFA39411CA2CEA /* Frameworks */ = {
			isa = PBXGroup;
			children = (
			);
			name = Frameworks;
			sourceTree = "<group>";
		};
		61EC906F145FACF8003ADF05 /* Controls */ = {
			isa = PBXGroup;
			children = (
				61EC9070145FACF8003ADF05 /* CDControl.h */,
				61EC9071145FACF8003ADF05 /* CDControl.m */,
				61EC9072145FACF8003ADF05 /* CDFileDialogControl */,
				61EC9079145FACF8003ADF05 /* CDIcon.h */,
				61EC907A145FACF8003ADF05 /* CDIcon.m */,
				61EC907B145FACF8003ADF05 /* CDNotifyControl */,
				61EC9088145FACF8003ADF05 /* CDPanel.h */,
				61EC9089145FACF8003ADF05 /* CDPanel.m */,
				61EC908A145FACF8003ADF05 /* CDProgressbar */,
				61EC9090145FACF8003ADF05 /* CDThreeButtonControl */,
			);
			name = Controls;
			path = Source/CDControl;
			sourceTree = "<group>";
		};
		61EC9072145FACF8003ADF05 /* CDFileDialogControl */ = {
			isa = PBXGroup;
			children = (
				61EC9073145FACF8003ADF05 /* CDFileDialogControl.h */,
				61EC9074145FACF8003ADF05 /* CDFileDialogControl.m */,
				61EC9076145FACF8003ADF05 /* CDFileSaveControl.m */,
				61EC9078145FACF8003ADF05 /* CDFileSelectControl.m */,
			);
			path = CDFileDialogControl;
			sourceTree = "<group>";
		};
		61EC907B145FACF8003ADF05 /* CDNotifyControl */ = {
			isa = PBXGroup;
			children = (
				61EC907C145FACF8003ADF05 /* CDBubbleControl.h */,
				61EC907D145FACF8003ADF05 /* CDBubbleControl.m */,
				61EC907E145FACF8003ADF05 /* CDGrowlControl.h */,
				61EC907F145FACF8003ADF05 /* CDGrowlControl.m */,
				61EC9080145FACF8003ADF05 /* CDNotifyControl.h */,
				61EC9081145FACF8003ADF05 /* CDNotifyControl.m */,
				61EC9082145FACF8003ADF05 /* KABubbleWindow.h */,
				61EC9083145FACF8003ADF05 /* KABubbleWindow.m */,
				61EC9084145FACF8003ADF05 /* KABubbleWindowController.h */,
				61EC9085145FACF8003ADF05 /* KABubbleWindowController.m */,
				61EC9086145FACF8003ADF05 /* KABubbleWindowView.h */,
				61EC9087145FACF8003ADF05 /* KABubbleWindowView.m */,
			);
			path = CDNotifyControl;
			sourceTree = "<group>";
		};
		61EC908A145FACF8003ADF05 /* CDProgressbar */ = {
			isa = PBXGroup;
			children = (
				61EC908B145FACF8003ADF05 /* CDProgressbarControl.h */,
				61EC908C145FACF8003ADF05 /* CDProgressbarControl.m */,
				61EC908D145FACF8003ADF05 /* CDProgressbarInputHandler.h */,
				61EC908E145FACF8003ADF05 /* CDProgressbarInputHandler.m */,
				61EC908F145FACF8003ADF05 /* CDProgressbarInputHandlerDelegate.h */,
			);
			path = CDProgressbar;
			sourceTree = "<group>";
		};
		61EC9090145FACF8003ADF05 /* CDThreeButtonControl */ = {
			isa = PBXGroup;
			children = (
				61EC9091145FACF8003ADF05 /* CDCheckboxControl.h */,
				61EC9092145FACF8003ADF05 /* CDCheckboxControl.m */,
				61EC9093145FACF8003ADF05 /* CDInputboxControl.h */,
				61EC9094145FACF8003ADF05 /* CDInputboxControl.m */,
				61EC9095145FACF8003ADF05 /* CDMsgboxControl.h */,
				61EC9096145FACF8003ADF05 /* CDMsgboxControl.m */,
				61EC9097145FACF8003ADF05 /* CDOkMsgboxControl.h */,
				61EC9098145FACF8003ADF05 /* CDOkMsgboxControl.m */,
				61EC9099145FACF8003ADF05 /* CDPopUpButtonControl.h */,
				61EC909A145FACF8003ADF05 /* CDPopUpButtonControl.m */,
				61EC909B145FACF8003ADF05 /* CDRadioControl.h */,
				61EC909C145FACF8003ADF05 /* CDRadioControl.m */,
				61EC90EA145FB0A0003ADF05 /* CDSlider.h */,
				61EC90EB145FB0A0003ADF05 /* CDSlider.m */,
				61EC909D145FACF8003ADF05 /* CDStandardInputboxControl.h */,
				61EC909E145FACF8003ADF05 /* CDStandardInputboxControl.m */,
				61EC909F145FACF8003ADF05 /* CDStandardPopUpButtonControl.h */,
				61EC90A0145FACF8003ADF05 /* CDStandardPopUpButtonControl.m */,
				61EC90A1145FACF8003ADF05 /* CDTextboxControl.h */,
				61EC90A2145FACF8003ADF05 /* CDTextboxControl.m */,
				61EC90A3145FACF8003ADF05 /* CDThreeButtonControl.h */,
				61EC90A4145FACF8003ADF05 /* CDThreeButtonControl.m */,
				61EC90A5145FACF8003ADF05 /* CDYesNoMsgboxControl.h */,
				61EC90A6145FACF8003ADF05 /* CDYesNoMsgboxControl.m */,
			);
			path = CDThreeButtonControl;
			sourceTree = "<group>";
		};
		7BDF56281AEBE163004812DE /* App + Relaunch + Demo */ = {
			isa = PBXGroup;
			children = (
				7BF9CC751AEBED350058B25F /* dialogsTest.m */,
				61EC90A9145FACF8003ADF05 /* CDUpdate.h */,
				61EC90AA145FACF8003ADF05 /* CDUpdate.m */,
				61EC906C145FACF8003ADF05 /* AppController.m */,
				6187E60014664988005067DB /* relaunch.m */,
			);
			name = "App + Relaunch + Demo";
			path = Source;
			sourceTree = "<group>";
		};
		7BF9CC971AEBF91D0058B25F /* Framework */ = {
			isa = PBXGroup;
			children = (
				A78A8CB9143759ED007AE363 /* Msgbox.xib */,
				A7D40436153C2BC3005FA3CD /* popup.xib */,
				A78A8CBB143759ED007AE363 /* Progressbar.xib */,
				A78A8CBD143759ED007AE363 /* tbc.xib */,
				A78A8CBF143759ED007AE363 /* Textbox.xib */,
			);
			name = Framework;
			sourceTree = "<group>";
		};
		A78A8C9414375703007AE363 /* Configurations */ = {
			isa = PBXGroup;
			children = (
				A78A8C9514375704007AE363 /* Config.xcconfig */,
				A78A8C9614375704007AE363 /* ConfigDebug.xcconfig */,
				A78A8C9714375704007AE363 /* ConfigRelease.xcconfig */,
			);
			path = Configurations;
			sourceTree = "<group>";
		};
/* End PBXGroup section */

/* Begin PBXHeadersBuildPhase section */
		7BDF56241AEBE163004812DE /* Headers */ = {
			isa = PBXHeadersBuildPhase;
			buildActionMask = 2147483647;
			files = (
				7BDF56621AEBE199004812DE /* CDCommon.h in Headers */,
				7BF9CC601AEBE7BC0058B25F /* CDNotifyControl.h in Headers */,
				7BDF56631AEBE199004812DE /* CDControl.h in Headers */,
				7BDF56641AEBE199004812DE /* CDIcon.h in Headers */,
				7BDF56651AEBE199004812DE /* CDPanel.h in Headers */,
				7BF9CC581AEBE7B00058B25F /* CDFileDialogControl.h in Headers */,
				7BDF56661AEBE199004812DE /* CDProgressbarControl.h in Headers */,
				7BF9CC621AEBE7BC0058B25F /* KABubbleWindowController.h in Headers */,
				7BDF56671AEBE199004812DE /* CDProgressbarInputHandler.h in Headers */,
				7BDF56681AEBE199004812DE /* CDProgressbarInputHandlerDelegate.h in Headers */,
				7BF9CC611AEBE7BC0058B25F /* KABubbleWindow.h in Headers */,
				7BDF56691AEBE199004812DE /* CDCheckboxControl.h in Headers */,
				7BDF566A1AEBE199004812DE /* CDInputboxControl.h in Headers */,
				7BDF566B1AEBE199004812DE /* CDMsgboxControl.h in Headers */,
				7BDF566C1AEBE199004812DE /* CDOkMsgboxControl.h in Headers */,
				7BF9CC5E1AEBE7BC0058B25F /* CDBubbleControl.h in Headers */,
				7BDF566D1AEBE199004812DE /* CDPopUpButtonControl.h in Headers */,
				7BF9CC5F1AEBE7BC0058B25F /* CDGrowlControl.h in Headers */,
				7BDF566E1AEBE199004812DE /* CDRadioControl.h in Headers */,
				7BDF566F1AEBE199004812DE /* CDSlider.h in Headers */,
				7BF9CC631AEBE7BC0058B25F /* KABubbleWindowView.h in Headers */,
				7BDF56701AEBE199004812DE /* CDStandardInputboxControl.h in Headers */,
				7BDF56711AEBE199004812DE /* CDStandardPopUpButtonControl.h in Headers */,
				7BDF56721AEBE199004812DE /* CDTextboxControl.h in Headers */,
				7BDF56731AEBE199004812DE /* CDThreeButtonControl.h in Headers */,
				7BDF56741AEBE199004812DE /* CDYesNoMsgboxControl.h in Headers */,
				7BDF56751AEBE199004812DE /* CDOptions.h in Headers */,
				7BDF562C1AEBE163004812DE /* Dialogs.h in Headers */,
			);
			runOnlyForDeploymentPostprocessing = 0;
		};
/* End PBXHeadersBuildPhase section */

/* Begin PBXNativeTarget section */
		7BDF56261AEBE163004812DE /* Dialogs */ = {
			isa = PBXNativeTarget;
			buildConfigurationList = 7BDF56401AEBE163004812DE /* Build configuration list for PBXNativeTarget "Dialogs" */;
			buildPhases = (
				7BDF56221AEBE163004812DE /* Sources */,
				7BDF56241AEBE163004812DE /* Headers */,
				7BDF56251AEBE163004812DE /* Resources */,
				7B2C42F51B48914500C283CE /* CopyFiles */,
			);
			buildRules = (
			);
			dependencies = (
			);
			name = Dialogs;
			productName = Dialogs;
			productReference = 7BDF56271AEBE163004812DE /* Dialogs.framework */;
			productType = "com.apple.product-type.framework";
		};
		7BF9CC721AEBED350058B25F /* dialogsTest */ = {
			isa = PBXNativeTarget;
			buildConfigurationList = 7BF9CC771AEBED350058B25F /* Build configuration list for PBXNativeTarget "dialogsTest" */;
			buildPhases = (
				7BF9CC6F1AEBED350058B25F /* Sources */,
				7BF9CC701AEBED350058B25F /* Frameworks */,
			);
			buildRules = (
			);
			dependencies = (
				7BF9CC7B1AEBED3B0058B25F /* PBXTargetDependency */,
			);
			name = dialogsTest;
			productName = dialogsTest;
			productReference = 7BF9CC731AEBED350058B25F /* dialogsTest */;
			productType = "com.apple.product-type.tool";
		};
		8D1107260486CEB800E47090 /* cocoaDialog */ = {
			isa = PBXNativeTarget;
			buildConfigurationList = 0E77E99F0963C37C00D651A3 /* Build configuration list for PBXNativeTarget "cocoaDialog" */;
			buildPhases = (
				8D1107290486CEB800E47090 /* Resources */,
				8D11072C0486CEB800E47090 /* Sources */,
				8D11072E0486CEB800E47090 /* Frameworks */,
				A78A8CEA143784BD007AE363 /* CopyFiles */,
				A7D4043E153C38E0005FA3CD /* ShellScript */,
			);
			buildRules = (
			);
			dependencies = (
				61C9A9D714665F7E0054DD91 /* PBXTargetDependency */,
				7BDF563D1AEBE163004812DE /* PBXTargetDependency */,
			);
			name = cocoaDialog;
			productInstallPath = "$(HOME)/Applications";
			productName = cocoaDialog;
			productReference = 8D1107320486CEB800E47090 /* cocoaDialog.app */;
			productType = "com.apple.product-type.application";
		};
		A7BABB2D1445817B00D3F168 /* relaunch */ = {
			isa = PBXNativeTarget;
			buildConfigurationList = A7BABB381445817B00D3F168 /* Build configuration list for PBXNativeTarget "relaunch" */;
			buildPhases = (
				A7BABB2A1445817B00D3F168 /* Sources */,
				A7BABB2B1445817B00D3F168 /* Frameworks */,
			);
			buildRules = (
			);
			dependencies = (
			);
			name = relaunch;
			productName = relaunch;
			productReference = A7BABB2E1445817B00D3F168 /* relaunch */;
			productType = "com.apple.product-type.tool";
		};
/* End PBXNativeTarget section */

/* Begin PBXProject section */
		29B97313FDCFA39411CA2CEA /* Project object */ = {
			isa = PBXProject;
			attributes = {
				LastUpgradeCheck = 0700;
				TargetAttributes = {
					7BDF56261AEBE163004812DE = {
						CreatedOnToolsVersion = 6.3;
					};
					7BF9CC671AEBEBAF0058B25F = {
						CreatedOnToolsVersion = 6.3;
					};
					7BF9CC721AEBED350058B25F = {
						CreatedOnToolsVersion = 6.3;
					};
				};
			};
			buildConfigurationList = 0E77E9A30963C37C00D651A3 /* Build configuration list for PBXProject "cocoaDialog" */;
			compatibilityVersion = "Xcode 3.2";
			developmentRegion = English;
			hasScannedForEncodings = 1;
			knownRegions = (
				en,
				English,
				"en-US",
			);
			mainGroup = 29B97314FDCFA39411CA2CEA /* cocoaDialog */;
			projectDirPath = "";
			projectRoot = "";
			targets = (
				8D1107260486CEB800E47090 /* cocoaDialog */,
				A7BABB2D1445817B00D3F168 /* relaunch */,
				7BDF56261AEBE163004812DE /* Dialogs */,
				7BF9CC671AEBEBAF0058B25F /* Progress Bar */,
				7BF9CC721AEBED350058B25F /* dialogsTest */,
			);
		};
/* End PBXProject section */

/* Begin PBXResourcesBuildPhase section */
		7BDF56251AEBE163004812DE /* Resources */ = {
			isa = PBXResourcesBuildPhase;
			buildActionMask = 2147483647;
			files = (
				7BDF56761AEBE37D004812DE /* Msgbox.xib in Resources */,
				7BDF56771AEBE37D004812DE /* popup.xib in Resources */,
				7BDF56781AEBE37D004812DE /* Progressbar.xib in Resources */,
				7BDF56791AEBE37D004812DE /* tbc.xib in Resources */,
				7BDF567A1AEBE37D004812DE /* Textbox.xib in Resources */,
			);
			runOnlyForDeploymentPostprocessing = 0;
		};
		8D1107290486CEB800E47090 /* Resources */ = {
			isa = PBXResourcesBuildPhase;
			buildActionMask = 2147483647;
			files = (
				A7BABB401445829B00D3F168 /* relaunch in Resources */,
				7BF9CCCA1AEBFBAA0058B25F /* Images.xcassets in Resources */,
				A78A8CD414376C42007AE363 /* InfoPlist.strings in Resources */,
				A78A8CD514376C42007AE363 /* MainMenu.xib in Resources */,
				A78A8CE014377610007AE363 /* CHANGELOG in Resources */,
				61FA9D2114518E97006E0674 /* dsa_pub.pem in Resources */,
			);
			runOnlyForDeploymentPostprocessing = 0;
		};
/* End PBXResourcesBuildPhase section */

/* Begin PBXShellScriptBuildPhase section */
		7BF9CC6D1AEBEBD40058B25F /* ShellScript */ = {
			isa = PBXShellScriptBuildPhase;
			buildActionMask = 2147483647;
			files = (
			);
			inputPaths = (
				"$(BUILT_PRODUCTS_DIR)/$(PROJECT_NAME).app/Contents/MacOS/$(PROJECT_NAME)",
			);
			outputPaths = (
			);
			runOnlyForDeploymentPostprocessing = 0;
			shellPath = /bin/sh;
			shellScript = "# written by Kevin Hendricks\n\n# create a named pipe\nrm -f /tmp/hpipe\nmkfifo /tmp/hpipe\n\n# create a background job which takes its input     the named pipe\n\"${SCRIPT_INPUT_FILE_0}\" progressbar --indeterminate --title \"My Program\" --text \"Please wait...\" < /tmp/hpipe &\n\n# associate file descriptor 3 with that pipe and send a character through the pipe\nexec 3<> /tmp/hpipe\necho -n . >&3\n\n# do all of your work here\nsleep 4\n\n# now turn off the progress bar by closing file descriptor 3\nexec 3>&-\n\n# wait for all background jobs to exit\nwait\nrm -f /tmp/hpipe\nexit 0\n";
		};
		7BF9CC6E1AEBEC6E0058B25F /* PYTHON progress bar */ = {
			isa = PBXShellScriptBuildPhase;
			buildActionMask = 2147483647;
			files = (
			);
			inputPaths = (
			);
			name = "PYTHON progress bar";
			outputPaths = (
			);
			runOnlyForDeploymentPostprocessing = 0;
			shellPath = /usr/bin/python;
			shellScript = "\"\"\"ProgressBar -- for use with CocoaDialog (http://cocoadialog.sourceforge.net/)\"\"\"\n\n__author__ = \"Paul Bissex <pb@e-scribe.com>\"\n__version__ = \"0.2.1\"\n__license__ = \"MIT\"\n\nimport os\n\nclass ProgressBar:\n    \"\"\"Simple class for displaying progress bars using CocoaDialog\"\"\"\n\n    # Change CD_BASE to reflect the location of Cocoadialog on your system\n    CD_BASE = \"${BUILT_PRODUCTS_DIR}\"\n    CD_PATH = os.path.join(CD_BASE, \"${PROJECT_NAME}.app/Contents/MacOS/${PROJECT_NAME}\")\n    \n    def __init__(self, title=\"Progress\", message=\"\", percent=0):\n        \"\"\"Create progress bar dialog\"\"\"\n        template = \"%s progressbar --title '%s' --text '%s' --percent %d --stoppable\"\n        self.percent = percent\n        self.pipe = os.popen(template % (ProgressBar.CD_PATH, title, message, percent), \"w\")\n        self.message = message\n            \n    def update(self, percent, message=False):\n        \"\"\"Update progress bar (and message if desired)\"\"\"\n        if message:\n            self.message = message  # store message for persistence\n        self.pipe.write(\"%d %s\\n\" % (percent, self.message))\n        self.pipe.flush()\n        \n    def finish(self):\n        \"\"\"Close progress bar window\"\"\"\n        self.pipe.close()\n\n\nif __name__ == \"__main__\":\n    # Sample usage\n    import time\n    bar = ProgressBar(title=\"ProgressBar.py Test\")\n    \n    for percent in range(25):\n        time.sleep(.15)\n        bar.update(percent, \"Test Starting...\")\n        \n    for percent in range(25,100):\n        time.sleep(.02)\n        bar.update(percent, \"Test Finishing...\")\n     \n    time.sleep(.5)\n    bar.finish()";
		};
		A7D4043E153C38E0005FA3CD /* ShellScript */ = {
			isa = PBXShellScriptBuildPhase;
			buildActionMask = 2147483647;
			files = (
			);
			inputPaths = (
				"$(TARGET_BUILD_DIR)/$(EXECUTABLE_PATH)",
			);
			outputPaths = (
				"/usr/local/bin/cocoa-dialog",
			);
			runOnlyForDeploymentPostprocessing = 0;
			shellPath = /bin/zsh;
			shellScript = "# /server/repositories/github/sparkle-release/src/sparkle-release\n\nCLI_NAME=cocoa-dialog\n\n# mkdir -p \"${SCRIPT_OUTPUT_FILE_0}\"\n\nEXE=\"${SCRIPT_OUTPUT_FILE_0}\"\n\n# This installs a simple launcher to /usr/local/bin\necho \"#!/bin/zsh\nexec ${SCRIPT_INPUT_FILE_0} \\\"\\$@\\\"\"> \"$EXE\" && chmod +x \"$EXE\"\n\n/xbin/finder reveal \"$EXE\"\n";
		};
/* End PBXShellScriptBuildPhase section */

/* Begin PBXSourcesBuildPhase section */
		7BDF56221AEBE163004812DE /* Sources */ = {
			isa = PBXSourcesBuildPhase;
			buildActionMask = 2147483647;
			files = (
				7BDF56461AEBE182004812DE /* CDCommon.m in Sources */,
				7BDF56471AEBE182004812DE /* CDControl.m in Sources */,
				7BDF56481AEBE182004812DE /* CDFileDialogControl.m in Sources */,
				7BDF56491AEBE182004812DE /* CDFileSaveControl.m in Sources */,
				7BDF564A1AEBE182004812DE /* CDFileSelectControl.m in Sources */,
				7BDF564B1AEBE182004812DE /* CDIcon.m in Sources */,
				7BDF564C1AEBE182004812DE /* CDBubbleControl.m in Sources */,
				7BDF564D1AEBE182004812DE /* CDGrowlControl.m in Sources */,
				7BDF564E1AEBE182004812DE /* CDNotifyControl.m in Sources */,
				7BDF564F1AEBE182004812DE /* KABubbleWindow.m in Sources */,
				7BDF56501AEBE182004812DE /* KABubbleWindowController.m in Sources */,
				7BDF56511AEBE182004812DE /* KABubbleWindowView.m in Sources */,
				7BDF56521AEBE182004812DE /* CDPanel.m in Sources */,
				7BDF56531AEBE182004812DE /* CDProgressbarControl.m in Sources */,
				7BDF56541AEBE182004812DE /* CDProgressbarInputHandler.m in Sources */,
				7BDF56551AEBE182004812DE /* CDCheckboxControl.m in Sources */,
				7BDF56561AEBE182004812DE /* CDInputboxControl.m in Sources */,
				7BDF56571AEBE182004812DE /* CDMsgboxControl.m in Sources */,
				7BDF56581AEBE182004812DE /* CDOkMsgboxControl.m in Sources */,
				7BDF56591AEBE182004812DE /* CDPopUpButtonControl.m in Sources */,
				7BDF565A1AEBE182004812DE /* CDRadioControl.m in Sources */,
				7BDF565B1AEBE182004812DE /* CDSlider.m in Sources */,
				7BDF565C1AEBE182004812DE /* CDStandardInputboxControl.m in Sources */,
				7BDF565D1AEBE182004812DE /* CDStandardPopUpButtonControl.m in Sources */,
				7BDF565E1AEBE182004812DE /* CDTextboxControl.m in Sources */,
				7BDF565F1AEBE182004812DE /* CDThreeButtonControl.m in Sources */,
				7BDF56601AEBE182004812DE /* CDYesNoMsgboxControl.m in Sources */,
				7BDF56611AEBE182004812DE /* CDOptions.m in Sources */,
			);
			runOnlyForDeploymentPostprocessing = 0;
		};
		7BF9CC6F1AEBED350058B25F /* Sources */ = {
			isa = PBXSourcesBuildPhase;
			buildActionMask = 2147483647;
			files = (
				7BF9CC761AEBED350058B25F /* dialogsTest.m in Sources */,
			);
			runOnlyForDeploymentPostprocessing = 0;
		};
		8D11072C0486CEB800E47090 /* Sources */ = {
			isa = PBXSourcesBuildPhase;
			buildActionMask = 2147483647;
			files = (
				61EC90AD145FACF8003ADF05 /* AppController.m in Sources */,
				61EC90E6145FACF8003ADF05 /* CDUpdate.m in Sources */,
			);
			runOnlyForDeploymentPostprocessing = 0;
		};
		A7BABB2A1445817B00D3F168 /* Sources */ = {
			isa = PBXSourcesBuildPhase;
			buildActionMask = 2147483647;
			files = (
				6187E60114664988005067DB /* relaunch.m in Sources */,
			);
			runOnlyForDeploymentPostprocessing = 0;
		};
/* End PBXSourcesBuildPhase section */

/* Begin PBXTargetDependency section */
		61C9A9D714665F7E0054DD91 /* PBXTargetDependency */ = {
			isa = PBXTargetDependency;
			target = A7BABB2D1445817B00D3F168 /* relaunch */;
			targetProxy = 61C9A9D614665F7E0054DD91 /* PBXContainerItemProxy */;
		};
		7BDF563D1AEBE163004812DE /* PBXTargetDependency */ = {
			isa = PBXTargetDependency;
			target = 7BDF56261AEBE163004812DE /* Dialogs */;
			targetProxy = 7BDF563C1AEBE163004812DE /* PBXContainerItemProxy */;
		};
		7BF9CC6C1AEBEBD00058B25F /* PBXTargetDependency */ = {
			isa = PBXTargetDependency;
			target = 8D1107260486CEB800E47090 /* cocoaDialog */;
			targetProxy = 7BF9CC6B1AEBEBD00058B25F /* PBXContainerItemProxy */;
		};
		7BF9CC7B1AEBED3B0058B25F /* PBXTargetDependency */ = {
			isa = PBXTargetDependency;
			target = 7BDF56261AEBE163004812DE /* Dialogs */;
			targetProxy = 7BF9CC7A1AEBED3B0058B25F /* PBXContainerItemProxy */;
		};
/* End PBXTargetDependency section */

/* Begin PBXVariantGroup section */
		A78A8CB5143759ED007AE363 /* InfoPlist.strings */ = {
			isa = PBXVariantGroup;
			children = (
				A78A8CB6143759ED007AE363 /* en-US */,
			);
			name = InfoPlist.strings;
			sourceTree = "<group>";
		};
		A78A8CB7143759ED007AE363 /* MainMenu.xib */ = {
			isa = PBXVariantGroup;
			children = (
				A78A8CB8143759ED007AE363 /* en-US */,
			);
			name = MainMenu.xib;
			sourceTree = "<group>";
		};
		A78A8CB9143759ED007AE363 /* Msgbox.xib */ = {
			isa = PBXVariantGroup;
			children = (
				A78A8CBA143759ED007AE363 /* en-US */,
			);
			name = Msgbox.xib;
			sourceTree = "<group>";
		};
		A78A8CBB143759ED007AE363 /* Progressbar.xib */ = {
			isa = PBXVariantGroup;
			children = (
				A78A8CBC143759ED007AE363 /* en-US */,
			);
			name = Progressbar.xib;
			sourceTree = "<group>";
		};
		A78A8CBD143759ED007AE363 /* tbc.xib */ = {
			isa = PBXVariantGroup;
			children = (
				A78A8CBE143759ED007AE363 /* en-US */,
			);
			name = tbc.xib;
			sourceTree = "<group>";
		};
		A78A8CBF143759ED007AE363 /* Textbox.xib */ = {
			isa = PBXVariantGroup;
			children = (
				A78A8CC0143759ED007AE363 /* en-US */,
			);
			name = Textbox.xib;
			sourceTree = "<group>";
		};
		A7D40436153C2BC3005FA3CD /* popup.xib */ = {
			isa = PBXVariantGroup;
			children = (
				A7D40437153C2BC3005FA3CD /* en-US */,
			);
			name = popup.xib;
			sourceTree = "<group>";
		};
/* End PBXVariantGroup section */

/* Begin XCBuildConfiguration section */
		0E77E9A20963C37C00D651A3 /* Debug */ = {
			isa = XCBuildConfiguration;
			baseConfigurationReference = A78A8C9614375704007AE363 /* ConfigDebug.xcconfig */;
			buildSettings = {
				ASSETCATALOG_COMPILER_APPICON_NAME = AppIcon;
				CLANG_ENABLE_OBJC_ARC = YES;
				COMBINE_HIDPI_IMAGES = YES;
				COPY_PHASE_STRIP = NO;
				FRAMEWORK_SEARCH_PATHS = (
					"$(USER_LIBRARY_DIR)/Frameworks",
					"${SRCROOT}/Frameworks",
				);
				LD_RUNPATH_SEARCH_PATHS = "$(inherited)";
				MACOSX_DEPLOYMENT_TARGET = 10.6;
				ONLY_ACTIVE_ARCH = YES;
				OTHER_LDFLAGS = "";
				PRODUCT_BUNDLE_IDENTIFIER = com.cocoaDialog;
				SECTORDER_FLAGS = "";
				STRIP_INSTALLED_PRODUCT = NO;
			};
			name = Debug;
		};
		0E77E9A60963C37C00D651A3 /* Debug */ = {
			isa = XCBuildConfiguration;
			baseConfigurationReference = A78A8C9614375704007AE363 /* ConfigDebug.xcconfig */;
			buildSettings = {
				ALWAYS_SEARCH_USER_PATHS = NO;
				CLANG_ALLOW_NON_MODULAR_INCLUDES_IN_FRAMEWORK_MODULES = YES;
				CLANG_ENABLE_MODULES = YES;
				CLANG_ENABLE_OBJC_ARC = YES;
				CLANG_WARN_BOOL_CONVERSION = YES;
				CLANG_WARN_CONSTANT_CONVERSION = YES;
				CLANG_WARN_EMPTY_BODY = YES;
				CLANG_WARN_ENUM_CONVERSION = YES;
				CLANG_WARN_INT_CONVERSION = YES;
				CLANG_WARN_UNREACHABLE_CODE = NO;
				CLANG_WARN__DUPLICATE_METHOD_MATCH = YES;
				ENABLE_STRICT_OBJC_MSGSEND = NO;
				ENABLE_TESTABILITY = YES;
				FRAMEWORK_SEARCH_PATHS = "$(USER_LIBRARY_DIR)/Frameworks";
				GCC_C_LANGUAGE_STANDARD = c11;
				GCC_NO_COMMON_BLOCKS = YES;
				GCC_WARN_UNDECLARED_SELECTOR = YES;
				GCC_WARN_UNINITIALIZED_AUTOS = YES;
				GCC_WARN_UNUSED_VARIABLE = YES;
				MACOSX_DEPLOYMENT_TARGET = 10.9;
				ONLY_ACTIVE_ARCH = YES;
			};
			name = Debug;
		};
		7BDF56411AEBE163004812DE /* Debug */ = {
			isa = XCBuildConfiguration;
			buildSettings = {
				ALWAYS_SEARCH_USER_PATHS = NO;
				CLANG_CXX_LANGUAGE_STANDARD = "gnu++0x";
				CLANG_CXX_LIBRARY = "libc++";
				CLANG_ENABLE_MODULES = YES;
				CLANG_ENABLE_OBJC_ARC = YES;
				CLANG_WARN_BOOL_CONVERSION = YES;
				CLANG_WARN_CONSTANT_CONVERSION = YES;
				CLANG_WARN_DIRECT_OBJC_ISA_USAGE = YES_ERROR;
				CLANG_WARN_EMPTY_BODY = YES;
				CLANG_WARN_ENUM_CONVERSION = YES;
				CLANG_WARN_INT_CONVERSION = YES;
				CLANG_WARN_OBJC_ROOT_CLASS = YES_ERROR;
				CLANG_WARN_UNREACHABLE_CODE = YES;
				CLANG_WARN__DUPLICATE_METHOD_MATCH = YES;
				COMBINE_HIDPI_IMAGES = YES;
				COPY_PHASE_STRIP = NO;
				CURRENT_PROJECT_VERSION = 1;
				DEBUG_INFORMATION_FORMAT = dwarf;
				DEFINES_MODULE = YES;
				DEPLOYMENT_LOCATION = YES;
				DEPLOYMENT_POSTPROCESSING = YES;
				DSTROOT = /;
				DYLIB_COMPATIBILITY_VERSION = 1;
				DYLIB_CURRENT_VERSION = 1;
				DYLIB_INSTALL_NAME_BASE = "@rpath";
				ENABLE_STRICT_OBJC_MSGSEND = YES;
				FRAMEWORK_VERSION = A;
				GCC_DYNAMIC_NO_PIC = NO;
				GCC_NO_COMMON_BLOCKS = YES;
				GCC_OPTIMIZATION_LEVEL = 0;
				GCC_PREPROCESSOR_DEFINITIONS = (
					"DEBUG=1",
					"$(inherited)",
				);
				GCC_SYMBOLS_PRIVATE_EXTERN = NO;
				GCC_WARN_64_TO_32_BIT_CONVERSION = YES;
				GCC_WARN_ABOUT_RETURN_TYPE = YES_ERROR;
				GCC_WARN_UNDECLARED_SELECTOR = YES;
				GCC_WARN_UNINITIALIZED_AUTOS = YES_AGGRESSIVE;
				GCC_WARN_UNUSED_FUNCTION = YES;
				GCC_WARN_UNUSED_VARIABLE = YES;
				INFOPLIST_FILE = "Resources/Dialogs-Info.plist";
				INSTALL_PATH = "$(HOME)/$(LOCAL_LIBRARY_DIR)/Frameworks";
				MACOSX_DEPLOYMENT_TARGET = 10.10;
				ONLY_ACTIVE_ARCH = YES;
				OTHER_LDFLAGS = (
					"-framework",
					Growl,
				);
				PRODUCT_BUNDLE_IDENTIFIER = "com.mrgray.$(PRODUCT_NAME:rfc1034identifier)";
				PRODUCT_NAME = "$(TARGET_NAME)";
				SDKROOT = macosx10.10;
				SKIP_INSTALL = NO;
				STRIP_INSTALLED_PRODUCT = NO;
				VERSIONING_SYSTEM = "apple-generic";
				VERSION_INFO_PREFIX = "";
			};
			name = Debug;
		};
		7BDF56421AEBE163004812DE /* Release */ = {
			isa = XCBuildConfiguration;
			buildSettings = {
				ALWAYS_SEARCH_USER_PATHS = NO;
				CLANG_CXX_LANGUAGE_STANDARD = "gnu++0x";
				CLANG_CXX_LIBRARY = "libc++";
				CLANG_ENABLE_MODULES = YES;
				CLANG_ENABLE_OBJC_ARC = YES;
				CLANG_WARN_BOOL_CONVERSION = YES;
				CLANG_WARN_CONSTANT_CONVERSION = YES;
				CLANG_WARN_DIRECT_OBJC_ISA_USAGE = YES_ERROR;
				CLANG_WARN_EMPTY_BODY = YES;
				CLANG_WARN_ENUM_CONVERSION = YES;
				CLANG_WARN_INT_CONVERSION = YES;
				CLANG_WARN_OBJC_ROOT_CLASS = YES_ERROR;
				CLANG_WARN_UNREACHABLE_CODE = YES;
				CLANG_WARN__DUPLICATE_METHOD_MATCH = YES;
				COMBINE_HIDPI_IMAGES = YES;
				COPY_PHASE_STRIP = NO;
				CURRENT_PROJECT_VERSION = 1;
				DEBUG_INFORMATION_FORMAT = "dwarf-with-dsym";
				DEFINES_MODULE = YES;
				DEPLOYMENT_LOCATION = YES;
				DEPLOYMENT_POSTPROCESSING = YES;
				DSTROOT = /;
				DYLIB_COMPATIBILITY_VERSION = 1;
				DYLIB_CURRENT_VERSION = 1;
				DYLIB_INSTALL_NAME_BASE = "@rpath";
				ENABLE_NS_ASSERTIONS = NO;
				ENABLE_STRICT_OBJC_MSGSEND = YES;
				FRAMEWORK_VERSION = A;
				GCC_NO_COMMON_BLOCKS = YES;
				GCC_WARN_64_TO_32_BIT_CONVERSION = YES;
				GCC_WARN_ABOUT_RETURN_TYPE = YES_ERROR;
				GCC_WARN_UNDECLARED_SELECTOR = YES;
				GCC_WARN_UNINITIALIZED_AUTOS = YES_AGGRESSIVE;
				GCC_WARN_UNUSED_FUNCTION = YES;
				GCC_WARN_UNUSED_VARIABLE = YES;
				INFOPLIST_FILE = "Resources/Dialogs-Info.plist";
				INSTALL_PATH = "$(HOME)/$(LOCAL_LIBRARY_DIR)/Frameworks";
				MACOSX_DEPLOYMENT_TARGET = 10.10;
				ONLY_ACTIVE_ARCH = YES;
				OTHER_LDFLAGS = (
					"-framework",
					Growl,
				);
				PRODUCT_BUNDLE_IDENTIFIER = "com.mrgray.$(PRODUCT_NAME:rfc1034identifier)";
				PRODUCT_NAME = "$(TARGET_NAME)";
				SDKROOT = macosx10.10;
				SKIP_INSTALL = NO;
				STRIP_INSTALLED_PRODUCT = NO;
				VERSIONING_SYSTEM = "apple-generic";
				VERSION_INFO_PREFIX = "";
			};
			name = Release;
		};
		7BF9CC691AEBEBAF0058B25F /* Debug */ = {
			isa = XCBuildConfiguration;
			buildSettings = {
				PRODUCT_BUNDLE_IDENTIFIER = com.cocoaDialog;
				PRODUCT_NAME = "$(TARGET_NAME)";
			};
			name = Debug;
		};
		7BF9CC6A1AEBEBAF0058B25F /* Release */ = {
			isa = XCBuildConfiguration;
			buildSettings = {
				PRODUCT_BUNDLE_IDENTIFIER = com.cocoaDialog;
				PRODUCT_NAME = "$(TARGET_NAME)";
			};
			name = Release;
		};
		7BF9CC781AEBED350058B25F /* Debug */ = {
			isa = XCBuildConfiguration;
			buildSettings = {
				ARCHS = "$(ARCHS_STANDARD)";
				CLANG_ALLOW_NON_MODULAR_INCLUDES_IN_FRAMEWORK_MODULES = YES;
				CLANG_WARN_DIRECT_OBJC_ISA_USAGE = YES_ERROR;
				CLANG_WARN_OBJC_ROOT_CLASS = YES_ERROR;
				CLANG_WARN_UNREACHABLE_CODE = YES;
				COPY_PHASE_STRIP = NO;
				GCC_DYNAMIC_NO_PIC = NO;
				GCC_OPTIMIZATION_LEVEL = 0;
				GCC_PREPROCESSOR_DEFINITIONS = (
					"DEBUG=1",
					"$(inherited)",
				);
				GCC_SYMBOLS_PRIVATE_EXTERN = NO;
				GCC_WARN_64_TO_32_BIT_CONVERSION = YES;
				GCC_WARN_ABOUT_RETURN_TYPE = YES_ERROR;
				GCC_WARN_UNINITIALIZED_AUTOS = YES_AGGRESSIVE;
				GCC_WARN_UNUSED_FUNCTION = YES;
				LD_RUNPATH_SEARCH_PATHS = "@loader_path/Frameworks $(inherited)";
				PRODUCT_BUNDLE_IDENTIFIER = com.cocoaDialog;
				PRODUCT_NAME = "$(TARGET_NAME)";
			};
			name = Debug;
		};
		7BF9CC791AEBED350058B25F /* Release */ = {
			isa = XCBuildConfiguration;
			buildSettings = {
				ARCHS = "$(ARCHS_STANDARD)";
				CLANG_ALLOW_NON_MODULAR_INCLUDES_IN_FRAMEWORK_MODULES = YES;
				CLANG_WARN_DIRECT_OBJC_ISA_USAGE = YES_ERROR;
				CLANG_WARN_OBJC_ROOT_CLASS = YES_ERROR;
				CLANG_WARN_UNREACHABLE_CODE = YES;
				COPY_PHASE_STRIP = NO;
				ENABLE_NS_ASSERTIONS = NO;
				GCC_WARN_64_TO_32_BIT_CONVERSION = YES;
				GCC_WARN_ABOUT_RETURN_TYPE = YES_ERROR;
				GCC_WARN_UNINITIALIZED_AUTOS = YES_AGGRESSIVE;
				GCC_WARN_UNUSED_FUNCTION = YES;
				LD_RUNPATH_SEARCH_PATHS = "@loader_path/Frameworks $(inherited)";
				PRODUCT_BUNDLE_IDENTIFIER = com.cocoaDialog;
				PRODUCT_NAME = "$(TARGET_NAME)";
			};
			name = Release;
		};
		A78A8CA114375864007AE363 /* Release */ = {
			isa = XCBuildConfiguration;
			baseConfigurationReference = A78A8C9714375704007AE363 /* ConfigRelease.xcconfig */;
			buildSettings = {
				ALWAYS_SEARCH_USER_PATHS = NO;
				CLANG_ALLOW_NON_MODULAR_INCLUDES_IN_FRAMEWORK_MODULES = YES;
				CLANG_ENABLE_MODULES = YES;
				CLANG_ENABLE_OBJC_ARC = YES;
				CLANG_WARN_BOOL_CONVERSION = YES;
				CLANG_WARN_CONSTANT_CONVERSION = YES;
				CLANG_WARN_EMPTY_BODY = YES;
				CLANG_WARN_ENUM_CONVERSION = YES;
				CLANG_WARN_INT_CONVERSION = YES;
				CLANG_WARN_UNREACHABLE_CODE = NO;
				CLANG_WARN__DUPLICATE_METHOD_MATCH = YES;
				ENABLE_STRICT_OBJC_MSGSEND = NO;
				FRAMEWORK_SEARCH_PATHS = "$(USER_LIBRARY_DIR)/Frameworks";
				GCC_C_LANGUAGE_STANDARD = c11;
				GCC_NO_COMMON_BLOCKS = YES;
				GCC_WARN_UNDECLARED_SELECTOR = YES;
				GCC_WARN_UNINITIALIZED_AUTOS = YES;
				GCC_WARN_UNUSED_VARIABLE = YES;
				MACOSX_DEPLOYMENT_TARGET = 10.9;
			};
			name = Release;
		};
		A78A8CA214375864007AE363 /* Release */ = {
			isa = XCBuildConfiguration;
			baseConfigurationReference = A78A8C9714375704007AE363 /* ConfigRelease.xcconfig */;
			buildSettings = {
				ASSETCATALOG_COMPILER_APPICON_NAME = AppIcon;
				CLANG_ENABLE_OBJC_ARC = YES;
				COMBINE_HIDPI_IMAGES = YES;
				COPY_PHASE_STRIP = NO;
				FRAMEWORK_SEARCH_PATHS = (
					"$(USER_LIBRARY_DIR)/Frameworks",
					"${SRCROOT}/Frameworks",
				);
				LD_RUNPATH_SEARCH_PATHS = "$(inherited)";
				MACOSX_DEPLOYMENT_TARGET = 10.6;
				ONLY_ACTIVE_ARCH = YES;
				OTHER_LDFLAGS = "";
				PRODUCT_BUNDLE_IDENTIFIER = com.cocoaDialog;
				SECTORDER_FLAGS = "";
				STRIP_INSTALLED_PRODUCT = NO;
			};
			name = Release;
		};
		A7BABB391445817B00D3F168 /* Debug */ = {
			isa = XCBuildConfiguration;
			baseConfigurationReference = A78A8C9614375704007AE363 /* ConfigDebug.xcconfig */;
			buildSettings = {
				PRODUCT_BUNDLE_IDENTIFIER = com.cocoaDialog;
				PRODUCT_NAME = relaunch;
			};
			name = Debug;
		};
		A7BABB3A1445817B00D3F168 /* Release */ = {
			isa = XCBuildConfiguration;
			baseConfigurationReference = A78A8C9714375704007AE363 /* ConfigRelease.xcconfig */;
			buildSettings = {
				PRODUCT_BUNDLE_IDENTIFIER = com.cocoaDialog;
				PRODUCT_NAME = relaunch;
			};
			name = Release;
		};
/* End XCBuildConfiguration section */

/* Begin XCConfigurationList section */
		0E77E99F0963C37C00D651A3 /* Build configuration list for PBXNativeTarget "cocoaDialog" */ = {
			isa = XCConfigurationList;
			buildConfigurations = (
				0E77E9A20963C37C00D651A3 /* Debug */,
				A78A8CA214375864007AE363 /* Release */,
			);
			defaultConfigurationIsVisible = 0;
			defaultConfigurationName = Release;
		};
		0E77E9A30963C37C00D651A3 /* Build configuration list for PBXProject "cocoaDialog" */ = {
			isa = XCConfigurationList;
			buildConfigurations = (
				0E77E9A60963C37C00D651A3 /* Debug */,
				A78A8CA114375864007AE363 /* Release */,
			);
			defaultConfigurationIsVisible = 0;
			defaultConfigurationName = Release;
		};
		7BDF56401AEBE163004812DE /* Build configuration list for PBXNativeTarget "Dialogs" */ = {
			isa = XCConfigurationList;
			buildConfigurations = (
				7BDF56411AEBE163004812DE /* Debug */,
				7BDF56421AEBE163004812DE /* Release */,
			);
			defaultConfigurationIsVisible = 0;
			defaultConfigurationName = Release;
		};
		7BF9CC681AEBEBAF0058B25F /* Build configuration list for PBXAggregateTarget "Progress Bar" */ = {
			isa = XCConfigurationList;
			buildConfigurations = (
				7BF9CC691AEBEBAF0058B25F /* Debug */,
				7BF9CC6A1AEBEBAF0058B25F /* Release */,
			);
			defaultConfigurationIsVisible = 0;
			defaultConfigurationName = Release;
		};
		7BF9CC771AEBED350058B25F /* Build configuration list for PBXNativeTarget "dialogsTest" */ = {
			isa = XCConfigurationList;
			buildConfigurations = (
				7BF9CC781AEBED350058B25F /* Debug */,
				7BF9CC791AEBED350058B25F /* Release */,
			);
			defaultConfigurationIsVisible = 0;
			defaultConfigurationName = Release;
		};
		A7BABB381445817B00D3F168 /* Build configuration list for PBXNativeTarget "relaunch" */ = {
			isa = XCConfigurationList;
			buildConfigurations = (
				A7BABB391445817B00D3F168 /* Debug */,
				A7BABB3A1445817B00D3F168 /* Release */,
			);
			defaultConfigurationIsVisible = 0;
			defaultConfigurationName = Release;
		};
/* End XCConfigurationList section */
	};
	rootObject = 29B97313FDCFA39411CA2CEA /* Project object */;
}
