// !$*UTF8*$!
{
	archiveVersion = 1;
	classes = {
	};
	objectVersion = 48;
	objects = {

/* Begin PBXBuildFile section */
		61EC90AC145FACF8003ADF05 /* AppController.h in Headers */ = {isa = PBXBuildFile; fileRef = 61EC906B145FACF8003ADF05 /* AppController.h */; };
		61EC90AD145FACF8003ADF05 /* AppController.m in Sources */ = {isa = PBXBuildFile; fileRef = 61EC906C145FACF8003ADF05 /* AppController.m */; };
		61EC90E9145FAD58003ADF05 /* main.m in Sources */ = {isa = PBXBuildFile; fileRef = 61EC90E8145FAD58003ADF05 /* main.m */; };
		A70D2CDB1EAA93D5001825C4 /* Images.xcassets in Resources */ = {isa = PBXBuildFile; fileRef = A70D2CDA1EAA93D5001825C4 /* Images.xcassets */; };
		A7140B9C1E9D588400A50272 /* CDColor.m in Sources */ = {isa = PBXBuildFile; fileRef = A7140B9B1E9D588400A50272 /* CDColor.m */; };
		A72AB9651EA21146001B803B /* CDControl.h in Headers */ = {isa = PBXBuildFile; fileRef = A72AB9631EA21146001B803B /* CDControl.h */; };
		A72AB9661EA21146001B803B /* CDControl.m in Sources */ = {isa = PBXBuildFile; fileRef = A72AB9641EA21146001B803B /* CDControl.m */; };
		A770D5DD1EAAAD70004D1138 /* Cocoa.framework in Frameworks */ = {isa = PBXBuildFile; fileRef = A77365B41EA87F3100FDC070 /* Cocoa.framework */; };
		A770D5DF1EAAAD77004D1138 /* Foundation.framework in Frameworks */ = {isa = PBXBuildFile; fileRef = A770D5DE1EAAAD77004D1138 /* Foundation.framework */; };
		A770D5E11EAAADA2004D1138 /* ScriptingBridge.framework in Frameworks */ = {isa = PBXBuildFile; fileRef = A770D5E01EAAADA2004D1138 /* ScriptingBridge.framework */; };
		A78A8CD514376C42007AE363 /* MainMenu.xib in Resources */ = {isa = PBXBuildFile; fileRef = A78A8CB7143759ED007AE363 /* MainMenu.xib */; };
		A78A8CD614376C42007AE363 /* Msgbox.xib in Resources */ = {isa = PBXBuildFile; fileRef = A78A8CB9143759ED007AE363 /* Msgbox.xib */; };
		A78A8CD714376C42007AE363 /* Progressbar.xib in Resources */ = {isa = PBXBuildFile; fileRef = A78A8CBB143759ED007AE363 /* Progressbar.xib */; };
		A78A8CD814376C42007AE363 /* tbc.xib in Resources */ = {isa = PBXBuildFile; fileRef = A78A8CBD143759ED007AE363 /* tbc.xib */; };
		A78A8CD914376C42007AE363 /* Textbox.xib in Resources */ = {isa = PBXBuildFile; fileRef = A78A8CBF143759ED007AE363 /* Textbox.xib */; };
		A78A8CE014377610007AE363 /* CHANGELOG in Resources */ = {isa = PBXBuildFile; fileRef = A78A8CDE14377610007AE363 /* CHANGELOG */; };
		A78A8CE114377610007AE363 /* LICENSE in Resources */ = {isa = PBXBuildFile; fileRef = A78A8CDF14377610007AE363 /* LICENSE */; };
		A78A97B91E95C65000E4B3D1 /* Localizable.strings in Resources */ = {isa = PBXBuildFile; fileRef = A78A97B71E95C65000E4B3D1 /* Localizable.strings */; };
		A796ECBF1E9A37D7008EE718 /* CDOption.h in Headers */ = {isa = PBXBuildFile; fileRef = A796ECB91E9A37D7008EE718 /* CDOption.h */; };
		A796ECC01E9A37D7008EE718 /* CDOption.m in Sources */ = {isa = PBXBuildFile; fileRef = A796ECBA1E9A37D7008EE718 /* CDOption.m */; };
		A796ECC11E9A37D7008EE718 /* CDOptions.h in Headers */ = {isa = PBXBuildFile; fileRef = A796ECBB1E9A37D7008EE718 /* CDOptions.h */; };
		A796ECC21E9A37D7008EE718 /* CDOptions.m in Sources */ = {isa = PBXBuildFile; fileRef = A796ECBC1E9A37D7008EE718 /* CDOptions.m */; };
		A796ED071E9A38F8008EE718 /* CDFileDialogControl.h in Headers */ = {isa = PBXBuildFile; fileRef = A796ECC91E9A38F8008EE718 /* CDFileDialogControl.h */; };
		A796ED081E9A38F8008EE718 /* CDFileDialogControl.m in Sources */ = {isa = PBXBuildFile; fileRef = A796ECCA1E9A38F8008EE718 /* CDFileDialogControl.m */; };
		A796ED091E9A38F8008EE718 /* CDFileSaveControl.h in Headers */ = {isa = PBXBuildFile; fileRef = A796ECCB1E9A38F8008EE718 /* CDFileSaveControl.h */; };
		A796ED0A1E9A38F8008EE718 /* CDFileSaveControl.m in Sources */ = {isa = PBXBuildFile; fileRef = A796ECCC1E9A38F8008EE718 /* CDFileSaveControl.m */; };
		A796ED0B1E9A38F8008EE718 /* CDFileSelectControl.h in Headers */ = {isa = PBXBuildFile; fileRef = A796ECCD1E9A38F8008EE718 /* CDFileSelectControl.h */; };
		A796ED0C1E9A38F8008EE718 /* CDFileSelectControl.m in Sources */ = {isa = PBXBuildFile; fileRef = A796ECCE1E9A38F8008EE718 /* CDFileSelectControl.m */; };
		A796ED131E9A38F8008EE718 /* CDNotifyControl.h in Headers */ = {isa = PBXBuildFile; fileRef = A796ECD61E9A38F8008EE718 /* CDNotifyControl.h */; };
		A796ED141E9A38F8008EE718 /* CDNotifyControl.m in Sources */ = {isa = PBXBuildFile; fileRef = A796ECD71E9A38F8008EE718 /* CDNotifyControl.m */; };
		A796ED1D1E9A38F8008EE718 /* CDProgressbarControl.h in Headers */ = {isa = PBXBuildFile; fileRef = A796ECE11E9A38F8008EE718 /* CDProgressbarControl.h */; };
		A796ED1E1E9A38F8008EE718 /* CDProgressbarControl.m in Sources */ = {isa = PBXBuildFile; fileRef = A796ECE21E9A38F8008EE718 /* CDProgressbarControl.m */; };
		A796ED1F1E9A38F8008EE718 /* CDProgressbarInputHandler.h in Headers */ = {isa = PBXBuildFile; fileRef = A796ECE31E9A38F8008EE718 /* CDProgressbarInputHandler.h */; };
		A796ED201E9A38F8008EE718 /* CDProgressbarInputHandler.m in Sources */ = {isa = PBXBuildFile; fileRef = A796ECE41E9A38F8008EE718 /* CDProgressbarInputHandler.m */; };
		A796ED211E9A38F8008EE718 /* CDProgressbarInputHandlerDelegate.h in Headers */ = {isa = PBXBuildFile; fileRef = A796ECE51E9A38F8008EE718 /* CDProgressbarInputHandlerDelegate.h */; };
		A796ED221E9A38F8008EE718 /* CDCheckboxControl.h in Headers */ = {isa = PBXBuildFile; fileRef = A796ECE71E9A38F8008EE718 /* CDCheckboxControl.h */; };
		A796ED231E9A38F8008EE718 /* CDCheckboxControl.m in Sources */ = {isa = PBXBuildFile; fileRef = A796ECE81E9A38F8008EE718 /* CDCheckboxControl.m */; };
		A796ED241E9A38F8008EE718 /* CDInputboxControl.h in Headers */ = {isa = PBXBuildFile; fileRef = A796ECE91E9A38F8008EE718 /* CDInputboxControl.h */; };
		A796ED251E9A38F8008EE718 /* CDInputboxControl.m in Sources */ = {isa = PBXBuildFile; fileRef = A796ECEA1E9A38F8008EE718 /* CDInputboxControl.m */; };
		A796ED261E9A38F8008EE718 /* CDMsgboxControl.h in Headers */ = {isa = PBXBuildFile; fileRef = A796ECEB1E9A38F8008EE718 /* CDMsgboxControl.h */; };
		A796ED271E9A38F8008EE718 /* CDMsgboxControl.m in Sources */ = {isa = PBXBuildFile; fileRef = A796ECEC1E9A38F8008EE718 /* CDMsgboxControl.m */; };
		A796ED281E9A38F8008EE718 /* CDOkMsgboxControl.h in Headers */ = {isa = PBXBuildFile; fileRef = A796ECED1E9A38F8008EE718 /* CDOkMsgboxControl.h */; };
		A796ED291E9A38F8008EE718 /* CDOkMsgboxControl.m in Sources */ = {isa = PBXBuildFile; fileRef = A796ECEE1E9A38F8008EE718 /* CDOkMsgboxControl.m */; };
		A796ED2A1E9A38F8008EE718 /* CDPopUpButtonControl.h in Headers */ = {isa = PBXBuildFile; fileRef = A796ECEF1E9A38F8008EE718 /* CDPopUpButtonControl.h */; };
		A796ED2B1E9A38F8008EE718 /* CDPopUpButtonControl.m in Sources */ = {isa = PBXBuildFile; fileRef = A796ECF01E9A38F8008EE718 /* CDPopUpButtonControl.m */; };
		A796ED2C1E9A38F8008EE718 /* CDRadioControl.h in Headers */ = {isa = PBXBuildFile; fileRef = A796ECF11E9A38F8008EE718 /* CDRadioControl.h */; };
		A796ED2D1E9A38F8008EE718 /* CDRadioControl.m in Sources */ = {isa = PBXBuildFile; fileRef = A796ECF21E9A38F8008EE718 /* CDRadioControl.m */; };
		A796ED2E1E9A38F8008EE718 /* CDSecureInputboxControl.h in Headers */ = {isa = PBXBuildFile; fileRef = A796ECF31E9A38F8008EE718 /* CDSecureInputboxControl.h */; };
		A796ED2F1E9A38F8008EE718 /* CDSecureInputboxControl.m in Sources */ = {isa = PBXBuildFile; fileRef = A796ECF41E9A38F8008EE718 /* CDSecureInputboxControl.m */; };
		A796ED301E9A38F8008EE718 /* CDSecureStandardInputboxControl.h in Headers */ = {isa = PBXBuildFile; fileRef = A796ECF51E9A38F8008EE718 /* CDSecureStandardInputboxControl.h */; };
		A796ED311E9A38F8008EE718 /* CDSecureStandardInputboxControl.m in Sources */ = {isa = PBXBuildFile; fileRef = A796ECF61E9A38F8008EE718 /* CDSecureStandardInputboxControl.m */; };
		A796ED321E9A38F8008EE718 /* CDSlider.h in Headers */ = {isa = PBXBuildFile; fileRef = A796ECF71E9A38F8008EE718 /* CDSlider.h */; };
		A796ED331E9A38F8008EE718 /* CDSlider.m in Sources */ = {isa = PBXBuildFile; fileRef = A796ECF81E9A38F8008EE718 /* CDSlider.m */; };
		A796ED341E9A38F8008EE718 /* CDStandardInputboxControl.h in Headers */ = {isa = PBXBuildFile; fileRef = A796ECF91E9A38F8008EE718 /* CDStandardInputboxControl.h */; };
		A796ED351E9A38F8008EE718 /* CDStandardInputboxControl.m in Sources */ = {isa = PBXBuildFile; fileRef = A796ECFA1E9A38F8008EE718 /* CDStandardInputboxControl.m */; };
		A796ED361E9A38F8008EE718 /* CDStandardPopUpButtonControl.h in Headers */ = {isa = PBXBuildFile; fileRef = A796ECFB1E9A38F8008EE718 /* CDStandardPopUpButtonControl.h */; };
		A796ED371E9A38F8008EE718 /* CDStandardPopUpButtonControl.m in Sources */ = {isa = PBXBuildFile; fileRef = A796ECFC1E9A38F8008EE718 /* CDStandardPopUpButtonControl.m */; };
		A796ED381E9A38F8008EE718 /* CDTextboxControl.h in Headers */ = {isa = PBXBuildFile; fileRef = A796ECFD1E9A38F8008EE718 /* CDTextboxControl.h */; };
		A796ED391E9A38F8008EE718 /* CDTextboxControl.m in Sources */ = {isa = PBXBuildFile; fileRef = A796ECFE1E9A38F8008EE718 /* CDTextboxControl.m */; };
		A796ED3A1E9A38F8008EE718 /* CDThreeButtonControl.h in Headers */ = {isa = PBXBuildFile; fileRef = A796ECFF1E9A38F8008EE718 /* CDThreeButtonControl.h */; };
		A796ED3B1E9A38F8008EE718 /* CDThreeButtonControl.m in Sources */ = {isa = PBXBuildFile; fileRef = A796ED001E9A38F8008EE718 /* CDThreeButtonControl.m */; };
		A796ED3C1E9A38F8008EE718 /* CDYesNoMsgboxControl.h in Headers */ = {isa = PBXBuildFile; fileRef = A796ED011E9A38F8008EE718 /* CDYesNoMsgboxControl.h */; };
		A796ED3D1E9A38F8008EE718 /* CDYesNoMsgboxControl.m in Sources */ = {isa = PBXBuildFile; fileRef = A796ED021E9A38F8008EE718 /* CDYesNoMsgboxControl.m */; };
		A796ED481E9AF509008EE718 /* NSString+CocoaDialog.h in Headers */ = {isa = PBXBuildFile; fileRef = A796ED441E9AF509008EE718 /* NSString+CocoaDialog.h */; };
		A796ED491E9AF509008EE718 /* NSString+CocoaDialog.m in Sources */ = {isa = PBXBuildFile; fileRef = A796ED451E9AF509008EE718 /* NSString+CocoaDialog.m */; };
		A796ED531E9B0D3A008EE718 /* NSString+CDColor.h in Headers */ = {isa = PBXBuildFile; fileRef = A796ED511E9B0D3A008EE718 /* NSString+CDColor.h */; };
		A796ED541E9B0D3A008EE718 /* NSString+CDColor.m in Sources */ = {isa = PBXBuildFile; fileRef = A796ED521E9B0D3A008EE718 /* NSString+CDColor.m */; };
		A796ED561E9B2926008EE718 /* CDTerminal.m in Sources */ = {isa = PBXBuildFile; fileRef = A796ED551E9B2926008EE718 /* CDTerminal.m */; };
		A796ED5A1E9BBD14008EE718 /* NSArray+CocoaDialog.m in Sources */ = {isa = PBXBuildFile; fileRef = A796ED591E9BBD13008EE718 /* NSArray+CocoaDialog.m */; };
		A7B9A4221EA32F5500FCC725 /* CDJson.m in Sources */ = {isa = PBXBuildFile; fileRef = A7B9A4211EA32F5500FCC725 /* CDJson.m */; };
		A7D40438153C2BC3005FA3CD /* popup.xib in Resources */ = {isa = PBXBuildFile; fileRef = A7D40436153C2BC3005FA3CD /* popup.xib */; };
		A7E545411EA9C9B0001C466B /* CDPanel.m in Sources */ = {isa = PBXBuildFile; fileRef = A7E545401EA9C9B0001C466B /* CDPanel.m */; };
/* End PBXBuildFile section */

/* Begin PBXFileReference section */
		61EC906B145FACF8003ADF05 /* AppController.h */ = {isa = PBXFileReference; fileEncoding = 4; lastKnownFileType = sourcecode.c.h; name = AppController.h; path = Source/AppController.h; sourceTree = "<group>"; };
		61EC906C145FACF8003ADF05 /* AppController.m */ = {isa = PBXFileReference; fileEncoding = 4; lastKnownFileType = sourcecode.c.objc; name = AppController.m; path = Source/AppController.m; sourceTree = "<group>"; };
		61EC90E8145FAD58003ADF05 /* main.m */ = {isa = PBXFileReference; fileEncoding = 4; lastKnownFileType = sourcecode.c.objc; name = main.m; path = Source/main.m; sourceTree = "<group>"; };
		8D1107320486CEB800E47090 /* cocoadialog.app */ = {isa = PBXFileReference; explicitFileType = wrapper.application; includeInIndex = 0; path = cocoadialog.app; sourceTree = BUILT_PRODUCTS_DIR; };
		A70D2CDA1EAA93D5001825C4 /* Images.xcassets */ = {isa = PBXFileReference; lastKnownFileType = folder.assetcatalog; name = Images.xcassets; path = Resources/Images.xcassets; sourceTree = "<group>"; };
		A7140B9B1E9D588400A50272 /* CDColor.m */ = {isa = PBXFileReference; fileEncoding = 4; lastKnownFileType = sourcecode.c.objc; name = CDColor.m; path = Source/CDColor.m; sourceTree = "<group>"; };
		A7140B9D1E9D589300A50272 /* CDColor.h */ = {isa = PBXFileReference; lastKnownFileType = sourcecode.c.h; name = CDColor.h; path = Source/CDColor.h; sourceTree = "<group>"; };
		A72AB9631EA21146001B803B /* CDControl.h */ = {isa = PBXFileReference; fileEncoding = 4; lastKnownFileType = sourcecode.c.h; name = CDControl.h; path = Source/CDControl.h; sourceTree = "<group>"; };
		A72AB9641EA21146001B803B /* CDControl.m */ = {isa = PBXFileReference; fileEncoding = 4; lastKnownFileType = sourcecode.c.objc; name = CDControl.m; path = Source/CDControl.m; sourceTree = "<group>"; };
		A770D5DE1EAAAD77004D1138 /* Foundation.framework */ = {isa = PBXFileReference; lastKnownFileType = wrapper.framework; name = Foundation.framework; path = System/Library/Frameworks/Foundation.framework; sourceTree = SDKROOT; };
		A770D5E01EAAADA2004D1138 /* ScriptingBridge.framework */ = {isa = PBXFileReference; lastKnownFileType = wrapper.framework; name = ScriptingBridge.framework; path = System/Library/Frameworks/ScriptingBridge.framework; sourceTree = SDKROOT; };
		A77365B41EA87F3100FDC070 /* Cocoa.framework */ = {isa = PBXFileReference; lastKnownFileType = wrapper.framework; name = Cocoa.framework; path = System/Library/Frameworks/Cocoa.framework; sourceTree = SDKROOT; };
		A78A8C9514375704007AE363 /* Config.xcconfig */ = {isa = PBXFileReference; fileEncoding = 4; lastKnownFileType = text.xcconfig; path = Config.xcconfig; sourceTree = "<group>"; };
		A78A8C9614375704007AE363 /* ConfigDebug.xcconfig */ = {isa = PBXFileReference; fileEncoding = 4; lastKnownFileType = text.xcconfig; path = ConfigDebug.xcconfig; sourceTree = "<group>"; };
		A78A8C9714375704007AE363 /* ConfigRelease.xcconfig */ = {isa = PBXFileReference; fileEncoding = 4; lastKnownFileType = text.xcconfig; path = ConfigRelease.xcconfig; sourceTree = "<group>"; };
		A78A8CDE14377610007AE363 /* CHANGELOG */ = {isa = PBXFileReference; fileEncoding = 4; lastKnownFileType = text; path = CHANGELOG; sourceTree = "<group>"; };
		A78A8CDF14377610007AE363 /* LICENSE */ = {isa = PBXFileReference; fileEncoding = 4; lastKnownFileType = text; path = LICENSE; sourceTree = "<group>"; };
		A78A97A01E95C5E700E4B3D1 /* Base */ = {isa = PBXFileReference; lastKnownFileType = file.xib; name = Base; path = Resources/Base.lproj/MainMenu.xib; sourceTree = "<group>"; };
		A78A97A11E95C5E700E4B3D1 /* Base */ = {isa = PBXFileReference; lastKnownFileType = file.xib; name = Base; path = Resources/Base.lproj/Msgbox.xib; sourceTree = "<group>"; };
		A78A97A21E95C5E700E4B3D1 /* Base */ = {isa = PBXFileReference; lastKnownFileType = file.xib; name = Base; path = Resources/Base.lproj/popup.xib; sourceTree = "<group>"; };
		A78A97A31E95C5E700E4B3D1 /* Base */ = {isa = PBXFileReference; lastKnownFileType = file.xib; name = Base; path = Resources/Base.lproj/Progressbar.xib; sourceTree = "<group>"; };
		A78A97A41E95C5E700E4B3D1 /* Base */ = {isa = PBXFileReference; lastKnownFileType = file.xib; name = Base; path = Resources/Base.lproj/tbc.xib; sourceTree = "<group>"; };
		A78A97A51E95C5E700E4B3D1 /* Base */ = {isa = PBXFileReference; lastKnownFileType = file.xib; name = Base; path = Resources/Base.lproj/Textbox.xib; sourceTree = "<group>"; };
		A78A97A61E95C5F600E4B3D1 /* Base */ = {isa = PBXFileReference; lastKnownFileType = text.plist.xml; name = Base; path = Base.lproj/Info.plist; sourceTree = "<group>"; };
		A796ECB91E9A37D7008EE718 /* CDOption.h */ = {isa = PBXFileReference; fileEncoding = 4; lastKnownFileType = sourcecode.c.h; path = CDOption.h; sourceTree = "<group>"; };
		A796ECBA1E9A37D7008EE718 /* CDOption.m */ = {isa = PBXFileReference; fileEncoding = 4; lastKnownFileType = sourcecode.c.objc; path = CDOption.m; sourceTree = "<group>"; };
		A796ECBB1E9A37D7008EE718 /* CDOptions.h */ = {isa = PBXFileReference; fileEncoding = 4; lastKnownFileType = sourcecode.c.h; path = CDOptions.h; sourceTree = "<group>"; };
		A796ECBC1E9A37D7008EE718 /* CDOptions.m */ = {isa = PBXFileReference; fileEncoding = 4; lastKnownFileType = sourcecode.c.objc; path = CDOptions.m; sourceTree = "<group>"; };
		A796ECC91E9A38F8008EE718 /* CDFileDialogControl.h */ = {isa = PBXFileReference; fileEncoding = 4; lastKnownFileType = sourcecode.c.h; path = CDFileDialogControl.h; sourceTree = "<group>"; };
		A796ECCA1E9A38F8008EE718 /* CDFileDialogControl.m */ = {isa = PBXFileReference; fileEncoding = 4; lastKnownFileType = sourcecode.c.objc; path = CDFileDialogControl.m; sourceTree = "<group>"; };
		A796ECCB1E9A38F8008EE718 /* CDFileSaveControl.h */ = {isa = PBXFileReference; fileEncoding = 4; lastKnownFileType = sourcecode.c.h; path = CDFileSaveControl.h; sourceTree = "<group>"; };
		A796ECCC1E9A38F8008EE718 /* CDFileSaveControl.m */ = {isa = PBXFileReference; fileEncoding = 4; lastKnownFileType = sourcecode.c.objc; path = CDFileSaveControl.m; sourceTree = "<group>"; };
		A796ECCD1E9A38F8008EE718 /* CDFileSelectControl.h */ = {isa = PBXFileReference; fileEncoding = 4; lastKnownFileType = sourcecode.c.h; path = CDFileSelectControl.h; sourceTree = "<group>"; };
		A796ECCE1E9A38F8008EE718 /* CDFileSelectControl.m */ = {isa = PBXFileReference; fileEncoding = 4; lastKnownFileType = sourcecode.c.objc; path = CDFileSelectControl.m; sourceTree = "<group>"; };
		A796ECD61E9A38F8008EE718 /* CDNotifyControl.h */ = {isa = PBXFileReference; fileEncoding = 4; lastKnownFileType = sourcecode.c.h; path = CDNotifyControl.h; sourceTree = "<group>"; };
		A796ECD71E9A38F8008EE718 /* CDNotifyControl.m */ = {isa = PBXFileReference; fileEncoding = 4; lastKnownFileType = sourcecode.c.objc; path = CDNotifyControl.m; sourceTree = "<group>"; };
		A796ECE11E9A38F8008EE718 /* CDProgressbarControl.h */ = {isa = PBXFileReference; fileEncoding = 4; lastKnownFileType = sourcecode.c.h; path = CDProgressbarControl.h; sourceTree = "<group>"; };
		A796ECE21E9A38F8008EE718 /* CDProgressbarControl.m */ = {isa = PBXFileReference; fileEncoding = 4; lastKnownFileType = sourcecode.c.objc; path = CDProgressbarControl.m; sourceTree = "<group>"; };
		A796ECE31E9A38F8008EE718 /* CDProgressbarInputHandler.h */ = {isa = PBXFileReference; fileEncoding = 4; lastKnownFileType = sourcecode.c.h; path = CDProgressbarInputHandler.h; sourceTree = "<group>"; };
		A796ECE41E9A38F8008EE718 /* CDProgressbarInputHandler.m */ = {isa = PBXFileReference; fileEncoding = 4; lastKnownFileType = sourcecode.c.objc; path = CDProgressbarInputHandler.m; sourceTree = "<group>"; };
		A796ECE51E9A38F8008EE718 /* CDProgressbarInputHandlerDelegate.h */ = {isa = PBXFileReference; fileEncoding = 4; lastKnownFileType = sourcecode.c.h; path = CDProgressbarInputHandlerDelegate.h; sourceTree = "<group>"; };
		A796ECE71E9A38F8008EE718 /* CDCheckboxControl.h */ = {isa = PBXFileReference; fileEncoding = 4; lastKnownFileType = sourcecode.c.h; path = CDCheckboxControl.h; sourceTree = "<group>"; };
		A796ECE81E9A38F8008EE718 /* CDCheckboxControl.m */ = {isa = PBXFileReference; fileEncoding = 4; lastKnownFileType = sourcecode.c.objc; path = CDCheckboxControl.m; sourceTree = "<group>"; };
		A796ECE91E9A38F8008EE718 /* CDInputboxControl.h */ = {isa = PBXFileReference; fileEncoding = 4; lastKnownFileType = sourcecode.c.h; path = CDInputboxControl.h; sourceTree = "<group>"; };
		A796ECEA1E9A38F8008EE718 /* CDInputboxControl.m */ = {isa = PBXFileReference; fileEncoding = 4; lastKnownFileType = sourcecode.c.objc; path = CDInputboxControl.m; sourceTree = "<group>"; };
		A796ECEB1E9A38F8008EE718 /* CDMsgboxControl.h */ = {isa = PBXFileReference; fileEncoding = 4; lastKnownFileType = sourcecode.c.h; path = CDMsgboxControl.h; sourceTree = "<group>"; };
		A796ECEC1E9A38F8008EE718 /* CDMsgboxControl.m */ = {isa = PBXFileReference; fileEncoding = 4; lastKnownFileType = sourcecode.c.objc; path = CDMsgboxControl.m; sourceTree = "<group>"; };
		A796ECED1E9A38F8008EE718 /* CDOkMsgboxControl.h */ = {isa = PBXFileReference; fileEncoding = 4; lastKnownFileType = sourcecode.c.h; path = CDOkMsgboxControl.h; sourceTree = "<group>"; };
		A796ECEE1E9A38F8008EE718 /* CDOkMsgboxControl.m */ = {isa = PBXFileReference; fileEncoding = 4; lastKnownFileType = sourcecode.c.objc; path = CDOkMsgboxControl.m; sourceTree = "<group>"; };
		A796ECEF1E9A38F8008EE718 /* CDPopUpButtonControl.h */ = {isa = PBXFileReference; fileEncoding = 4; lastKnownFileType = sourcecode.c.h; path = CDPopUpButtonControl.h; sourceTree = "<group>"; };
		A796ECF01E9A38F8008EE718 /* CDPopUpButtonControl.m */ = {isa = PBXFileReference; fileEncoding = 4; lastKnownFileType = sourcecode.c.objc; path = CDPopUpButtonControl.m; sourceTree = "<group>"; };
		A796ECF11E9A38F8008EE718 /* CDRadioControl.h */ = {isa = PBXFileReference; fileEncoding = 4; lastKnownFileType = sourcecode.c.h; path = CDRadioControl.h; sourceTree = "<group>"; };
		A796ECF21E9A38F8008EE718 /* CDRadioControl.m */ = {isa = PBXFileReference; fileEncoding = 4; lastKnownFileType = sourcecode.c.objc; path = CDRadioControl.m; sourceTree = "<group>"; };
		A796ECF31E9A38F8008EE718 /* CDSecureInputboxControl.h */ = {isa = PBXFileReference; fileEncoding = 4; lastKnownFileType = sourcecode.c.h; path = CDSecureInputboxControl.h; sourceTree = "<group>"; };
		A796ECF41E9A38F8008EE718 /* CDSecureInputboxControl.m */ = {isa = PBXFileReference; fileEncoding = 4; lastKnownFileType = sourcecode.c.objc; path = CDSecureInputboxControl.m; sourceTree = "<group>"; };
		A796ECF51E9A38F8008EE718 /* CDSecureStandardInputboxControl.h */ = {isa = PBXFileReference; fileEncoding = 4; lastKnownFileType = sourcecode.c.h; path = CDSecureStandardInputboxControl.h; sourceTree = "<group>"; };
		A796ECF61E9A38F8008EE718 /* CDSecureStandardInputboxControl.m */ = {isa = PBXFileReference; fileEncoding = 4; lastKnownFileType = sourcecode.c.objc; path = CDSecureStandardInputboxControl.m; sourceTree = "<group>"; };
		A796ECF71E9A38F8008EE718 /* CDSlider.h */ = {isa = PBXFileReference; fileEncoding = 4; lastKnownFileType = sourcecode.c.h; path = CDSlider.h; sourceTree = "<group>"; };
		A796ECF81E9A38F8008EE718 /* CDSlider.m */ = {isa = PBXFileReference; fileEncoding = 4; lastKnownFileType = sourcecode.c.objc; path = CDSlider.m; sourceTree = "<group>"; };
		A796ECF91E9A38F8008EE718 /* CDStandardInputboxControl.h */ = {isa = PBXFileReference; fileEncoding = 4; lastKnownFileType = sourcecode.c.h; path = CDStandardInputboxControl.h; sourceTree = "<group>"; };
		A796ECFA1E9A38F8008EE718 /* CDStandardInputboxControl.m */ = {isa = PBXFileReference; fileEncoding = 4; lastKnownFileType = sourcecode.c.objc; path = CDStandardInputboxControl.m; sourceTree = "<group>"; };
		A796ECFB1E9A38F8008EE718 /* CDStandardPopUpButtonControl.h */ = {isa = PBXFileReference; fileEncoding = 4; lastKnownFileType = sourcecode.c.h; path = CDStandardPopUpButtonControl.h; sourceTree = "<group>"; };
		A796ECFC1E9A38F8008EE718 /* CDStandardPopUpButtonControl.m */ = {isa = PBXFileReference; fileEncoding = 4; lastKnownFileType = sourcecode.c.objc; path = CDStandardPopUpButtonControl.m; sourceTree = "<group>"; };
		A796ECFD1E9A38F8008EE718 /* CDTextboxControl.h */ = {isa = PBXFileReference; fileEncoding = 4; lastKnownFileType = sourcecode.c.h; path = CDTextboxControl.h; sourceTree = "<group>"; };
		A796ECFE1E9A38F8008EE718 /* CDTextboxControl.m */ = {isa = PBXFileReference; fileEncoding = 4; lastKnownFileType = sourcecode.c.objc; path = CDTextboxControl.m; sourceTree = "<group>"; };
		A796ECFF1E9A38F8008EE718 /* CDThreeButtonControl.h */ = {isa = PBXFileReference; fileEncoding = 4; lastKnownFileType = sourcecode.c.h; path = CDThreeButtonControl.h; sourceTree = "<group>"; };
		A796ED001E9A38F8008EE718 /* CDThreeButtonControl.m */ = {isa = PBXFileReference; fileEncoding = 4; lastKnownFileType = sourcecode.c.objc; path = CDThreeButtonControl.m; sourceTree = "<group>"; };
		A796ED011E9A38F8008EE718 /* CDYesNoMsgboxControl.h */ = {isa = PBXFileReference; fileEncoding = 4; lastKnownFileType = sourcecode.c.h; path = CDYesNoMsgboxControl.h; sourceTree = "<group>"; };
		A796ED021E9A38F8008EE718 /* CDYesNoMsgboxControl.m */ = {isa = PBXFileReference; fileEncoding = 4; lastKnownFileType = sourcecode.c.objc; path = CDYesNoMsgboxControl.m; sourceTree = "<group>"; };
		A796ED441E9AF509008EE718 /* NSString+CocoaDialog.h */ = {isa = PBXFileReference; fileEncoding = 4; lastKnownFileType = sourcecode.c.h; path = "NSString+CocoaDialog.h"; sourceTree = "<group>"; };
		A796ED451E9AF509008EE718 /* NSString+CocoaDialog.m */ = {isa = PBXFileReference; fileEncoding = 4; lastKnownFileType = sourcecode.c.objc; path = "NSString+CocoaDialog.m"; sourceTree = "<group>"; };
		A796ED4E1E9B0BD7008EE718 /* .gitignore */ = {isa = PBXFileReference; lastKnownFileType = text; path = .gitignore; sourceTree = "<group>"; };
		A796ED511E9B0D3A008EE718 /* NSString+CDColor.h */ = {isa = PBXFileReference; fileEncoding = 4; lastKnownFileType = sourcecode.c.h; path = "NSString+CDColor.h"; sourceTree = "<group>"; };
		A796ED521E9B0D3A008EE718 /* NSString+CDColor.m */ = {isa = PBXFileReference; fileEncoding = 4; lastKnownFileType = sourcecode.c.objc; path = "NSString+CDColor.m"; sourceTree = "<group>"; };
		A796ED551E9B2926008EE718 /* CDTerminal.m */ = {isa = PBXFileReference; fileEncoding = 4; lastKnownFileType = sourcecode.c.objc; name = CDTerminal.m; path = Source/CDTerminal.m; sourceTree = "<group>"; };
		A796ED571E9B2C2F008EE718 /* CDTerminal.h */ = {isa = PBXFileReference; lastKnownFileType = sourcecode.c.h; name = CDTerminal.h; path = Source/CDTerminal.h; sourceTree = "<group>"; };
		A796ED581E9BBD05008EE718 /* NSArray+CocoaDialog.h */ = {isa = PBXFileReference; lastKnownFileType = sourcecode.c.h; path = "NSArray+CocoaDialog.h"; sourceTree = "<group>"; };
		A796ED591E9BBD13008EE718 /* NSArray+CocoaDialog.m */ = {isa = PBXFileReference; fileEncoding = 4; lastKnownFileType = sourcecode.c.objc; path = "NSArray+CocoaDialog.m"; sourceTree = "<group>"; };
		A7A51DE11E96B03200469C11 /* Base */ = {isa = PBXFileReference; lastKnownFileType = text.plist.strings; name = Base; path = Resources/Base.lproj/Localizable.strings; sourceTree = "<group>"; };
		A7B9A4211EA32F5500FCC725 /* CDJson.m */ = {isa = PBXFileReference; fileEncoding = 4; lastKnownFileType = sourcecode.c.objc; name = CDJson.m; path = Source/CDJson.m; sourceTree = "<group>"; };
		A7B9A4231EA32F6B00FCC725 /* CDJson.h */ = {isa = PBXFileReference; lastKnownFileType = sourcecode.c.h; name = CDJson.h; path = Source/CDJson.h; sourceTree = "<group>"; };
		A7E545401EA9C9B0001C466B /* CDPanel.m */ = {isa = PBXFileReference; fileEncoding = 4; lastKnownFileType = sourcecode.c.objc; name = CDPanel.m; path = Source/CDPanel.m; sourceTree = "<group>"; };
		A7E545421EA9C9BD001C466B /* CDPanel.h */ = {isa = PBXFileReference; lastKnownFileType = sourcecode.c.h; name = CDPanel.h; path = Source/CDPanel.h; sourceTree = "<group>"; };
/* End PBXFileReference section */

/* Begin PBXFrameworksBuildPhase section */
		8D11072E0486CEB800E47090 /* Frameworks */ = {
			isa = PBXFrameworksBuildPhase;
			buildActionMask = 2147483647;
			files = (
				A770D5E11EAAADA2004D1138 /* ScriptingBridge.framework in Frameworks */,
				A770D5DF1EAAAD77004D1138 /* Foundation.framework in Frameworks */,
				A770D5DD1EAAAD70004D1138 /* Cocoa.framework in Frameworks */,
			);
			runOnlyForDeploymentPostprocessing = 0;
		};
/* End PBXFrameworksBuildPhase section */

/* Begin PBXGroup section */
		19C28FACFE9D520D11CA2CBB /* Products */ = {
			isa = PBXGroup;
			children = (
				8D1107320486CEB800E47090 /* cocoadialog.app */,
			);
			name = Products;
			sourceTree = "<group>";
		};
		29B97314FDCFA39411CA2CEA /* cocoaDialog */ = {
			isa = PBXGroup;
			children = (
				A796ED4E1E9B0BD7008EE718 /* .gitignore */,
				A78A8CDF14377610007AE363 /* LICENSE */,
				A78A8CDE14377610007AE363 /* CHANGELOG */,
				A78A8C9414375703007AE363 /* Configurations */,
				29B97317FDCFA39411CA2CEA /* Resources */,
				6187E60D146651CA005067DB /* Source */,
				19C28FACFE9D520D11CA2CBB /* Products */,
				A77365B31EA87F3100FDC070 /* Frameworks */,
			);
			name = cocoaDialog;
			sourceTree = "<group>";
			usesTabs = 0;
		};
		29B97317FDCFA39411CA2CEA /* Resources */ = {
			isa = PBXGroup;
			children = (
				A70D2CDA1EAA93D5001825C4 /* Images.xcassets */,
				A78A97A71E95C5F600E4B3D1 /* Info.plist */,
				A78A97B71E95C65000E4B3D1 /* Localizable.strings */,
				A78A8CB7143759ED007AE363 /* MainMenu.xib */,
				A78A8CB9143759ED007AE363 /* Msgbox.xib */,
				A7D40436153C2BC3005FA3CD /* popup.xib */,
				A78A8CBB143759ED007AE363 /* Progressbar.xib */,
				A78A8CBD143759ED007AE363 /* tbc.xib */,
				A78A8CBF143759ED007AE363 /* Textbox.xib */,
			);
			name = Resources;
			sourceTree = "<group>";
		};
		6187E60D146651CA005067DB /* Source */ = {
			isa = PBXGroup;
			children = (
				61EC90E8145FAD58003ADF05 /* main.m */,
				61EC906B145FACF8003ADF05 /* AppController.h */,
				61EC906C145FACF8003ADF05 /* AppController.m */,
				A7140B9D1E9D589300A50272 /* CDColor.h */,
				A7140B9B1E9D588400A50272 /* CDColor.m */,
				A72AB9631EA21146001B803B /* CDControl.h */,
				A72AB9641EA21146001B803B /* CDControl.m */,
				A7B9A4231EA32F6B00FCC725 /* CDJson.h */,
				A7B9A4211EA32F5500FCC725 /* CDJson.m */,
				A7E545421EA9C9BD001C466B /* CDPanel.h */,
				A7E545401EA9C9B0001C466B /* CDPanel.m */,
				A796ED571E9B2C2F008EE718 /* CDTerminal.h */,
				A796ED551E9B2926008EE718 /* CDTerminal.m */,
				A796ED411E9AF509008EE718 /* Categories */,
				A796ECB61E9A37D7008EE718 /* Options */,
				A796ECC31E9A38F8008EE718 /* Controls */,
			);
			name = Source;
			sourceTree = "<group>";
		};
		A77365B31EA87F3100FDC070 /* Frameworks */ = {
			isa = PBXGroup;
			children = (
				A770D5E01EAAADA2004D1138 /* ScriptingBridge.framework */,
				A770D5DE1EAAAD77004D1138 /* Foundation.framework */,
				A77365B41EA87F3100FDC070 /* Cocoa.framework */,
			);
			name = Frameworks;
			sourceTree = "<group>";
		};
		A78A8C9414375703007AE363 /* Configurations */ = {
			isa = PBXGroup;
			children = (
				A78A8C9514375704007AE363 /* Config.xcconfig */,
				A78A8C9614375704007AE363 /* ConfigDebug.xcconfig */,
				A78A8C9714375704007AE363 /* ConfigRelease.xcconfig */,
			);
			path = Configurations;
			sourceTree = "<group>";
		};
		A796ECB61E9A37D7008EE718 /* Options */ = {
			isa = PBXGroup;
			children = (
				A796ECB91E9A37D7008EE718 /* CDOption.h */,
				A796ECBA1E9A37D7008EE718 /* CDOption.m */,
				A796ECBB1E9A37D7008EE718 /* CDOptions.h */,
				A796ECBC1E9A37D7008EE718 /* CDOptions.m */,
			);
			name = Options;
			path = Source/Options;
			sourceTree = "<group>";
		};
		A796ECC31E9A38F8008EE718 /* Controls */ = {
			isa = PBXGroup;
			children = (
				A796ECC81E9A38F8008EE718 /* CDFileDialogControl */,
				A796ECD11E9A38F8008EE718 /* CDNotifyControl */,
				A796ECE01E9A38F8008EE718 /* CDProgressbar */,
				A796ECE61E9A38F8008EE718 /* CDThreeButtonControl */,
			);
			name = Controls;
			path = Source/Controls;
			sourceTree = "<group>";
		};
		A796ECC81E9A38F8008EE718 /* CDFileDialogControl */ = {
			isa = PBXGroup;
			children = (
				A796ECC91E9A38F8008EE718 /* CDFileDialogControl.h */,
				A796ECCA1E9A38F8008EE718 /* CDFileDialogControl.m */,
				A796ECCB1E9A38F8008EE718 /* CDFileSaveControl.h */,
				A796ECCC1E9A38F8008EE718 /* CDFileSaveControl.m */,
				A796ECCD1E9A38F8008EE718 /* CDFileSelectControl.h */,
				A796ECCE1E9A38F8008EE718 /* CDFileSelectControl.m */,
			);
			path = CDFileDialogControl;
			sourceTree = "<group>";
		};
		A796ECD11E9A38F8008EE718 /* CDNotifyControl */ = {
			isa = PBXGroup;
			children = (
				A796ECD61E9A38F8008EE718 /* CDNotifyControl.h */,
				A796ECD71E9A38F8008EE718 /* CDNotifyControl.m */,
			);
			path = CDNotifyControl;
			sourceTree = "<group>";
		};
		A796ECE01E9A38F8008EE718 /* CDProgressbar */ = {
			isa = PBXGroup;
			children = (
				A796ECE11E9A38F8008EE718 /* CDProgressbarControl.h */,
				A796ECE21E9A38F8008EE718 /* CDProgressbarControl.m */,
				A796ECE31E9A38F8008EE718 /* CDProgressbarInputHandler.h */,
				A796ECE41E9A38F8008EE718 /* CDProgressbarInputHandler.m */,
				A796ECE51E9A38F8008EE718 /* CDProgressbarInputHandlerDelegate.h */,
			);
			path = CDProgressbar;
			sourceTree = "<group>";
		};
		A796ECE61E9A38F8008EE718 /* CDThreeButtonControl */ = {
			isa = PBXGroup;
			children = (
				A796ECE71E9A38F8008EE718 /* CDCheckboxControl.h */,
				A796ECE81E9A38F8008EE718 /* CDCheckboxControl.m */,
				A796ECE91E9A38F8008EE718 /* CDInputboxControl.h */,
				A796ECEA1E9A38F8008EE718 /* CDInputboxControl.m */,
				A796ECEB1E9A38F8008EE718 /* CDMsgboxControl.h */,
				A796ECEC1E9A38F8008EE718 /* CDMsgboxControl.m */,
				A796ECED1E9A38F8008EE718 /* CDOkMsgboxControl.h */,
				A796ECEE1E9A38F8008EE718 /* CDOkMsgboxControl.m */,
				A796ECEF1E9A38F8008EE718 /* CDPopUpButtonControl.h */,
				A796ECF01E9A38F8008EE718 /* CDPopUpButtonControl.m */,
				A796ECF11E9A38F8008EE718 /* CDRadioControl.h */,
				A796ECF21E9A38F8008EE718 /* CDRadioControl.m */,
				A796ECF31E9A38F8008EE718 /* CDSecureInputboxControl.h */,
				A796ECF41E9A38F8008EE718 /* CDSecureInputboxControl.m */,
				A796ECF51E9A38F8008EE718 /* CDSecureStandardInputboxControl.h */,
				A796ECF61E9A38F8008EE718 /* CDSecureStandardInputboxControl.m */,
				A796ECF71E9A38F8008EE718 /* CDSlider.h */,
				A796ECF81E9A38F8008EE718 /* CDSlider.m */,
				A796ECF91E9A38F8008EE718 /* CDStandardInputboxControl.h */,
				A796ECFA1E9A38F8008EE718 /* CDStandardInputboxControl.m */,
				A796ECFB1E9A38F8008EE718 /* CDStandardPopUpButtonControl.h */,
				A796ECFC1E9A38F8008EE718 /* CDStandardPopUpButtonControl.m */,
				A796ECFD1E9A38F8008EE718 /* CDTextboxControl.h */,
				A796ECFE1E9A38F8008EE718 /* CDTextboxControl.m */,
				A796ECFF1E9A38F8008EE718 /* CDThreeButtonControl.h */,
				A796ED001E9A38F8008EE718 /* CDThreeButtonControl.m */,
				A796ED011E9A38F8008EE718 /* CDYesNoMsgboxControl.h */,
				A796ED021E9A38F8008EE718 /* CDYesNoMsgboxControl.m */,
			);
			path = CDThreeButtonControl;
			sourceTree = "<group>";
		};
		A796ED411E9AF509008EE718 /* Categories */ = {
			isa = PBXGroup;
			children = (
				A796ED581E9BBD05008EE718 /* NSArray+CocoaDialog.h */,
				A796ED591E9BBD13008EE718 /* NSArray+CocoaDialog.m */,
				A796ED511E9B0D3A008EE718 /* NSString+CDColor.h */,
				A796ED521E9B0D3A008EE718 /* NSString+CDColor.m */,
				A796ED441E9AF509008EE718 /* NSString+CocoaDialog.h */,
				A796ED451E9AF509008EE718 /* NSString+CocoaDialog.m */,
			);
			name = Categories;
			path = Source/Categories;
			sourceTree = "<group>";
		};
/* End PBXGroup section */

/* Begin PBXHeadersBuildPhase section */
		8D1107270486CEB800E47090 /* Headers */ = {
			isa = PBXHeadersBuildPhase;
			buildActionMask = 2147483647;
			files = (
				A796ED131E9A38F8008EE718 /* CDNotifyControl.h in Headers */,
				A796ED3C1E9A38F8008EE718 /* CDYesNoMsgboxControl.h in Headers */,
				A796ED2C1E9A38F8008EE718 /* CDRadioControl.h in Headers */,
				61EC90AC145FACF8003ADF05 /* AppController.h in Headers */,
				A796ECBF1E9A37D7008EE718 /* CDOption.h in Headers */,
				A796ED301E9A38F8008EE718 /* CDSecureStandardInputboxControl.h in Headers */,
				A796ED3A1E9A38F8008EE718 /* CDThreeButtonControl.h in Headers */,
				A796ED281E9A38F8008EE718 /* CDOkMsgboxControl.h in Headers */,
				A796ED1F1E9A38F8008EE718 /* CDProgressbarInputHandler.h in Headers */,
				A796ED2E1E9A38F8008EE718 /* CDSecureInputboxControl.h in Headers */,
				A796ED531E9B0D3A008EE718 /* NSString+CDColor.h in Headers */,
				A796ED341E9A38F8008EE718 /* CDStandardInputboxControl.h in Headers */,
				A796ECC11E9A37D7008EE718 /* CDOptions.h in Headers */,
				A796ED071E9A38F8008EE718 /* CDFileDialogControl.h in Headers */,
				A796ED1D1E9A38F8008EE718 /* CDProgressbarControl.h in Headers */,
				A796ED221E9A38F8008EE718 /* CDCheckboxControl.h in Headers */,
				A796ED091E9A38F8008EE718 /* CDFileSaveControl.h in Headers */,
				A796ED381E9A38F8008EE718 /* CDTextboxControl.h in Headers */,
				A796ED321E9A38F8008EE718 /* CDSlider.h in Headers */,
				A796ED211E9A38F8008EE718 /* CDProgressbarInputHandlerDelegate.h in Headers */,
				A796ED2A1E9A38F8008EE718 /* CDPopUpButtonControl.h in Headers */,
				A796ED241E9A38F8008EE718 /* CDInputboxControl.h in Headers */,
				A796ED481E9AF509008EE718 /* NSString+CocoaDialog.h in Headers */,
				A796ED0B1E9A38F8008EE718 /* CDFileSelectControl.h in Headers */,
				A796ED361E9A38F8008EE718 /* CDStandardPopUpButtonControl.h in Headers */,
				A72AB9651EA21146001B803B /* CDControl.h in Headers */,
				A796ED261E9A38F8008EE718 /* CDMsgboxControl.h in Headers */,
			);
			runOnlyForDeploymentPostprocessing = 0;
		};
/* End PBXHeadersBuildPhase section */

/* Begin PBXNativeTarget section */
		8D1107260486CEB800E47090 /* cocoadialog */ = {
			isa = PBXNativeTarget;
			buildConfigurationList = 0E77E99F0963C37C00D651A3 /* Build configuration list for PBXNativeTarget "cocoadialog" */;
			buildPhases = (
				8D1107270486CEB800E47090 /* Headers */,
				8D1107290486CEB800E47090 /* Resources */,
				8D11072C0486CEB800E47090 /* Sources */,
				8D11072E0486CEB800E47090 /* Frameworks */,
			);
			buildRules = (
			);
			dependencies = (
			);
			name = cocoadialog;
			productInstallPath = "$(HOME)/Applications";
			productName = cocoaDialog;
			productReference = 8D1107320486CEB800E47090 /* cocoadialog.app */;
			productType = "com.apple.product-type.application";
		};
/* End PBXNativeTarget section */

/* Begin PBXProject section */
		29B97313FDCFA39411CA2CEA /* Project object */ = {
			isa = PBXProject;
			attributes = {
				LastUpgradeCheck = 0830;
				TargetAttributes = {
					8D1107260486CEB800E47090 = {
						LastSwiftMigration = 0830;
					};
				};
			};
			buildConfigurationList = 0E77E9A30963C37C00D651A3 /* Build configuration list for PBXProject "cocoadialog" */;
			compatibilityVersion = "Xcode 8.0";
			developmentRegion = "en-US";
			hasScannedForEncodings = 1;
			knownRegions = (
				English,
				"en-US",
				Base,
			);
			mainGroup = 29B97314FDCFA39411CA2CEA /* cocoaDialog */;
			projectDirPath = "";
			projectRoot = "";
			targets = (
				8D1107260486CEB800E47090 /* cocoadialog */,
			);
		};
/* End PBXProject section */

/* Begin PBXResourcesBuildPhase section */
		8D1107290486CEB800E47090 /* Resources */ = {
			isa = PBXResourcesBuildPhase;
			buildActionMask = 2147483647;
			files = (
				A78A97B91E95C65000E4B3D1 /* Localizable.strings in Resources */,
				A70D2CDB1EAA93D5001825C4 /* Images.xcassets in Resources */,
				A78A8CD514376C42007AE363 /* MainMenu.xib in Resources */,
				A78A8CD614376C42007AE363 /* Msgbox.xib in Resources */,
				A78A8CD714376C42007AE363 /* Progressbar.xib in Resources */,
				A78A8CD814376C42007AE363 /* tbc.xib in Resources */,
				A78A8CD914376C42007AE363 /* Textbox.xib in Resources */,
				A78A8CE014377610007AE363 /* CHANGELOG in Resources */,
				A78A8CE114377610007AE363 /* LICENSE in Resources */,
				A7D40438153C2BC3005FA3CD /* popup.xib in Resources */,
			);
			runOnlyForDeploymentPostprocessing = 0;
		};
/* End PBXResourcesBuildPhase section */

/* Begin PBXSourcesBuildPhase section */
		8D11072C0486CEB800E47090 /* Sources */ = {
			isa = PBXSourcesBuildPhase;
			buildActionMask = 2147483647;
			files = (
				61EC90AD145FACF8003ADF05 /* AppController.m in Sources */,
				A796ED231E9A38F8008EE718 /* CDCheckboxControl.m in Sources */,
				A7B9A4221EA32F5500FCC725 /* CDJson.m in Sources */,
				A796ED371E9A38F8008EE718 /* CDStandardPopUpButtonControl.m in Sources */,
				A796ED541E9B0D3A008EE718 /* NSString+CDColor.m in Sources */,
				A796ED351E9A38F8008EE718 /* CDStandardInputboxControl.m in Sources */,
				A796ED141E9A38F8008EE718 /* CDNotifyControl.m in Sources */,
				A796ED2F1E9A38F8008EE718 /* CDSecureInputboxControl.m in Sources */,
				A796ECC21E9A37D7008EE718 /* CDOptions.m in Sources */,
				A796ED0A1E9A38F8008EE718 /* CDFileSaveControl.m in Sources */,
				A796ED331E9A38F8008EE718 /* CDSlider.m in Sources */,
				A796ED3D1E9A38F8008EE718 /* CDYesNoMsgboxControl.m in Sources */,
				A72AB9661EA21146001B803B /* CDControl.m in Sources */,
				A796ED201E9A38F8008EE718 /* CDProgressbarInputHandler.m in Sources */,
				A796ED391E9A38F8008EE718 /* CDTextboxControl.m in Sources */,
				A796ED251E9A38F8008EE718 /* CDInputboxControl.m in Sources */,
				A796ED2D1E9A38F8008EE718 /* CDRadioControl.m in Sources */,
				A796ED1E1E9A38F8008EE718 /* CDProgressbarControl.m in Sources */,
				A796ED081E9A38F8008EE718 /* CDFileDialogControl.m in Sources */,
				A796ED5A1E9BBD14008EE718 /* NSArray+CocoaDialog.m in Sources */,
				A796ED311E9A38F8008EE718 /* CDSecureStandardInputboxControl.m in Sources */,
				A796ED491E9AF509008EE718 /* NSString+CocoaDialog.m in Sources */,
				A796ED3B1E9A38F8008EE718 /* CDThreeButtonControl.m in Sources */,
				A7140B9C1E9D588400A50272 /* CDColor.m in Sources */,
				A796ED2B1E9A38F8008EE718 /* CDPopUpButtonControl.m in Sources */,
				A796ECC01E9A37D7008EE718 /* CDOption.m in Sources */,
				A796ED271E9A38F8008EE718 /* CDMsgboxControl.m in Sources */,
				A7E545411EA9C9B0001C466B /* CDPanel.m in Sources */,
				A796ED0C1E9A38F8008EE718 /* CDFileSelectControl.m in Sources */,
				A796ED561E9B2926008EE718 /* CDTerminal.m in Sources */,
				61EC90E9145FAD58003ADF05 /* main.m in Sources */,
				A796ED291E9A38F8008EE718 /* CDOkMsgboxControl.m in Sources */,
			);
			runOnlyForDeploymentPostprocessing = 0;
		};
/* End PBXSourcesBuildPhase section */

/* Begin PBXVariantGroup section */
		A78A8CB7143759ED007AE363 /* MainMenu.xib */ = {
			isa = PBXVariantGroup;
			children = (
				A78A97A01E95C5E700E4B3D1 /* Base */,
			);
			name = MainMenu.xib;
			sourceTree = "<group>";
		};
		A78A8CB9143759ED007AE363 /* Msgbox.xib */ = {
			isa = PBXVariantGroup;
			children = (
				A78A97A11E95C5E700E4B3D1 /* Base */,
			);
			name = Msgbox.xib;
			sourceTree = "<group>";
		};
		A78A8CBB143759ED007AE363 /* Progressbar.xib */ = {
			isa = PBXVariantGroup;
			children = (
				A78A97A31E95C5E700E4B3D1 /* Base */,
			);
			name = Progressbar.xib;
			sourceTree = "<group>";
		};
		A78A8CBD143759ED007AE363 /* tbc.xib */ = {
			isa = PBXVariantGroup;
			children = (
				A78A97A41E95C5E700E4B3D1 /* Base */,
			);
			name = tbc.xib;
			sourceTree = "<group>";
		};
		A78A8CBF143759ED007AE363 /* Textbox.xib */ = {
			isa = PBXVariantGroup;
			children = (
				A78A97A51E95C5E700E4B3D1 /* Base */,
			);
			name = Textbox.xib;
			sourceTree = "<group>";
		};
		A78A97A71E95C5F600E4B3D1 /* Info.plist */ = {
			isa = PBXVariantGroup;
			children = (
				A78A97A61E95C5F600E4B3D1 /* Base */,
			);
			name = Info.plist;
			path = Resources;
			sourceTree = "<group>";
		};
		A78A97B71E95C65000E4B3D1 /* Localizable.strings */ = {
			isa = PBXVariantGroup;
			children = (
				A7A51DE11E96B03200469C11 /* Base */,
			);
			name = Localizable.strings;
			sourceTree = "<group>";
		};
		A7D40436153C2BC3005FA3CD /* popup.xib */ = {
			isa = PBXVariantGroup;
			children = (
				A78A97A21E95C5E700E4B3D1 /* Base */,
			);
			name = popup.xib;
			sourceTree = "<group>";
		};
/* End PBXVariantGroup section */

/* Begin XCBuildConfiguration section */
		A770D5D91EAAA1F2004D1138 /* Debug */ = {
			isa = XCBuildConfiguration;
			baseConfigurationReference = A78A8C9614375704007AE363 /* ConfigDebug.xcconfig */;
			buildSettings = {
				CLANG_ENABLE_OBJC_ARC = YES;
				MACOSX_DEPLOYMENT_TARGET = 10.8;
				PRODUCT_NAME = cocoadialog;
			};
			name = Debug;
		};
		A770D5DA1EAAA1F2004D1138 /* Debug */ = {
			isa = XCBuildConfiguration;
			baseConfigurationReference = A78A8C9614375704007AE363 /* ConfigDebug.xcconfig */;
			buildSettings = {
				ASSETCATALOG_COMPILER_APPICON_NAME = AppIcon;
				MACOSX_DEPLOYMENT_TARGET = 10.8;
			};
			name = Debug;
		};
		A770D5DB1EAAA1FC004D1138 /* Release */ = {
			isa = XCBuildConfiguration;
			baseConfigurationReference = A78A8C9714375704007AE363 /* ConfigRelease.xcconfig */;
			buildSettings = {
				CLANG_ENABLE_OBJC_ARC = YES;
				MACOSX_DEPLOYMENT_TARGET = 10.8;
				PRODUCT_NAME = cocoadialog;
			};
			name = Release;
		};
		A770D5DC1EAAA1FC004D1138 /* Release */ = {
			isa = XCBuildConfiguration;
			baseConfigurationReference = A78A8C9714375704007AE363 /* ConfigRelease.xcconfig */;
			buildSettings = {
				ASSETCATALOG_COMPILER_APPICON_NAME = AppIcon;
				MACOSX_DEPLOYMENT_TARGET = 10.8;
			};
			name = Release;
		};
/* End XCBuildConfiguration section */

/* Begin XCConfigurationList section */
		0E77E99F0963C37C00D651A3 /* Build configuration list for PBXNativeTarget "cocoadialog" */ = {
			isa = XCConfigurationList;
			buildConfigurations = (
				A770D5DA1EAAA1F2004D1138 /* Debug */,
				A770D5DC1EAAA1FC004D1138 /* Release */,
			);
			defaultConfigurationIsVisible = 0;
			defaultConfigurationName = Release;
		};
		0E77E9A30963C37C00D651A3 /* Build configuration list for PBXProject "cocoadialog" */ = {
			isa = XCConfigurationList;
			buildConfigurations = (
				A770D5D91EAAA1F2004D1138 /* Debug */,
				A770D5DB1EAAA1FC004D1138 /* Release */,
			);
			defaultConfigurationIsVisible = 0;
			defaultConfigurationName = Release;
		};
/* End XCConfigurationList section */
	};
	rootObject = 29B97313FDCFA39411CA2CEA /* Project object */;
}
