// !$*UTF8*$!
{
	archiveVersion = 1;
	classes = {
	};
	objectVersion = 46;
	objects = {

/* Begin PBXBuildFile section */
		0E02DC1F062C16AC00C594F1 /* COPYING in Resources */ = {isa = PBXBuildFile; fileRef = 0E02DC1E062C16AC00C594F1 /* COPYING */; };
		0E53CED00634B34100E74888 /* Changelog in Resources */ = {isa = PBXBuildFile; fileRef = 0E53CECF0634B34100E74888 /* Changelog */; };
		0E71D9DC0963B12800FF6F7C /* AppController.h in Headers */ = {isa = PBXBuildFile; fileRef = 0E71D9CF0963B12800FF6F7C /* AppController.h */; };
		0E71D9DD0963B12800FF6F7C /* CDControl.h in Headers */ = {isa = PBXBuildFile; fileRef = 0E71D9D00963B12800FF6F7C /* CDControl.h */; };
		0E71D9DE0963B12800FF6F7C /* CDFileSelectControl.h in Headers */ = {isa = PBXBuildFile; fileRef = 0E71D9D10963B12800FF6F7C /* CDFileSelectControl.h */; };
		0E71D9DF0963B12800FF6F7C /* CDInputboxControl.h in Headers */ = {isa = PBXBuildFile; fileRef = 0E71D9D20963B12800FF6F7C /* CDInputboxControl.h */; };
		0E71D9E00963B12800FF6F7C /* CDMsgboxControl.h in Headers */ = {isa = PBXBuildFile; fileRef = 0E71D9D30963B12800FF6F7C /* CDMsgboxControl.h */; };
		0E71D9E10963B12800FF6F7C /* CDOkMsgboxControl.h in Headers */ = {isa = PBXBuildFile; fileRef = 0E71D9D40963B12800FF6F7C /* CDOkMsgboxControl.h */; };
		0E71D9E20963B12800FF6F7C /* CDOptions.h in Headers */ = {isa = PBXBuildFile; fileRef = 0E71D9D50963B12800FF6F7C /* CDOptions.h */; };
		0E71D9E30963B12800FF6F7C /* CDPopUpButtonControl.h in Headers */ = {isa = PBXBuildFile; fileRef = 0E71D9D60963B12800FF6F7C /* CDPopUpButtonControl.h */; };
		0E71D9E40963B12800FF6F7C /* CDProgressbarControl.h in Headers */ = {isa = PBXBuildFile; fileRef = 0E71D9D70963B12800FF6F7C /* CDProgressbarControl.h */; };
		0E71D9E50963B12800FF6F7C /* CDStandardInputboxControl.h in Headers */ = {isa = PBXBuildFile; fileRef = 0E71D9D80963B12800FF6F7C /* CDStandardInputboxControl.h */; };
		0E71D9E60963B12800FF6F7C /* CDStandardPopUpButtonControl.h in Headers */ = {isa = PBXBuildFile; fileRef = 0E71D9D90963B12800FF6F7C /* CDStandardPopUpButtonControl.h */; };
		0E71D9E70963B12800FF6F7C /* CDTextboxControl.h in Headers */ = {isa = PBXBuildFile; fileRef = 0E71D9DA0963B12800FF6F7C /* CDTextboxControl.h */; };
		0E71D9E80963B12800FF6F7C /* CDYesNoMsgboxControl.h in Headers */ = {isa = PBXBuildFile; fileRef = 0E71D9DB0963B12800FF6F7C /* CDYesNoMsgboxControl.h */; };
		0E71D9F80963B15300FF6F7C /* AppController.m in Sources */ = {isa = PBXBuildFile; fileRef = 0E71D9EB0963B15300FF6F7C /* AppController.m */; };
		0E71D9F90963B15300FF6F7C /* CDControl.m in Sources */ = {isa = PBXBuildFile; fileRef = 0E71D9EC0963B15300FF6F7C /* CDControl.m */; };
		0E71D9FA0963B15300FF6F7C /* CDFileSelectControl.m in Sources */ = {isa = PBXBuildFile; fileRef = 0E71D9ED0963B15300FF6F7C /* CDFileSelectControl.m */; };
		0E71D9FB0963B15300FF6F7C /* CDInputboxControl.m in Sources */ = {isa = PBXBuildFile; fileRef = 0E71D9EE0963B15300FF6F7C /* CDInputboxControl.m */; };
		0E71D9FC0963B15300FF6F7C /* CDMsgboxControl.m in Sources */ = {isa = PBXBuildFile; fileRef = 0E71D9EF0963B15300FF6F7C /* CDMsgboxControl.m */; };
		0E71D9FD0963B15300FF6F7C /* CDOkMsgboxControl.m in Sources */ = {isa = PBXBuildFile; fileRef = 0E71D9F00963B15300FF6F7C /* CDOkMsgboxControl.m */; };
		0E71D9FE0963B15300FF6F7C /* CDOptions.m in Sources */ = {isa = PBXBuildFile; fileRef = 0E71D9F10963B15300FF6F7C /* CDOptions.m */; };
		0E71D9FF0963B15300FF6F7C /* CDPopUpButtonControl.m in Sources */ = {isa = PBXBuildFile; fileRef = 0E71D9F20963B15300FF6F7C /* CDPopUpButtonControl.m */; };
		0E71DA000963B15300FF6F7C /* CDProgressbarControl.m in Sources */ = {isa = PBXBuildFile; fileRef = 0E71D9F30963B15300FF6F7C /* CDProgressbarControl.m */; };
		0E71DA010963B15300FF6F7C /* CDStandardInputboxControl.m in Sources */ = {isa = PBXBuildFile; fileRef = 0E71D9F40963B15300FF6F7C /* CDStandardInputboxControl.m */; };
		0E71DA020963B15300FF6F7C /* CDStandardPopUpButtonControl.m in Sources */ = {isa = PBXBuildFile; fileRef = 0E71D9F50963B15300FF6F7C /* CDStandardPopUpButtonControl.m */; };
		0E71DA030963B15300FF6F7C /* CDTextboxControl.m in Sources */ = {isa = PBXBuildFile; fileRef = 0E71D9F60963B15300FF6F7C /* CDTextboxControl.m */; };
		0E71DA040963B15300FF6F7C /* CDYesNoMsgboxControl.m in Sources */ = {isa = PBXBuildFile; fileRef = 0E71D9F70963B15300FF6F7C /* CDYesNoMsgboxControl.m */; };
		0E71DA070963B16100FF6F7C /* CocoaDialog_Prefix.pch in Headers */ = {isa = PBXBuildFile; fileRef = 0E71DA050963B16100FF6F7C /* CocoaDialog_Prefix.pch */; };
		0E71DA080963B16100FF6F7C /* main.m in Sources */ = {isa = PBXBuildFile; fileRef = 0E71DA060963B16100FF6F7C /* main.m */; };
		0E71DA1B0963B19500FF6F7C /* cocoadialog.icns in Resources */ = {isa = PBXBuildFile; fileRef = 0E71DA0A0963B19500FF6F7C /* cocoadialog.icns */; };
		0E71DA1C0963B19500FF6F7C /* InfoPlist.strings in Resources */ = {isa = PBXBuildFile; fileRef = 0E71DA0C0963B19500FF6F7C /* InfoPlist.strings */; };
		0E77E9B60963C46500D651A3 /* KABubbleWindow.m in Sources */ = {isa = PBXBuildFile; fileRef = 0E77E9B30963C46500D651A3 /* KABubbleWindow.m */; };
		0E77E9B70963C46500D651A3 /* KABubbleWindowController.m in Sources */ = {isa = PBXBuildFile; fileRef = 0E77E9B40963C46500D651A3 /* KABubbleWindowController.m */; };
		0E77E9B80963C46500D651A3 /* KABubbleWindowView.m in Sources */ = {isa = PBXBuildFile; fileRef = 0E77E9B50963C46500D651A3 /* KABubbleWindowView.m */; };
		0E77E9BC0963C47A00D651A3 /* KABubbleWindow.h in Headers */ = {isa = PBXBuildFile; fileRef = 0E77E9B90963C47A00D651A3 /* KABubbleWindow.h */; };
		0E77E9BD0963C47A00D651A3 /* KABubbleWindowController.h in Headers */ = {isa = PBXBuildFile; fileRef = 0E77E9BA0963C47A00D651A3 /* KABubbleWindowController.h */; };
		0E77E9BE0963C47A00D651A3 /* KABubbleWindowView.h in Headers */ = {isa = PBXBuildFile; fileRef = 0E77E9BB0963C47A00D651A3 /* KABubbleWindowView.h */; };
		0E77EA490964265900D651A3 /* CDBubbleControl.m in Sources */ = {isa = PBXBuildFile; fileRef = 0E77EA480964265900D651A3 /* CDBubbleControl.m */; };
		0EC9B67E09B126D500956684 /* CDFileDialogControl.h in Headers */ = {isa = PBXBuildFile; fileRef = 0EC9B67C09B126D500956684 /* CDFileDialogControl.h */; };
		0EC9B67F09B126D500956684 /* CDFileDialogControl.m in Sources */ = {isa = PBXBuildFile; fileRef = 0EC9B67D09B126D500956684 /* CDFileDialogControl.m */; };
		0EC9B68209B1273100956684 /* CDFileSaveControl.h in Headers */ = {isa = PBXBuildFile; fileRef = 0EC9B68109B1273100956684 /* CDFileSaveControl.h */; };
		0EC9B68409B1274100956684 /* CDFileSaveControl.m in Sources */ = {isa = PBXBuildFile; fileRef = 0EC9B68309B1274100956684 /* CDFileSaveControl.m */; };
		0EE0B42B0968018A0070F494 /* CDBubbleControl.h in Headers */ = {isa = PBXBuildFile; fileRef = 0EE0B42A0968018A0070F494 /* CDBubbleControl.h */; };
		0EE0B434096802B90070F494 /* CDThreeButtonControl.m in Sources */ = {isa = PBXBuildFile; fileRef = 0EE0B433096802B90070F494 /* CDThreeButtonControl.m */; };
		0EE0B436096802CF0070F494 /* CDThreeButtonControl.h in Headers */ = {isa = PBXBuildFile; fileRef = 0EE0B435096802CF0070F494 /* CDThreeButtonControl.h */; };
		89880CAD142AB364004E79A1 /* CDProgressbarInputHandlerDelegate.h in Headers */ = {isa = PBXBuildFile; fileRef = 89880CAC142AB364004E79A1 /* CDProgressbarInputHandlerDelegate.h */; };
		89BE1C9F14270A540030D0FF /* CDProgressbarInputHandler.m in Sources */ = {isa = PBXBuildFile; fileRef = 89BE1C9D14270A540030D0FF /* CDProgressbarInputHandler.m */; };
		89BE1CA214270EC80030D0FF /* CDProgressbarInputHandler.h in Headers */ = {isa = PBXBuildFile; fileRef = 89BE1CA114270EC80030D0FF /* CDProgressbarInputHandler.h */; };
		8D11072F0486CEB800E47090 /* Cocoa.framework in Frameworks */ = {isa = PBXBuildFile; fileRef = 1058C7A1FEA54F0111CA2CBB /* Cocoa.framework */; };
		A7255372142538DC004A7B4F /* MainMenu.xib in Resources */ = {isa = PBXBuildFile; fileRef = A725536A142538DC004A7B4F /* MainMenu.xib */; };
		A7255373142538DC004A7B4F /* Inputbox.xib in Resources */ = {isa = PBXBuildFile; fileRef = A725536C142538DC004A7B4F /* Inputbox.xib */; };
		A7255374142538DC004A7B4F /* Msgbox.xib in Resources */ = {isa = PBXBuildFile; fileRef = A725536D142538DC004A7B4F /* Msgbox.xib */; };
		A7255375142538DC004A7B4F /* PopUpButton.xib in Resources */ = {isa = PBXBuildFile; fileRef = A725536E142538DC004A7B4F /* PopUpButton.xib */; };
		A7255376142538DC004A7B4F /* Progressbar.xib in Resources */ = {isa = PBXBuildFile; fileRef = A725536F142538DC004A7B4F /* Progressbar.xib */; };
		A7255377142538DC004A7B4F /* SecureInputbox.xib in Resources */ = {isa = PBXBuildFile; fileRef = A7255370142538DC004A7B4F /* SecureInputbox.xib */; };
		A7255378142538DC004A7B4F /* Textbox.xib in Resources */ = {isa = PBXBuildFile; fileRef = A7255371142538DC004A7B4F /* Textbox.xib */; };
		A751C5D9142D084C0078437A /* CDRadioControl.h in Headers */ = {isa = PBXBuildFile; fileRef = A751C5D7142D084C0078437A /* CDRadioControl.h */; };
		A751C5DA142D084C0078437A /* CDRadioControl.m in Sources */ = {isa = PBXBuildFile; fileRef = A751C5D8142D084C0078437A /* CDRadioControl.m */; };
		A786B44A142989D500917E4D /* CDCheckboxControl.h in Headers */ = {isa = PBXBuildFile; fileRef = A786B448142989D500917E4D /* CDCheckboxControl.h */; };
		A786B44B142989D500917E4D /* CDCheckboxControl.m in Sources */ = {isa = PBXBuildFile; fileRef = A786B449142989D500917E4D /* CDCheckboxControl.m */; };
		A786B44E14298C6000917E4D /* tbc.xib in Resources */ = {isa = PBXBuildFile; fileRef = A786B44D14298C6000917E4D /* tbc.xib */; };
/* End PBXBuildFile section */

/* Begin PBXFileReference section */
		0E02DC1E062C16AC00C594F1 /* COPYING */ = {isa = PBXFileReference; fileEncoding = 30; lastKnownFileType = text; path = COPYING; sourceTree = "<group>"; };
		0E53CECF0634B34100E74888 /* Changelog */ = {isa = PBXFileReference; fileEncoding = 30; lastKnownFileType = text; path = Changelog; sourceTree = "<group>"; };
		0E71D9CF0963B12800FF6F7C /* AppController.h */ = {isa = PBXFileReference; fileEncoding = 4; lastKnownFileType = sourcecode.c.h; name = AppController.h; path = src/AppController.h; sourceTree = "<group>"; };
		0E71D9D00963B12800FF6F7C /* CDControl.h */ = {isa = PBXFileReference; fileEncoding = 4; lastKnownFileType = sourcecode.c.h; name = CDControl.h; path = src/CDControl.h; sourceTree = "<group>"; };
		0E71D9D10963B12800FF6F7C /* CDFileSelectControl.h */ = {isa = PBXFileReference; fileEncoding = 4; lastKnownFileType = sourcecode.c.h; name = CDFileSelectControl.h; path = src/CDControl/CDFileDialogControl/CDFileSelectControl.h; sourceTree = "<group>"; };
		0E71D9D20963B12800FF6F7C /* CDInputboxControl.h */ = {isa = PBXFileReference; fileEncoding = 4; lastKnownFileType = sourcecode.c.h; name = CDInputboxControl.h; path = src/CDControl/CDThreeButtonControl/CDInputboxControl.h; sourceTree = "<group>"; };
		0E71D9D30963B12800FF6F7C /* CDMsgboxControl.h */ = {isa = PBXFileReference; fileEncoding = 4; lastKnownFileType = sourcecode.c.h; name = CDMsgboxControl.h; path = src/CDControl/CDThreeButtonControl/CDMsgboxControl.h; sourceTree = "<group>"; };
		0E71D9D40963B12800FF6F7C /* CDOkMsgboxControl.h */ = {isa = PBXFileReference; fileEncoding = 4; lastKnownFileType = sourcecode.c.h; name = CDOkMsgboxControl.h; path = src/CDControl/CDThreeButtonControl/CDMsgboxControl/CDOkMsgboxControl.h; sourceTree = "<group>"; };
		0E71D9D50963B12800FF6F7C /* CDOptions.h */ = {isa = PBXFileReference; fileEncoding = 4; lastKnownFileType = sourcecode.c.h; name = CDOptions.h; path = src/CDOptions.h; sourceTree = "<group>"; };
		0E71D9D60963B12800FF6F7C /* CDPopUpButtonControl.h */ = {isa = PBXFileReference; fileEncoding = 4; lastKnownFileType = sourcecode.c.h; name = CDPopUpButtonControl.h; path = src/CDControl/CDThreeButtonControl/CDPopUpButtonControl.h; sourceTree = "<group>"; };
		0E71D9D70963B12800FF6F7C /* CDProgressbarControl.h */ = {isa = PBXFileReference; fileEncoding = 4; lastKnownFileType = sourcecode.c.h; name = CDProgressbarControl.h; path = src/CDControl/CDProgressbarControl.h; sourceTree = "<group>"; usesTabs = 1; };
		0E71D9D80963B12800FF6F7C /* CDStandardInputboxControl.h */ = {isa = PBXFileReference; fileEncoding = 4; lastKnownFileType = sourcecode.c.h; name = CDStandardInputboxControl.h; path = src/CDControl/CDThreeButtonControl/CDInputboxControl/CDStandardInputboxControl.h; sourceTree = "<group>"; };
		0E71D9D90963B12800FF6F7C /* CDStandardPopUpButtonControl.h */ = {isa = PBXFileReference; fileEncoding = 4; lastKnownFileType = sourcecode.c.h; name = CDStandardPopUpButtonControl.h; path = src/CDControl/CDThreeButtonControl/CDPopUpButtonControl/CDStandardPopUpButtonControl.h; sourceTree = "<group>"; };
		0E71D9DA0963B12800FF6F7C /* CDTextboxControl.h */ = {isa = PBXFileReference; fileEncoding = 4; lastKnownFileType = sourcecode.c.h; name = CDTextboxControl.h; path = src/CDControl/CDThreeButtonControl/CDTextboxControl.h; sourceTree = "<group>"; };
		0E71D9DB0963B12800FF6F7C /* CDYesNoMsgboxControl.h */ = {isa = PBXFileReference; fileEncoding = 4; lastKnownFileType = sourcecode.c.h; name = CDYesNoMsgboxControl.h; path = src/CDControl/CDThreeButtonControl/CDMsgboxControl/CDYesNoMsgboxControl.h; sourceTree = "<group>"; };
		0E71D9EB0963B15300FF6F7C /* AppController.m */ = {isa = PBXFileReference; fileEncoding = 4; lastKnownFileType = sourcecode.c.objc; name = AppController.m; path = src/AppController.m; sourceTree = "<group>"; };
		0E71D9EC0963B15300FF6F7C /* CDControl.m */ = {isa = PBXFileReference; fileEncoding = 4; lastKnownFileType = sourcecode.c.objc; name = CDControl.m; path = src/CDControl.m; sourceTree = "<group>"; };
		0E71D9ED0963B15300FF6F7C /* CDFileSelectControl.m */ = {isa = PBXFileReference; fileEncoding = 4; lastKnownFileType = sourcecode.c.objc; name = CDFileSelectControl.m; path = src/CDControl/CDFileDialogControl/CDFileSelectControl.m; sourceTree = "<group>"; };
		0E71D9EE0963B15300FF6F7C /* CDInputboxControl.m */ = {isa = PBXFileReference; fileEncoding = 4; lastKnownFileType = sourcecode.c.objc; name = CDInputboxControl.m; path = src/CDControl/CDThreeButtonControl/CDInputboxControl.m; sourceTree = "<group>"; };
		0E71D9EF0963B15300FF6F7C /* CDMsgboxControl.m */ = {isa = PBXFileReference; fileEncoding = 4; lastKnownFileType = sourcecode.c.objc; name = CDMsgboxControl.m; path = src/CDControl/CDThreeButtonControl/CDMsgboxControl.m; sourceTree = "<group>"; };
		0E71D9F00963B15300FF6F7C /* CDOkMsgboxControl.m */ = {isa = PBXFileReference; fileEncoding = 4; lastKnownFileType = sourcecode.c.objc; name = CDOkMsgboxControl.m; path = src/CDControl/CDThreeButtonControl/CDMsgboxControl/CDOkMsgboxControl.m; sourceTree = "<group>"; };
		0E71D9F10963B15300FF6F7C /* CDOptions.m */ = {isa = PBXFileReference; fileEncoding = 4; lastKnownFileType = sourcecode.c.objc; name = CDOptions.m; path = src/CDOptions.m; sourceTree = "<group>"; };
		0E71D9F20963B15300FF6F7C /* CDPopUpButtonControl.m */ = {isa = PBXFileReference; fileEncoding = 4; lastKnownFileType = sourcecode.c.objc; name = CDPopUpButtonControl.m; path = src/CDControl/CDThreeButtonControl/CDPopUpButtonControl.m; sourceTree = "<group>"; };
		0E71D9F30963B15300FF6F7C /* CDProgressbarControl.m */ = {isa = PBXFileReference; fileEncoding = 4; lastKnownFileType = sourcecode.c.objc; name = CDProgressbarControl.m; path = src/CDControl/CDProgressbarControl.m; sourceTree = "<group>"; usesTabs = 1; };
		0E71D9F40963B15300FF6F7C /* CDStandardInputboxControl.m */ = {isa = PBXFileReference; fileEncoding = 4; lastKnownFileType = sourcecode.c.objc; name = CDStandardInputboxControl.m; path = src/CDControl/CDThreeButtonControl/CDInputboxControl/CDStandardInputboxControl.m; sourceTree = "<group>"; };
		0E71D9F50963B15300FF6F7C /* CDStandardPopUpButtonControl.m */ = {isa = PBXFileReference; fileEncoding = 4; lastKnownFileType = sourcecode.c.objc; name = CDStandardPopUpButtonControl.m; path = src/CDControl/CDThreeButtonControl/CDPopUpButtonControl/CDStandardPopUpButtonControl.m; sourceTree = "<group>"; };
		0E71D9F60963B15300FF6F7C /* CDTextboxControl.m */ = {isa = PBXFileReference; fileEncoding = 4; lastKnownFileType = sourcecode.c.objc; name = CDTextboxControl.m; path = src/CDControl/CDThreeButtonControl/CDTextboxControl.m; sourceTree = "<group>"; };
		0E71D9F70963B15300FF6F7C /* CDYesNoMsgboxControl.m */ = {isa = PBXFileReference; fileEncoding = 4; lastKnownFileType = sourcecode.c.objc; name = CDYesNoMsgboxControl.m; path = src/CDControl/CDThreeButtonControl/CDMsgboxControl/CDYesNoMsgboxControl.m; sourceTree = "<group>"; };
		0E71DA050963B16100FF6F7C /* CocoaDialog_Prefix.pch */ = {isa = PBXFileReference; fileEncoding = 4; lastKnownFileType = sourcecode.c.h; name = CocoaDialog_Prefix.pch; path = src/CocoaDialog_Prefix.pch; sourceTree = "<group>"; };
		0E71DA060963B16100FF6F7C /* main.m */ = {isa = PBXFileReference; fileEncoding = 4; lastKnownFileType = sourcecode.c.objc; name = main.m; path = src/main.m; sourceTree = "<group>"; };
		0E71DA0A0963B19500FF6F7C /* cocoadialog.icns */ = {isa = PBXFileReference; lastKnownFileType = image.icns; name = cocoadialog.icns; path = Resources/cocoadialog.icns; sourceTree = "<group>"; };
		0E71DA0D0963B19500FF6F7C /* English */ = {isa = PBXFileReference; fileEncoding = 4; lastKnownFileType = text.plist.strings; name = English; path = InfoPlist.strings; sourceTree = "<group>"; };
		0E71DA120963B19500FF6F7C /* Info.plist */ = {isa = PBXFileReference; fileEncoding = 4; lastKnownFileType = text.plist.xml; name = Info.plist; path = Resources/Info.plist; sourceTree = "<group>"; };
		0E77E9B30963C46500D651A3 /* KABubbleWindow.m */ = {isa = PBXFileReference; fileEncoding = 4; lastKnownFileType = sourcecode.c.objc; name = KABubbleWindow.m; path = src/KABubbleWindow.m; sourceTree = "<group>"; };
		0E77E9B40963C46500D651A3 /* KABubbleWindowController.m */ = {isa = PBXFileReference; fileEncoding = 4; lastKnownFileType = sourcecode.c.objc; name = KABubbleWindowController.m; path = src/KABubbleWindowController.m; sourceTree = "<group>"; };
		0E77E9B50963C46500D651A3 /* KABubbleWindowView.m */ = {isa = PBXFileReference; fileEncoding = 4; lastKnownFileType = sourcecode.c.objc; name = KABubbleWindowView.m; path = src/KABubbleWindowView.m; sourceTree = "<group>"; };
		0E77E9B90963C47A00D651A3 /* KABubbleWindow.h */ = {isa = PBXFileReference; fileEncoding = 4; lastKnownFileType = sourcecode.c.h; name = KABubbleWindow.h; path = src/KABubbleWindow.h; sourceTree = "<group>"; };
		0E77E9BA0963C47A00D651A3 /* KABubbleWindowController.h */ = {isa = PBXFileReference; fileEncoding = 4; lastKnownFileType = sourcecode.c.h; name = KABubbleWindowController.h; path = src/KABubbleWindowController.h; sourceTree = "<group>"; };
		0E77E9BB0963C47A00D651A3 /* KABubbleWindowView.h */ = {isa = PBXFileReference; fileEncoding = 4; lastKnownFileType = sourcecode.c.h; name = KABubbleWindowView.h; path = src/KABubbleWindowView.h; sourceTree = "<group>"; };
		0E77EA480964265900D651A3 /* CDBubbleControl.m */ = {isa = PBXFileReference; fileEncoding = 4; lastKnownFileType = sourcecode.c.objc; name = CDBubbleControl.m; path = src/CDControl/CDBubbleControl.m; sourceTree = "<group>"; };
		0EC9B67C09B126D500956684 /* CDFileDialogControl.h */ = {isa = PBXFileReference; fileEncoding = 4; lastKnownFileType = sourcecode.c.h; name = CDFileDialogControl.h; path = src/CDControl/CDFileDialogControl.h; sourceTree = "<group>"; };
		0EC9B67D09B126D500956684 /* CDFileDialogControl.m */ = {isa = PBXFileReference; fileEncoding = 4; lastKnownFileType = sourcecode.c.objc; name = CDFileDialogControl.m; path = src/CDControl/CDFileDialogControl.m; sourceTree = "<group>"; };
		0EC9B68109B1273100956684 /* CDFileSaveControl.h */ = {isa = PBXFileReference; fileEncoding = 4; lastKnownFileType = sourcecode.c.h; name = CDFileSaveControl.h; path = src/CDControl/CDFileDialogControl/CDFileSaveControl.h; sourceTree = "<group>"; };
		0EC9B68309B1274100956684 /* CDFileSaveControl.m */ = {isa = PBXFileReference; fileEncoding = 4; lastKnownFileType = sourcecode.c.objc; name = CDFileSaveControl.m; path = src/CDControl/CDFileDialogControl/CDFileSaveControl.m; sourceTree = "<group>"; };
		0EE0B42A0968018A0070F494 /* CDBubbleControl.h */ = {isa = PBXFileReference; fileEncoding = 4; lastKnownFileType = sourcecode.c.h; name = CDBubbleControl.h; path = src/CDControl/CDBubbleControl.h; sourceTree = "<group>"; };
		0EE0B433096802B90070F494 /* CDThreeButtonControl.m */ = {isa = PBXFileReference; fileEncoding = 4; lastKnownFileType = sourcecode.c.objc; name = CDThreeButtonControl.m; path = src/CDControl/CDThreeButtonControl.m; sourceTree = "<group>"; };
		0EE0B435096802CF0070F494 /* CDThreeButtonControl.h */ = {isa = PBXFileReference; fileEncoding = 4; lastKnownFileType = sourcecode.c.h; name = CDThreeButtonControl.h; path = src/CDControl/CDThreeButtonControl.h; sourceTree = "<group>"; };
		1058C7A1FEA54F0111CA2CBB /* Cocoa.framework */ = {isa = PBXFileReference; lastKnownFileType = wrapper.framework; name = Cocoa.framework; path = /System/Library/Frameworks/Cocoa.framework; sourceTree = "<absolute>"; };
		29B97324FDCFA39411CA2CEA /* AppKit.framework */ = {isa = PBXFileReference; lastKnownFileType = wrapper.framework; name = AppKit.framework; path = /System/Library/Frameworks/AppKit.framework; sourceTree = "<absolute>"; };
		29B97325FDCFA39411CA2CEA /* Foundation.framework */ = {isa = PBXFileReference; lastKnownFileType = wrapper.framework; name = Foundation.framework; path = /System/Library/Frameworks/Foundation.framework; sourceTree = "<absolute>"; };
		89880CAC142AB364004E79A1 /* CDProgressbarInputHandlerDelegate.h */ = {isa = PBXFileReference; fileEncoding = 4; lastKnownFileType = sourcecode.c.h; name = CDProgressbarInputHandlerDelegate.h; path = src/CDProgressbarInputHandlerDelegate.h; sourceTree = "<group>"; };
		89BE1C9D14270A540030D0FF /* CDProgressbarInputHandler.m */ = {isa = PBXFileReference; fileEncoding = 4; lastKnownFileType = sourcecode.c.objc; name = CDProgressbarInputHandler.m; path = src/CDProgressbarInputHandler.m; sourceTree = "<group>"; };
		89BE1CA114270EC80030D0FF /* CDProgressbarInputHandler.h */ = {isa = PBXFileReference; fileEncoding = 4; lastKnownFileType = sourcecode.c.h; name = CDProgressbarInputHandler.h; path = src/CDProgressbarInputHandler.h; sourceTree = "<group>"; };
		8D1107320486CEB800E47090 /* cocoaDialog.app */ = {isa = PBXFileReference; explicitFileType = wrapper.application; includeInIndex = 0; path = cocoaDialog.app; sourceTree = BUILT_PRODUCTS_DIR; };
		A725536B142538DC004A7B4F /* English */ = {isa = PBXFileReference; lastKnownFileType = file.xib; name = English; path = Resources/English.lproj/MainMenu.xib; sourceTree = "<group>"; };
		A725536C142538DC004A7B4F /* Inputbox.xib */ = {isa = PBXFileReference; fileEncoding = 4; lastKnownFileType = file.xib; name = Inputbox.xib; path = Resources/Inputbox.xib; sourceTree = "<group>"; };
		A725536D142538DC004A7B4F /* Msgbox.xib */ = {isa = PBXFileReference; fileEncoding = 4; lastKnownFileType = file.xib; name = Msgbox.xib; path = Resources/Msgbox.xib; sourceTree = "<group>"; };
		A725536E142538DC004A7B4F /* PopUpButton.xib */ = {isa = PBXFileReference; fileEncoding = 4; lastKnownFileType = file.xib; name = PopUpButton.xib; path = Resources/PopUpButton.xib; sourceTree = "<group>"; };
		A725536F142538DC004A7B4F /* Progressbar.xib */ = {isa = PBXFileReference; fileEncoding = 4; lastKnownFileType = file.xib; name = Progressbar.xib; path = Resources/Progressbar.xib; sourceTree = "<group>"; };
		A7255370142538DC004A7B4F /* SecureInputbox.xib */ = {isa = PBXFileReference; fileEncoding = 4; lastKnownFileType = file.xib; name = SecureInputbox.xib; path = Resources/SecureInputbox.xib; sourceTree = "<group>"; };
		A7255371142538DC004A7B4F /* Textbox.xib */ = {isa = PBXFileReference; fileEncoding = 4; lastKnownFileType = file.xib; name = Textbox.xib; path = Resources/Textbox.xib; sourceTree = "<group>"; };
		A751C5D7142D084C0078437A /* CDRadioControl.h */ = {isa = PBXFileReference; fileEncoding = 4; lastKnownFileType = sourcecode.c.h; name = CDRadioControl.h; path = src/CDControl/CDThreeButtonControl/CDRadioControl.h; sourceTree = "<group>"; };
		A751C5D8142D084C0078437A /* CDRadioControl.m */ = {isa = PBXFileReference; fileEncoding = 4; lastKnownFileType = sourcecode.c.objc; name = CDRadioControl.m; path = src/CDControl/CDThreeButtonControl/CDRadioControl.m; sourceTree = "<group>"; };
		A786B448142989D500917E4D /* CDCheckboxControl.h */ = {isa = PBXFileReference; fileEncoding = 4; lastKnownFileType = sourcecode.c.h; name = CDCheckboxControl.h; path = src/CDControl/CDThreeButtonControl/CDCheckboxControl.h; sourceTree = "<group>"; };
		A786B449142989D500917E4D /* CDCheckboxControl.m */ = {isa = PBXFileReference; fileEncoding = 4; lastKnownFileType = sourcecode.c.objc; name = CDCheckboxControl.m; path = src/CDControl/CDThreeButtonControl/CDCheckboxControl.m; sourceTree = "<group>"; };
		A786B44D14298C6000917E4D /* tbc.xib */ = {isa = PBXFileReference; fileEncoding = 4; lastKnownFileType = file.xib; name = tbc.xib; path = Resources/tbc.xib; sourceTree = "<group>"; };
/* End PBXFileReference section */

/* Begin PBXFrameworksBuildPhase section */
		8D11072E0486CEB800E47090 /* Frameworks */ = {
			isa = PBXFrameworksBuildPhase;
			buildActionMask = 2147483647;
			files = (
				8D11072F0486CEB800E47090 /* Cocoa.framework in Frameworks */,
			);
			runOnlyForDeploymentPostprocessing = 0;
		};
/* End PBXFrameworksBuildPhase section */

/* Begin PBXGroup section */
		080E96DDFE201D6D7F000001 /* Classes */ = {
			isa = PBXGroup;
			children = (
				89BE1C9D14270A540030D0FF /* CDProgressbarInputHandler.m */,
				0E71D9EB0963B15300FF6F7C /* AppController.m */,
				0E77E9B30963C46500D651A3 /* KABubbleWindow.m */,
				0E77E9B40963C46500D651A3 /* KABubbleWindowController.m */,
				0E77E9B50963C46500D651A3 /* KABubbleWindowView.m */,
				0E71D9F10963B15300FF6F7C /* CDOptions.m */,
				0E71D9EC0963B15300FF6F7C /* CDControl.m */,
				0EE0B431096802440070F494 /* CDControl */,
			);
			name = Classes;
			sourceTree = "<group>";
		};
		0E91738E06299DF400E97C20 /* Headers */ = {
			isa = PBXGroup;
			children = (
				89BE1CA114270EC80030D0FF /* CDProgressbarInputHandler.h */,
				0E71D9CF0963B12800FF6F7C /* AppController.h */,
				0E71D9D50963B12800FF6F7C /* CDOptions.h */,
				0E77E9B90963C47A00D651A3 /* KABubbleWindow.h */,
				0E77E9BA0963C47A00D651A3 /* KABubbleWindowController.h */,
				0E77E9BB0963C47A00D651A3 /* KABubbleWindowView.h */,
				0E71D9D00963B12800FF6F7C /* CDControl.h */,
				0EE0B42F096801C70070F494 /* CDControl */,
				89880CAC142AB364004E79A1 /* CDProgressbarInputHandlerDelegate.h */,
			);
			name = Headers;
			sourceTree = "<group>";
		};
		0EC9B67B09B126BC00956684 /* CDFileDialogControl */ = {
			isa = PBXGroup;
			children = (
				0EC9B68309B1274100956684 /* CDFileSaveControl.m */,
				0E71D9ED0963B15300FF6F7C /* CDFileSelectControl.m */,
			);
			name = CDFileDialogControl;
			sourceTree = "<group>";
		};
		0EC9B68009B126DF00956684 /* CDFileDialogControl */ = {
			isa = PBXGroup;
			children = (
				0EC9B68109B1273100956684 /* CDFileSaveControl.h */,
				0E71D9D10963B12800FF6F7C /* CDFileSelectControl.h */,
			);
			name = CDFileDialogControl;
			sourceTree = "<group>";
		};
		0EE0B42F096801C70070F494 /* CDControl */ = {
			isa = PBXGroup;
			children = (
				0EC9B67C09B126D500956684 /* CDFileDialogControl.h */,
				0EC9B68009B126DF00956684 /* CDFileDialogControl */,
				0EE0B42A0968018A0070F494 /* CDBubbleControl.h */,
				0E71D9D70963B12800FF6F7C /* CDProgressbarControl.h */,
				0EE0B435096802CF0070F494 /* CDThreeButtonControl.h */,
				0EE0B430096801EA0070F494 /* CDThreeButtonControl */,
			);
			name = CDControl;
			sourceTree = "<group>";
		};
		0EE0B430096801EA0070F494 /* CDThreeButtonControl */ = {
			isa = PBXGroup;
			children = (
				0E71D9D20963B12800FF6F7C /* CDInputboxControl.h */,
				0E71D9D30963B12800FF6F7C /* CDMsgboxControl.h */,
				0E71D9D40963B12800FF6F7C /* CDOkMsgboxControl.h */,
				0E71D9D60963B12800FF6F7C /* CDPopUpButtonControl.h */,
				A786B448142989D500917E4D /* CDCheckboxControl.h */,
				A751C5D7142D084C0078437A /* CDRadioControl.h */,
				0E71D9D80963B12800FF6F7C /* CDStandardInputboxControl.h */,
				0E71D9D90963B12800FF6F7C /* CDStandardPopUpButtonControl.h */,
				0E71D9DA0963B12800FF6F7C /* CDTextboxControl.h */,
				0E71D9DB0963B12800FF6F7C /* CDYesNoMsgboxControl.h */,
			);
			name = CDThreeButtonControl;
			sourceTree = "<group>";
		};
		0EE0B431096802440070F494 /* CDControl */ = {
			isa = PBXGroup;
			children = (
				0EC9B67D09B126D500956684 /* CDFileDialogControl.m */,
				0EC9B67B09B126BC00956684 /* CDFileDialogControl */,
				0E77EA480964265900D651A3 /* CDBubbleControl.m */,
				0E71D9F30963B15300FF6F7C /* CDProgressbarControl.m */,
				0EE0B433096802B90070F494 /* CDThreeButtonControl.m */,
				0EE0B432096802740070F494 /* CDThreeButtonControl */,
			);
			name = CDControl;
			sourceTree = "<group>";
		};
		0EE0B432096802740070F494 /* CDThreeButtonControl */ = {
			isa = PBXGroup;
			children = (
				0E71D9EE0963B15300FF6F7C /* CDInputboxControl.m */,
				A786B449142989D500917E4D /* CDCheckboxControl.m */,
				A751C5D8142D084C0078437A /* CDRadioControl.m */,
				0E71D9EF0963B15300FF6F7C /* CDMsgboxControl.m */,
				0E71D9F00963B15300FF6F7C /* CDOkMsgboxControl.m */,
				0E71D9F20963B15300FF6F7C /* CDPopUpButtonControl.m */,
				0E71D9F40963B15300FF6F7C /* CDStandardInputboxControl.m */,
				0E71D9F50963B15300FF6F7C /* CDStandardPopUpButtonControl.m */,
				0E71D9F60963B15300FF6F7C /* CDTextboxControl.m */,
				0E71D9F70963B15300FF6F7C /* CDYesNoMsgboxControl.m */,
			);
			name = CDThreeButtonControl;
			sourceTree = "<group>";
		};
		1058C7A0FEA54F0111CA2CBB /* Linked Frameworks */ = {
			isa = PBXGroup;
			children = (
				1058C7A1FEA54F0111CA2CBB /* Cocoa.framework */,
			);
			name = "Linked Frameworks";
			sourceTree = "<group>";
		};
		1058C7A2FEA54F0111CA2CBB /* Other Frameworks */ = {
			isa = PBXGroup;
			children = (
				29B97325FDCFA39411CA2CEA /* Foundation.framework */,
				29B97324FDCFA39411CA2CEA /* AppKit.framework */,
			);
			name = "Other Frameworks";
			sourceTree = "<group>";
		};
		19C28FACFE9D520D11CA2CBB /* Products */ = {
			isa = PBXGroup;
			children = (
				8D1107320486CEB800E47090 /* cocoaDialog.app */,
			);
			name = Products;
			sourceTree = "<group>";
		};
		29B97314FDCFA39411CA2CEA /* CocoaDialog */ = {
			isa = PBXGroup;
			children = (
				0E53CECF0634B34100E74888 /* Changelog */,
				0E02DC1E062C16AC00C594F1 /* COPYING */,
				0E91738E06299DF400E97C20 /* Headers */,
				080E96DDFE201D6D7F000001 /* Classes */,
				29B97315FDCFA39411CA2CEA /* Other Sources */,
				29B97317FDCFA39411CA2CEA /* Resources */,
				29B97323FDCFA39411CA2CEA /* Frameworks */,
				19C28FACFE9D520D11CA2CBB /* Products */,
			);
			name = CocoaDialog;
			sourceTree = "<group>";
		};
		29B97315FDCFA39411CA2CEA /* Other Sources */ = {
			isa = PBXGroup;
			children = (
				0E71DA050963B16100FF6F7C /* CocoaDialog_Prefix.pch */,
				0E71DA060963B16100FF6F7C /* main.m */,
			);
			name = "Other Sources";
			sourceTree = "<group>";
		};
		29B97317FDCFA39411CA2CEA /* Resources */ = {
			isa = PBXGroup;
			children = (
				0E71DA0A0963B19500FF6F7C /* cocoadialog.icns */,
				0E71DA0C0963B19500FF6F7C /* InfoPlist.strings */,
				0E71DA120963B19500FF6F7C /* Info.plist */,
				A725536A142538DC004A7B4F /* MainMenu.xib */,
				A725536C142538DC004A7B4F /* Inputbox.xib */,
				A725536D142538DC004A7B4F /* Msgbox.xib */,
				A725536E142538DC004A7B4F /* PopUpButton.xib */,
				A725536F142538DC004A7B4F /* Progressbar.xib */,
				A7255370142538DC004A7B4F /* SecureInputbox.xib */,
				A7255371142538DC004A7B4F /* Textbox.xib */,
				A786B44D14298C6000917E4D /* tbc.xib */,
			);
			name = Resources;
			sourceTree = "<group>";
		};
		29B97323FDCFA39411CA2CEA /* Frameworks */ = {
			isa = PBXGroup;
			children = (
				1058C7A0FEA54F0111CA2CBB /* Linked Frameworks */,
				1058C7A2FEA54F0111CA2CBB /* Other Frameworks */,
			);
			name = Frameworks;
			sourceTree = "<group>";
		};
/* End PBXGroup section */

/* Begin PBXHeadersBuildPhase section */
		8D1107270486CEB800E47090 /* Headers */ = {
			isa = PBXHeadersBuildPhase;
			buildActionMask = 2147483647;
			files = (
				0E71D9DC0963B12800FF6F7C /* AppController.h in Headers */,
				0E71D9DD0963B12800FF6F7C /* CDControl.h in Headers */,
				0E71D9DE0963B12800FF6F7C /* CDFileSelectControl.h in Headers */,
				0E71D9DF0963B12800FF6F7C /* CDInputboxControl.h in Headers */,
				0E71D9E00963B12800FF6F7C /* CDMsgboxControl.h in Headers */,
				0E71D9E10963B12800FF6F7C /* CDOkMsgboxControl.h in Headers */,
				0E71D9E20963B12800FF6F7C /* CDOptions.h in Headers */,
				0E71D9E30963B12800FF6F7C /* CDPopUpButtonControl.h in Headers */,
				0E71D9E40963B12800FF6F7C /* CDProgressbarControl.h in Headers */,
				0E71D9E50963B12800FF6F7C /* CDStandardInputboxControl.h in Headers */,
				0E71D9E60963B12800FF6F7C /* CDStandardPopUpButtonControl.h in Headers */,
				0E71D9E70963B12800FF6F7C /* CDTextboxControl.h in Headers */,
				0E71D9E80963B12800FF6F7C /* CDYesNoMsgboxControl.h in Headers */,
				0E71DA070963B16100FF6F7C /* CocoaDialog_Prefix.pch in Headers */,
				0E77E9BC0963C47A00D651A3 /* KABubbleWindow.h in Headers */,
				0E77E9BD0963C47A00D651A3 /* KABubbleWindowController.h in Headers */,
				0E77E9BE0963C47A00D651A3 /* KABubbleWindowView.h in Headers */,
				0EE0B42B0968018A0070F494 /* CDBubbleControl.h in Headers */,
				0EE0B436096802CF0070F494 /* CDThreeButtonControl.h in Headers */,
				0EC9B67E09B126D500956684 /* CDFileDialogControl.h in Headers */,
				0EC9B68209B1273100956684 /* CDFileSaveControl.h in Headers */,
				89BE1CA214270EC80030D0FF /* CDProgressbarInputHandler.h in Headers */,
				A786B44A142989D500917E4D /* CDCheckboxControl.h in Headers */,
				89880CAD142AB364004E79A1 /* CDProgressbarInputHandlerDelegate.h in Headers */,
				A751C5D9142D084C0078437A /* CDRadioControl.h in Headers */,
			);
			runOnlyForDeploymentPostprocessing = 0;
		};
/* End PBXHeadersBuildPhase section */

/* Begin PBXNativeTarget section */
		8D1107260486CEB800E47090 /* cocoaDialog */ = {
			isa = PBXNativeTarget;
			buildConfigurationList = 0E77E99F0963C37C00D651A3 /* Build configuration list for PBXNativeTarget "cocoaDialog" */;
			buildPhases = (
				8D1107270486CEB800E47090 /* Headers */,
				8D1107290486CEB800E47090 /* Resources */,
				8D11072C0486CEB800E47090 /* Sources */,
				8D11072E0486CEB800E47090 /* Frameworks */,
			);
			buildRules = (
			);
			dependencies = (
			);
			name = cocoaDialog;
			productInstallPath = "$(HOME)/Applications";
			productName = CocoaDialog;
			productReference = 8D1107320486CEB800E47090 /* cocoaDialog.app */;
			productType = "com.apple.product-type.application";
		};
/* End PBXNativeTarget section */

/* Begin PBXProject section */
		29B97313FDCFA39411CA2CEA /* Project object */ = {
			isa = PBXProject;
			attributes = {
				LastUpgradeCheck = 0420;
			};
			buildConfigurationList = 0E77E9A30963C37C00D651A3 /* Build configuration list for PBXProject "CocoaDialog" */;
			compatibilityVersion = "Xcode 3.2";
			developmentRegion = English;
			hasScannedForEncodings = 1;
			knownRegions = (
				en,
				English,
			);
			mainGroup = 29B97314FDCFA39411CA2CEA /* CocoaDialog */;
			projectDirPath = "";
			projectRoot = "";
			targets = (
				8D1107260486CEB800E47090 /* cocoaDialog */,
			);
		};
/* End PBXProject section */

/* Begin PBXResourcesBuildPhase section */
		8D1107290486CEB800E47090 /* Resources */ = {
			isa = PBXResourcesBuildPhase;
			buildActionMask = 2147483647;
			files = (
				0E02DC1F062C16AC00C594F1 /* COPYING in Resources */,
				0E53CED00634B34100E74888 /* Changelog in Resources */,
				0E71DA1B0963B19500FF6F7C /* cocoadialog.icns in Resources */,
				0E71DA1C0963B19500FF6F7C /* InfoPlist.strings in Resources */,
				A7255372142538DC004A7B4F /* MainMenu.xib in Resources */,
				A7255373142538DC004A7B4F /* Inputbox.xib in Resources */,
				A7255374142538DC004A7B4F /* Msgbox.xib in Resources */,
				A7255375142538DC004A7B4F /* PopUpButton.xib in Resources */,
				A7255376142538DC004A7B4F /* Progressbar.xib in Resources */,
				A7255377142538DC004A7B4F /* SecureInputbox.xib in Resources */,
				A7255378142538DC004A7B4F /* Textbox.xib in Resources */,
				A786B44E14298C6000917E4D /* tbc.xib in Resources */,
			);
			runOnlyForDeploymentPostprocessing = 0;
		};
/* End PBXResourcesBuildPhase section */

/* Begin PBXSourcesBuildPhase section */
		8D11072C0486CEB800E47090 /* Sources */ = {
			isa = PBXSourcesBuildPhase;
			buildActionMask = 2147483647;
			files = (
				0E71D9F80963B15300FF6F7C /* AppController.m in Sources */,
				0E71D9F90963B15300FF6F7C /* CDControl.m in Sources */,
				0E71D9FA0963B15300FF6F7C /* CDFileSelectControl.m in Sources */,
				0E71D9FB0963B15300FF6F7C /* CDInputboxControl.m in Sources */,
				0E71D9FC0963B15300FF6F7C /* CDMsgboxControl.m in Sources */,
				0E71D9FD0963B15300FF6F7C /* CDOkMsgboxControl.m in Sources */,
				0E71D9FE0963B15300FF6F7C /* CDOptions.m in Sources */,
				0E71D9FF0963B15300FF6F7C /* CDPopUpButtonControl.m in Sources */,
				0E71DA000963B15300FF6F7C /* CDProgressbarControl.m in Sources */,
				0E71DA010963B15300FF6F7C /* CDStandardInputboxControl.m in Sources */,
				0E71DA020963B15300FF6F7C /* CDStandardPopUpButtonControl.m in Sources */,
				0E71DA030963B15300FF6F7C /* CDTextboxControl.m in Sources */,
				0E71DA040963B15300FF6F7C /* CDYesNoMsgboxControl.m in Sources */,
				0E71DA080963B16100FF6F7C /* main.m in Sources */,
				0E77E9B60963C46500D651A3 /* KABubbleWindow.m in Sources */,
				0E77E9B70963C46500D651A3 /* KABubbleWindowController.m in Sources */,
				0E77E9B80963C46500D651A3 /* KABubbleWindowView.m in Sources */,
				0E77EA490964265900D651A3 /* CDBubbleControl.m in Sources */,
				0EE0B434096802B90070F494 /* CDThreeButtonControl.m in Sources */,
				0EC9B67F09B126D500956684 /* CDFileDialogControl.m in Sources */,
				0EC9B68409B1274100956684 /* CDFileSaveControl.m in Sources */,
				89BE1C9F14270A540030D0FF /* CDProgressbarInputHandler.m in Sources */,
				A786B44B142989D500917E4D /* CDCheckboxControl.m in Sources */,
				A751C5DA142D084C0078437A /* CDRadioControl.m in Sources */,
			);
			runOnlyForDeploymentPostprocessing = 0;
		};
/* End PBXSourcesBuildPhase section */

/* Begin PBXVariantGroup section */
		0E71DA0C0963B19500FF6F7C /* InfoPlist.strings */ = {
			isa = PBXVariantGroup;
			children = (
				0E71DA0D0963B19500FF6F7C /* English */,
			);
			name = InfoPlist.strings;
			path = Resources/English.lproj;
			sourceTree = "<group>";
		};
		A725536A142538DC004A7B4F /* MainMenu.xib */ = {
			isa = PBXVariantGroup;
			children = (
				A725536B142538DC004A7B4F /* English */,
			);
			name = MainMenu.xib;
			sourceTree = "<group>";
		};
/* End PBXVariantGroup section */

/* Begin XCBuildConfiguration section */
		0E77E9A00963C37C00D651A3 /* Development */ = {
			isa = XCBuildConfiguration;
			buildSettings = {
				COPY_PHASE_STRIP = NO;
				DEBUGGING_SYMBOLS = YES;
				FRAMEWORK_SEARCH_PATHS = "";
				GCC_C_LANGUAGE_STANDARD = c99;
				GCC_DYNAMIC_NO_PIC = NO;
				GCC_ENABLE_TRIGRAPHS = NO;
				GCC_GENERATE_DEBUGGING_SYMBOLS = YES;
				GCC_OPTIMIZATION_LEVEL = 0;
				GCC_PRECOMPILE_PREFIX_HEADER = YES;
				GCC_PREFIX_HEADER = src/CocoaDialog_Prefix.pch;
				GCC_WARN_ABOUT_MISSING_PROTOTYPES = NO;
				GCC_WARN_FOUR_CHARACTER_CONSTANTS = NO;
				GCC_WARN_UNKNOWN_PRAGMAS = NO;
				HEADER_SEARCH_PATHS = "";
				INFOPLIST_FILE = Resources/Info.plist;
				INSTALL_PATH = "$(HOME)/Applications";
				LIBRARY_SEARCH_PATHS = "";
				MACOSX_DEPLOYMENT_TARGET = 10.4;
				OPTIMIZATION_CFLAGS = "-O0";
				OTHER_CFLAGS = "";
				OTHER_LDFLAGS = "";
				PRODUCT_NAME = cocoaDialog;
				SECTORDER_FLAGS = "";
				WARNING_CFLAGS = (
					"-Wmost",
					"-Wno-four-char-constants",
					"-Wno-unknown-pragmas",
				);
				WRAPPER_EXTENSION = app;
				ZERO_LINK = YES;
			};
			name = Development;
		};
		0E77E9A10963C37C00D651A3 /* Deployment */ = {
			isa = XCBuildConfiguration;
			buildSettings = {
				COPY_PHASE_STRIP = YES;
				FRAMEWORK_SEARCH_PATHS = "";
				GCC_C_LANGUAGE_STANDARD = c99;
				GCC_ENABLE_TRIGRAPHS = NO;
				GCC_GENERATE_DEBUGGING_SYMBOLS = NO;
				GCC_PRECOMPILE_PREFIX_HEADER = YES;
				GCC_PREFIX_HEADER = src/CocoaDialog_Prefix.pch;
				GCC_WARN_ABOUT_MISSING_PROTOTYPES = NO;
				GCC_WARN_FOUR_CHARACTER_CONSTANTS = NO;
				GCC_WARN_UNKNOWN_PRAGMAS = NO;
				HEADER_SEARCH_PATHS = "";
				INFOPLIST_FILE = Resources/Info.plist;
				INSTALL_PATH = "$(HOME)/Applications";
				LIBRARY_SEARCH_PATHS = "";
				MACOSX_DEPLOYMENT_TARGET = 10.4;
				OTHER_CFLAGS = "";
				OTHER_LDFLAGS = "";
				PRODUCT_NAME = cocoaDialog;
				SECTORDER_FLAGS = "";
				WARNING_CFLAGS = (
					"-Wmost",
					"-Wno-four-char-constants",
					"-Wno-unknown-pragmas",
				);
				WRAPPER_EXTENSION = app;
				ZERO_LINK = NO;
			};
			name = Deployment;
		};
		0E77E9A20963C37C00D651A3 /* Default */ = {
			isa = XCBuildConfiguration;
			buildSettings = {
				FRAMEWORK_SEARCH_PATHS = "";
				GCC_C_LANGUAGE_STANDARD = c99;
				GCC_ENABLE_TRIGRAPHS = NO;
				GCC_GENERATE_DEBUGGING_SYMBOLS = NO;
				GCC_PRECOMPILE_PREFIX_HEADER = YES;
				GCC_PREFIX_HEADER = src/CocoaDialog_Prefix.pch;
				GCC_WARN_ABOUT_MISSING_PROTOTYPES = NO;
				GCC_WARN_FOUR_CHARACTER_CONSTANTS = NO;
				GCC_WARN_UNKNOWN_PRAGMAS = NO;
				HEADER_SEARCH_PATHS = "";
				INFOPLIST_FILE = Resources/Info.plist;
				INSTALL_PATH = "$(HOME)/Applications";
				LIBRARY_SEARCH_PATHS = "";
				MACOSX_DEPLOYMENT_TARGET = 10.4;
				OTHER_CFLAGS = "";
				OTHER_LDFLAGS = "";
				PRODUCT_NAME = cocoaDialog;
				SECTORDER_FLAGS = "";
				WARNING_CFLAGS = (
					"-Wmost",
					"-Wno-four-char-constants",
					"-Wno-unknown-pragmas",
				);
				WRAPPER_EXTENSION = app;
			};
			name = Default;
		};
		0E77E9A40963C37C00D651A3 /* Development */ = {
			isa = XCBuildConfiguration;
			buildSettings = {
				HEADER_SEARCH_PATHS = CDControl;
				MACOSX_DEPLOYMENT_TARGET = 10.4;
				SDKROOT = macosx10.6;
			};
			name = Development;
		};
		0E77E9A50963C37C00D651A3 /* Deployment */ = {
			isa = XCBuildConfiguration;
			buildSettings = {
				ARCHS = (
					ppc,
					i386,
					x86_64,
				);
				HEADER_SEARCH_PATHS = CDControl;
				MACOSX_DEPLOYMENT_TARGET = 10.4;
				SDKROOT = macosx10.6;
				USER_HEADER_SEARCH_PATHS = "";
			};
			name = Deployment;
		};
		0E77E9A60963C37C00D651A3 /* Default */ = {
			isa = XCBuildConfiguration;
			buildSettings = {
				HEADER_SEARCH_PATHS = CDControl;
				MACOSX_DEPLOYMENT_TARGET = 10.4;
				SDKROOT = macosx10.6;
			};
			name = Default;
		};
/* End XCBuildConfiguration section */

/* Begin XCConfigurationList section */
		0E77E99F0963C37C00D651A3 /* Build configuration list for PBXNativeTarget "cocoaDialog" */ = {
			isa = XCConfigurationList;
			buildConfigurations = (
				0E77E9A00963C37C00D651A3 /* Development */,
				0E77E9A10963C37C00D651A3 /* Deployment */,
				0E77E9A20963C37C00D651A3 /* Default */,
			);
			defaultConfigurationIsVisible = 0;
			defaultConfigurationName = Default;
		};
		0E77E9A30963C37C00D651A3 /* Build configuration list for PBXProject "CocoaDialog" */ = {
			isa = XCConfigurationList;
			buildConfigurations = (
				0E77E9A40963C37C00D651A3 /* Development */,
				0E77E9A50963C37C00D651A3 /* Deployment */,
				0E77E9A60963C37C00D651A3 /* Default */,
			);
			defaultConfigurationIsVisible = 0;
			defaultConfigurationName = Default;
		};
/* End XCConfigurationList section */
	};
	rootObject = 29B97313FDCFA39411CA2CEA /* Project object */;
}
